// !$*UTF8*$!
{
	archiveVersion = 1;
	classes = {
	};
	objectVersion = 55;
	objects = {

/* Begin PBXBuildFile section */
		9076288D27E0D3F200D00892 /* GetDeployResult.m in Sources */ = {isa = PBXBuildFile; fileRef = 9076288C27E0D3F200D00892 /* GetDeployResult.m */; };
		9076289027E0D43B00D00892 /* Deploy.m in Sources */ = {isa = PBXBuildFile; fileRef = 9076288F27E0D43B00D00892 /* Deploy.m */; };
		9076289327E0D53500D00892 /* DeployHeader.m in Sources */ = {isa = PBXBuildFile; fileRef = 9076289227E0D53500D00892 /* DeployHeader.m */; };
		9076289727E0D75400D00892 /* ExecutableDeployItem_ModuleBytes.m in Sources */ = {isa = PBXBuildFile; fileRef = 9076289627E0D75400D00892 /* ExecutableDeployItem_ModuleBytes.m */; };
		9076289A27E0D90200D00892 /* ExecutableDeployItem_StoredContractByHash.m in Sources */ = {isa = PBXBuildFile; fileRef = 9076289927E0D90200D00892 /* ExecutableDeployItem_StoredContractByHash.m */; };
		9076289D27E0D98500D00892 /* ExecutableDeployItem_StoredContractByName.m in Sources */ = {isa = PBXBuildFile; fileRef = 9076289C27E0D98500D00892 /* ExecutableDeployItem_StoredContractByName.m */; };
		907628A027E0D9E200D00892 /* ExecutableDeployItem_StoredVersionedContractByHash.m in Sources */ = {isa = PBXBuildFile; fileRef = 9076289F27E0D9E200D00892 /* ExecutableDeployItem_StoredVersionedContractByHash.m */; };
		907628A327E0DA2E00D00892 /* ExecutableDeployItem_StoredVersionedContractByName.m in Sources */ = {isa = PBXBuildFile; fileRef = 907628A227E0DA2E00D00892 /* ExecutableDeployItem_StoredVersionedContractByName.m */; };
		907628A627E0DAF300D00892 /* ExecutableDeployItem_Transfer.m in Sources */ = {isa = PBXBuildFile; fileRef = 907628A527E0DAF300D00892 /* ExecutableDeployItem_Transfer.m */; };
		907628A927E0DE3300D00892 /* NamedArg.m in Sources */ = {isa = PBXBuildFile; fileRef = 907628A827E0DE3300D00892 /* NamedArg.m */; };
		907628AB27E0E19D00D00892 /* GetDeployTest.m in Sources */ = {isa = PBXBuildFile; fileRef = 907628AA27E0E19D00D00892 /* GetDeployTest.m */; };
		90769BFC27E55EF9003552D8 /* Transform_Failure.m in Sources */ = {isa = PBXBuildFile; fileRef = 90769BFB27E55EF9003552D8 /* Transform_Failure.m */; };
		90769BFE27E56032003552D8 /* Transform_AddKeys.m in Sources */ = {isa = PBXBuildFile; fileRef = 90769BFD27E56032003552D8 /* Transform_AddKeys.m */; };
		90769C0027E56173003552D8 /* NamedKey.m in Sources */ = {isa = PBXBuildFile; fileRef = 90769BFF27E56173003552D8 /* NamedKey.m */; };
		90769C0227E58C64003552D8 /* Transform_AddNumber.m in Sources */ = {isa = PBXBuildFile; fileRef = 90769C0127E58C64003552D8 /* Transform_AddNumber.m */; };
		90769C0427E5917B003552D8 /* Transform_WriteBid.m in Sources */ = {isa = PBXBuildFile; fileRef = 90769C0327E5917B003552D8 /* Transform_WriteBid.m */; };
		90769C0727E5957A003552D8 /* VestingSchedule.m in Sources */ = {isa = PBXBuildFile; fileRef = 90769C0627E5957A003552D8 /* VestingSchedule.m */; };
		907978F027DC963E00B69B4E /* GetPeerList.h in Headers */ = {isa = PBXBuildFile; fileRef = 907978EA27DC963E00B69B4E /* GetPeerList.h */; };
		907978F127DC963E00B69B4E /* GetPeerList.m in Sources */ = {isa = PBXBuildFile; fileRef = 907978EB27DC963E00B69B4E /* GetPeerList.m */; };
		907978F227DC963E00B69B4E /* GetPeerResult.h in Headers */ = {isa = PBXBuildFile; fileRef = 907978EC27DC963E00B69B4E /* GetPeerResult.h */; };
		907978F327DC963E00B69B4E /* GetPeerResult.m in Sources */ = {isa = PBXBuildFile; fileRef = 907978ED27DC963E00B69B4E /* GetPeerResult.m */; };
		907978F427DC963E00B69B4E /* PeerEntry.h in Headers */ = {isa = PBXBuildFile; fileRef = 907978EE27DC963E00B69B4E /* PeerEntry.h */; };
		907978F527DC963E00B69B4E /* PeerEntry.m in Sources */ = {isa = PBXBuildFile; fileRef = 907978EF27DC963E00B69B4E /* PeerEntry.m */; };
		907978FE27DC966100B69B4E /* ConstValues.h in Headers */ = {isa = PBXBuildFile; fileRef = 907978F627DC966100B69B4E /* ConstValues.h */; };
		907978FF27DC966100B69B4E /* CasperErrorMessage.m in Sources */ = {isa = PBXBuildFile; fileRef = 907978F727DC966100B69B4E /* CasperErrorMessage.m */; };
		9079790027DC966100B69B4E /* BlockIdentifider.m in Sources */ = {isa = PBXBuildFile; fileRef = 907978F827DC966100B69B4E /* BlockIdentifider.m */; };
		9079790127DC966100B69B4E /* ConstValues.m in Sources */ = {isa = PBXBuildFile; fileRef = 907978F927DC966100B69B4E /* ConstValues.m */; };
		9079790227DC966100B69B4E /* CasperErrorMessage.h in Headers */ = {isa = PBXBuildFile; fileRef = 907978FA27DC966100B69B4E /* CasperErrorMessage.h */; };
		9079790327DC966100B69B4E /* BlockIdentifier.h in Headers */ = {isa = PBXBuildFile; fileRef = 907978FB27DC966100B69B4E /* BlockIdentifier.h */; };
		9079790427DC966100B69B4E /* GetStateRootHash.h in Headers */ = {isa = PBXBuildFile; fileRef = 907978FC27DC966100B69B4E /* GetStateRootHash.h */; };
		9079790527DC966100B69B4E /* GetStateRootHash.m in Sources */ = {isa = PBXBuildFile; fileRef = 907978FD27DC966100B69B4E /* GetStateRootHash.m */; };
		9079790A27DC96AA00B69B4E /* HttpHandler.m in Sources */ = {isa = PBXBuildFile; fileRef = 9079790627DC96AA00B69B4E /* HttpHandler.m */; };
		9079790B27DC96AA00B69B4E /* CasperSDK.h in Headers */ = {isa = PBXBuildFile; fileRef = 9079790727DC96AA00B69B4E /* CasperSDK.h */; };
		9079790C27DC96AA00B69B4E /* HttpHandler.h in Headers */ = {isa = PBXBuildFile; fileRef = 9079790827DC96AA00B69B4E /* HttpHandler.h */; };
		9079790D27DC96AA00B69B4E /* CasperSDK.m in Sources */ = {isa = PBXBuildFile; fileRef = 9079790927DC96AA00B69B4E /* CasperSDK.m */; };
		9079791027DC96BB00B69B4E /* GetStateRootHashTest.m in Sources */ = {isa = PBXBuildFile; fileRef = 9079790E27DC96BB00B69B4E /* GetStateRootHashTest.m */; };
		9079791127DC96BB00B69B4E /* CasperSDKObjectiveCTests.m in Sources */ = {isa = PBXBuildFile; fileRef = 9079790F27DC96BB00B69B4E /* CasperSDKObjectiveCTests.m */; };
		9079791527DCB1CE00B69B4E /* GetPeerResultTest.m in Sources */ = {isa = PBXBuildFile; fileRef = 9079791427DCB1CE00B69B4E /* GetPeerResultTest.m */; };
		9079791927DCBD0900B69B4E /* GetStatusResult.m in Sources */ = {isa = PBXBuildFile; fileRef = 9079791827DCBD0900B69B4E /* GetStatusResult.m */; };
		9079791C27DCBE8300B69B4E /* PeersMap.m in Sources */ = {isa = PBXBuildFile; fileRef = 9079791B27DCBE8300B69B4E /* PeersMap.m */; };
		908A6A3F27E222AF00D850AD /* CLParsedTuple1.m in Sources */ = {isa = PBXBuildFile; fileRef = 908A6A3E27E222AF00D850AD /* CLParsedTuple1.m */; };
		908A6A4227E2236500D850AD /* CLParsedPU512.m in Sources */ = {isa = PBXBuildFile; fileRef = 908A6A4127E2236500D850AD /* CLParsedPU512.m */; };
		908A6A4527E2238E00D850AD /* CLParsedPU256.m in Sources */ = {isa = PBXBuildFile; fileRef = 908A6A4427E2238E00D850AD /* CLParsedPU256.m */; };
		908A6A4827E223A400D850AD /* CLParsedPU64.m in Sources */ = {isa = PBXBuildFile; fileRef = 908A6A4727E223A400D850AD /* CLParsedPU64.m */; };
		908A6A4B27E2261300D850AD /* CLParsedPInt32.m in Sources */ = {isa = PBXBuildFile; fileRef = 908A6A4A27E2261300D850AD /* CLParsedPInt32.m */; };
		908A6A4E27E2281B00D850AD /* JsonExecutionResult.m in Sources */ = {isa = PBXBuildFile; fileRef = 908A6A4D27E2281B00D850AD /* JsonExecutionResult.m */; };
		908A6A5127E229C800D850AD /* ExecutionResult_Failure.m in Sources */ = {isa = PBXBuildFile; fileRef = 908A6A5027E229C800D850AD /* ExecutionResult_Failure.m */; };
		908A6A5427E229EF00D850AD /* ExecutionResult_Success.m in Sources */ = {isa = PBXBuildFile; fileRef = 908A6A5327E229EF00D850AD /* ExecutionResult_Success.m */; };
		908A6A5727E22BD600D850AD /* ExecutableDeployItem.m in Sources */ = {isa = PBXBuildFile; fileRef = 908A6A5627E22BD600D850AD /* ExecutableDeployItem.m */; };
		908A6A5A27E23A9600D850AD /* GetDeployParams.m in Sources */ = {isa = PBXBuildFile; fileRef = 908A6A5927E23A9600D850AD /* GetDeployParams.m */; };
		908E6D3627E2D8F9003C17CC /* RuntimeArgs.m in Sources */ = {isa = PBXBuildFile; fileRef = 908E6D3527E2D8F9003C17CC /* RuntimeArgs.m */; };
		9092A24C27DF393B00D0361C /* GetBlockResult.m in Sources */ = {isa = PBXBuildFile; fileRef = 9092A24B27DF393B00D0361C /* GetBlockResult.m */; };
		9092A24F27DF398700D0361C /* JsonBlock.m in Sources */ = {isa = PBXBuildFile; fileRef = 9092A24E27DF398700D0361C /* JsonBlock.m */; };
		9092A25227DF3A6100D0361C /* JsonBlockHeader.m in Sources */ = {isa = PBXBuildFile; fileRef = 9092A25127DF3A6100D0361C /* JsonBlockHeader.m */; };
		9092A25527DF3B5500D0361C /* JsonEraEnd.m in Sources */ = {isa = PBXBuildFile; fileRef = 9092A25427DF3B5500D0361C /* JsonEraEnd.m */; };
		9092A25827DF3BAC00D0361C /* JsonEraReport.m in Sources */ = {isa = PBXBuildFile; fileRef = 9092A25727DF3BAC00D0361C /* JsonEraReport.m */; };
		9092A25B27DF3C7300D0361C /* JsonBlockBody.m in Sources */ = {isa = PBXBuildFile; fileRef = 9092A25A27DF3C7300D0361C /* JsonBlockBody.m */; };
		9092A25E27DF3CD900D0361C /* JsonProof.m in Sources */ = {isa = PBXBuildFile; fileRef = 9092A25D27DF3CD900D0361C /* JsonProof.m */; };
		9092A26127DF3FED00D0361C /* ValidatorWeight.m in Sources */ = {isa = PBXBuildFile; fileRef = 9092A26027DF3FED00D0361C /* ValidatorWeight.m */; };
		9092A26427DF450C00D0361C /* Reward.m in Sources */ = {isa = PBXBuildFile; fileRef = 9092A26327DF450C00D0361C /* Reward.m */; };
		9095581A27D833D0001AE414 /* CasperSDKObjectiveC.docc in Sources */ = {isa = PBXBuildFile; fileRef = 9095581927D833D0001AE414 /* CasperSDKObjectiveC.docc */; };
		9095582027D833D0001AE414 /* CasperSDKObjectiveC.framework in Frameworks */ = {isa = PBXBuildFile; fileRef = 9095581527D833D0001AE414 /* CasperSDKObjectiveC.framework */; };
		9095582627D833D0001AE414 /* CasperSDKObjectiveC.h in Headers */ = {isa = PBXBuildFile; fileRef = 9095581827D833D0001AE414 /* CasperSDKObjectiveC.h */; settings = {ATTRIBUTES = (Public, ); }; };
		90955F1027E14C0E00F0FE7A /* CLValue.m in Sources */ = {isa = PBXBuildFile; fileRef = 90955F0F27E14C0E00F0FE7A /* CLValue.m */; };
		90955F1327E14C6900F0FE7A /* CLType.m in Sources */ = {isa = PBXBuildFile; fileRef = 90955F1227E14C6900F0FE7A /* CLType.m */; };
		90955F1627E14CCE00F0FE7A /* CLTypeList.m in Sources */ = {isa = PBXBuildFile; fileRef = 90955F1527E14CCE00F0FE7A /* CLTypeList.m */; };
		90955F1927E14FD200F0FE7A /* CLTypeMap.m in Sources */ = {isa = PBXBuildFile; fileRef = 90955F1827E14FD200F0FE7A /* CLTypeMap.m */; };
		90955F1D27E15B4B00F0FE7A /* CLTypeOption.m in Sources */ = {isa = PBXBuildFile; fileRef = 90955F1C27E15B4B00F0FE7A /* CLTypeOption.m */; };
		90955F2127E15CA000F0FE7A /* CLParsed.m in Sources */ = {isa = PBXBuildFile; fileRef = 90955F2027E15CA000F0FE7A /* CLParsed.m */; };
		90955F2427E15F6E00F0FE7A /* CLParsedPBool.m in Sources */ = {isa = PBXBuildFile; fileRef = 90955F2327E15F6E00F0FE7A /* CLParsedPBool.m */; };
		90955F2727E1680900F0FE7A /* CLParsedList.m in Sources */ = {isa = PBXBuildFile; fileRef = 90955F2627E1680900F0FE7A /* CLParsedList.m */; };
		90955F2A27E1A50A00F0FE7A /* CLParsedPString.m in Sources */ = {isa = PBXBuildFile; fileRef = 90955F2927E1A50A00F0FE7A /* CLParsedPString.m */; };
		90955F2D27E1A57400F0FE7A /* CLParsedMap.m in Sources */ = {isa = PBXBuildFile; fileRef = 90955F2C27E1A57400F0FE7A /* CLParsedMap.m */; };
		9095D96C27DDEE7A00D58545 /* MinimalBlockInfo.m in Sources */ = {isa = PBXBuildFile; fileRef = 9095D96B27DDEE7A00D58545 /* MinimalBlockInfo.m */; };
		9095D96F27DDF2CA00D58545 /* ActivationPoint.m in Sources */ = {isa = PBXBuildFile; fileRef = 9095D96E27DDF2CA00D58545 /* ActivationPoint.m */; };
		9095D97227DDF59400D58545 /* NextUpgrade.m in Sources */ = {isa = PBXBuildFile; fileRef = 9095D97127DDF59400D58545 /* NextUpgrade.m */; };
		9095D97427DDFB0400D58545 /* GetStatusTest.m in Sources */ = {isa = PBXBuildFile; fileRef = 9095D97327DDFB0400D58545 /* GetStatusTest.m */; };
		9095D97827DE0E5000D58545 /* GetBlockTransfersResult.m in Sources */ = {isa = PBXBuildFile; fileRef = 9095D97727DE0E5000D58545 /* GetBlockTransfersResult.m */; };
		9095D97B27DE0F3600D58545 /* Transfer.m in Sources */ = {isa = PBXBuildFile; fileRef = 9095D97A27DE0F3600D58545 /* Transfer.m */; };
		9095D97F27DE0F9900D58545 /* U128Class.m in Sources */ = {isa = PBXBuildFile; fileRef = 9095D97E27DE0F9900D58545 /* U128Class.m */; };
		9095D98227DE0FAD00D58545 /* U256Class.m in Sources */ = {isa = PBXBuildFile; fileRef = 9095D98127DE0FAD00D58545 /* U256Class.m */; };
		9095D98527DE0FC000D58545 /* U512Class.m in Sources */ = {isa = PBXBuildFile; fileRef = 9095D98427DE0FC000D58545 /* U512Class.m */; };
		9095D98827DE111500D58545 /* BigNumber.m in Sources */ = {isa = PBXBuildFile; fileRef = 9095D98727DE111500D58545 /* BigNumber.m */; };
		9095D98A27DE3E1E00D58545 /* GetBlockTransfersResultTest.m in Sources */ = {isa = PBXBuildFile; fileRef = 9095D98927DE3E1E00D58545 /* GetBlockTransfersResultTest.m */; };
		9096E4A927E00A4B0076E634 /* GetBlockTest.m in Sources */ = {isa = PBXBuildFile; fileRef = 9096E4A827E00A4B0076E634 /* GetBlockTest.m */; };
		9096E4AD27E084890076E634 /* Utils.m in Sources */ = {isa = PBXBuildFile; fileRef = 9096E4AC27E084890076E634 /* Utils.m */; };
		90CAF5BA27E4A47600AAA913 /* ExecutionEffect.m in Sources */ = {isa = PBXBuildFile; fileRef = 90CAF5B927E4A47600AAA913 /* ExecutionEffect.m */; };
		90CAF5BD27E4A55A00AAA913 /* Operation.m in Sources */ = {isa = PBXBuildFile; fileRef = 90CAF5BC27E4A55A00AAA913 /* Operation.m */; };
		90CAF5C027E4A65300AAA913 /* TransformEntry.m in Sources */ = {isa = PBXBuildFile; fileRef = 90CAF5BF27E4A65300AAA913 /* TransformEntry.m */; };
		90CAF5C427E4C7E700AAA913 /* Transform_RawString.m in Sources */ = {isa = PBXBuildFile; fileRef = 90CAF5C327E4C7E700AAA913 /* Transform_RawString.m */; };
		90CAF5C727E4C85500AAA913 /* Transform_WriteCLValue.m in Sources */ = {isa = PBXBuildFile; fileRef = 90CAF5C627E4C85500AAA913 /* Transform_WriteCLValue.m */; };
		90CAF5CA27E4CBBD00AAA913 /* Transform_WriteAccount.m in Sources */ = {isa = PBXBuildFile; fileRef = 90CAF5C927E4CBBD00AAA913 /* Transform_WriteAccount.m */; };
		90CAF5CD27E4CE0600AAA913 /* Transform_WriteDeployInfo.m in Sources */ = {isa = PBXBuildFile; fileRef = 90CAF5CC27E4CE0600AAA913 /* Transform_WriteDeployInfo.m */; };
		90CAF5D027E4CF2C00AAA913 /* DeployInfo.m in Sources */ = {isa = PBXBuildFile; fileRef = 90CAF5CF27E4CF2C00AAA913 /* DeployInfo.m */; };
/* End PBXBuildFile section */

/* Begin PBXContainerItemProxy section */
		9095582127D833D0001AE414 /* PBXContainerItemProxy */ = {
			isa = PBXContainerItemProxy;
			containerPortal = 9095580C27D833D0001AE414 /* Project object */;
			proxyType = 1;
			remoteGlobalIDString = 9095581427D833D0001AE414;
			remoteInfo = CasperSDKObjectiveC;
		};
/* End PBXContainerItemProxy section */

/* Begin PBXFileReference section */
		9076288B27E0D3E800D00892 /* GetDeployResult.h */ = {isa = PBXFileReference; lastKnownFileType = sourcecode.c.h; path = GetDeployResult.h; sourceTree = "<group>"; };
		9076288C27E0D3F200D00892 /* GetDeployResult.m */ = {isa = PBXFileReference; lastKnownFileType = sourcecode.c.objc; path = GetDeployResult.m; sourceTree = "<group>"; };
		9076288E27E0D43300D00892 /* Deploy.h */ = {isa = PBXFileReference; lastKnownFileType = sourcecode.c.h; path = Deploy.h; sourceTree = "<group>"; };
		9076288F27E0D43B00D00892 /* Deploy.m */ = {isa = PBXFileReference; lastKnownFileType = sourcecode.c.objc; path = Deploy.m; sourceTree = "<group>"; };
		9076289127E0D52B00D00892 /* DeployHeader.h */ = {isa = PBXFileReference; lastKnownFileType = sourcecode.c.h; path = DeployHeader.h; sourceTree = "<group>"; };
		9076289227E0D53500D00892 /* DeployHeader.m */ = {isa = PBXFileReference; lastKnownFileType = sourcecode.c.objc; path = DeployHeader.m; sourceTree = "<group>"; };
		9076289527E0D66300D00892 /* ExecutableDeployItem_ModuleBytes.h */ = {isa = PBXFileReference; lastKnownFileType = sourcecode.c.h; path = ExecutableDeployItem_ModuleBytes.h; sourceTree = "<group>"; };
		9076289627E0D75400D00892 /* ExecutableDeployItem_ModuleBytes.m */ = {isa = PBXFileReference; lastKnownFileType = sourcecode.c.objc; path = ExecutableDeployItem_ModuleBytes.m; sourceTree = "<group>"; };
		9076289827E0D7C200D00892 /* ExecutableDeployItem_StoredContractByHash.h */ = {isa = PBXFileReference; lastKnownFileType = sourcecode.c.h; path = ExecutableDeployItem_StoredContractByHash.h; sourceTree = "<group>"; };
		9076289927E0D90200D00892 /* ExecutableDeployItem_StoredContractByHash.m */ = {isa = PBXFileReference; lastKnownFileType = sourcecode.c.objc; path = ExecutableDeployItem_StoredContractByHash.m; sourceTree = "<group>"; };
		9076289B27E0D95200D00892 /* ExecutableDeployItem_StoredContractByName.h */ = {isa = PBXFileReference; lastKnownFileType = sourcecode.c.h; path = ExecutableDeployItem_StoredContractByName.h; sourceTree = "<group>"; };
		9076289C27E0D98500D00892 /* ExecutableDeployItem_StoredContractByName.m */ = {isa = PBXFileReference; lastKnownFileType = sourcecode.c.objc; path = ExecutableDeployItem_StoredContractByName.m; sourceTree = "<group>"; };
		9076289E27E0D9BF00D00892 /* ExecutableDeployItem_StoredVersionedContractByHash.h */ = {isa = PBXFileReference; lastKnownFileType = sourcecode.c.h; path = ExecutableDeployItem_StoredVersionedContractByHash.h; sourceTree = "<group>"; };
		9076289F27E0D9E200D00892 /* ExecutableDeployItem_StoredVersionedContractByHash.m */ = {isa = PBXFileReference; lastKnownFileType = sourcecode.c.objc; path = ExecutableDeployItem_StoredVersionedContractByHash.m; sourceTree = "<group>"; };
		907628A127E0DA1100D00892 /* ExecutableDeployItem_StoredVersionedContractByName.h */ = {isa = PBXFileReference; lastKnownFileType = sourcecode.c.h; path = ExecutableDeployItem_StoredVersionedContractByName.h; sourceTree = "<group>"; };
		907628A227E0DA2E00D00892 /* ExecutableDeployItem_StoredVersionedContractByName.m */ = {isa = PBXFileReference; lastKnownFileType = sourcecode.c.objc; path = ExecutableDeployItem_StoredVersionedContractByName.m; sourceTree = "<group>"; };
		907628A427E0DAE000D00892 /* ExecutableDeployItem_Transfer.h */ = {isa = PBXFileReference; lastKnownFileType = sourcecode.c.h; path = ExecutableDeployItem_Transfer.h; sourceTree = "<group>"; };
		907628A527E0DAF300D00892 /* ExecutableDeployItem_Transfer.m */ = {isa = PBXFileReference; lastKnownFileType = sourcecode.c.objc; path = ExecutableDeployItem_Transfer.m; sourceTree = "<group>"; };
		907628A727E0DE2100D00892 /* NamedArg.h */ = {isa = PBXFileReference; lastKnownFileType = sourcecode.c.h; path = NamedArg.h; sourceTree = "<group>"; };
		907628A827E0DE3300D00892 /* NamedArg.m */ = {isa = PBXFileReference; lastKnownFileType = sourcecode.c.objc; path = NamedArg.m; sourceTree = "<group>"; };
		907628AA27E0E19D00D00892 /* GetDeployTest.m */ = {isa = PBXFileReference; lastKnownFileType = sourcecode.c.objc; path = GetDeployTest.m; sourceTree = "<group>"; };
		90769BFA27E55EA6003552D8 /* Transform_Failure.h */ = {isa = PBXFileReference; lastKnownFileType = sourcecode.c.h; path = Transform_Failure.h; sourceTree = "<group>"; };
		90769BFB27E55EF9003552D8 /* Transform_Failure.m */ = {isa = PBXFileReference; lastKnownFileType = sourcecode.c.objc; path = Transform_Failure.m; sourceTree = "<group>"; };
		90769BFD27E56032003552D8 /* Transform_AddKeys.m */ = {isa = PBXFileReference; lastKnownFileType = sourcecode.c.objc; path = Transform_AddKeys.m; sourceTree = "<group>"; };
		90769BFF27E56173003552D8 /* NamedKey.m */ = {isa = PBXFileReference; lastKnownFileType = sourcecode.c.objc; path = NamedKey.m; sourceTree = "<group>"; };
		90769C0127E58C64003552D8 /* Transform_AddNumber.m */ = {isa = PBXFileReference; lastKnownFileType = sourcecode.c.objc; path = Transform_AddNumber.m; sourceTree = "<group>"; };
		90769C0327E5917B003552D8 /* Transform_WriteBid.m */ = {isa = PBXFileReference; lastKnownFileType = sourcecode.c.objc; path = Transform_WriteBid.m; sourceTree = "<group>"; };
		90769C0527E59473003552D8 /* VestingSchedule.h */ = {isa = PBXFileReference; lastKnownFileType = sourcecode.c.h; path = VestingSchedule.h; sourceTree = "<group>"; };
		90769C0627E5957A003552D8 /* VestingSchedule.m */ = {isa = PBXFileReference; lastKnownFileType = sourcecode.c.objc; path = VestingSchedule.m; sourceTree = "<group>"; };
		907978EA27DC963E00B69B4E /* GetPeerList.h */ = {isa = PBXFileReference; fileEncoding = 4; lastKnownFileType = sourcecode.c.h; path = GetPeerList.h; sourceTree = "<group>"; };
		907978EB27DC963E00B69B4E /* GetPeerList.m */ = {isa = PBXFileReference; fileEncoding = 4; lastKnownFileType = sourcecode.c.objc; path = GetPeerList.m; sourceTree = "<group>"; };
		907978EC27DC963E00B69B4E /* GetPeerResult.h */ = {isa = PBXFileReference; fileEncoding = 4; lastKnownFileType = sourcecode.c.h; path = GetPeerResult.h; sourceTree = "<group>"; };
		907978ED27DC963E00B69B4E /* GetPeerResult.m */ = {isa = PBXFileReference; fileEncoding = 4; lastKnownFileType = sourcecode.c.objc; path = GetPeerResult.m; sourceTree = "<group>"; };
		907978EE27DC963E00B69B4E /* PeerEntry.h */ = {isa = PBXFileReference; fileEncoding = 4; lastKnownFileType = sourcecode.c.h; path = PeerEntry.h; sourceTree = "<group>"; };
		907978EF27DC963E00B69B4E /* PeerEntry.m */ = {isa = PBXFileReference; fileEncoding = 4; lastKnownFileType = sourcecode.c.objc; path = PeerEntry.m; sourceTree = "<group>"; };
		907978F627DC966100B69B4E /* ConstValues.h */ = {isa = PBXFileReference; fileEncoding = 4; lastKnownFileType = sourcecode.c.h; path = ConstValues.h; sourceTree = "<group>"; };
		907978F727DC966100B69B4E /* CasperErrorMessage.m */ = {isa = PBXFileReference; fileEncoding = 4; lastKnownFileType = sourcecode.c.objc; path = CasperErrorMessage.m; sourceTree = "<group>"; };
		907978F827DC966100B69B4E /* BlockIdentifider.m */ = {isa = PBXFileReference; fileEncoding = 4; lastKnownFileType = sourcecode.c.objc; path = BlockIdentifider.m; sourceTree = "<group>"; };
		907978F927DC966100B69B4E /* ConstValues.m */ = {isa = PBXFileReference; fileEncoding = 4; lastKnownFileType = sourcecode.c.objc; path = ConstValues.m; sourceTree = "<group>"; };
		907978FA27DC966100B69B4E /* CasperErrorMessage.h */ = {isa = PBXFileReference; fileEncoding = 4; lastKnownFileType = sourcecode.c.h; path = CasperErrorMessage.h; sourceTree = "<group>"; };
		907978FB27DC966100B69B4E /* BlockIdentifier.h */ = {isa = PBXFileReference; fileEncoding = 4; lastKnownFileType = sourcecode.c.h; path = BlockIdentifier.h; sourceTree = "<group>"; };
		907978FC27DC966100B69B4E /* GetStateRootHash.h */ = {isa = PBXFileReference; fileEncoding = 4; lastKnownFileType = sourcecode.c.h; path = GetStateRootHash.h; sourceTree = "<group>"; };
		907978FD27DC966100B69B4E /* GetStateRootHash.m */ = {isa = PBXFileReference; fileEncoding = 4; lastKnownFileType = sourcecode.c.objc; path = GetStateRootHash.m; sourceTree = "<group>"; };
		9079790627DC96AA00B69B4E /* HttpHandler.m */ = {isa = PBXFileReference; fileEncoding = 4; lastKnownFileType = sourcecode.c.objc; path = HttpHandler.m; sourceTree = "<group>"; };
		9079790727DC96AA00B69B4E /* CasperSDK.h */ = {isa = PBXFileReference; fileEncoding = 4; lastKnownFileType = sourcecode.c.h; path = CasperSDK.h; sourceTree = "<group>"; };
		9079790827DC96AA00B69B4E /* HttpHandler.h */ = {isa = PBXFileReference; fileEncoding = 4; lastKnownFileType = sourcecode.c.h; path = HttpHandler.h; sourceTree = "<group>"; };
		9079790927DC96AA00B69B4E /* CasperSDK.m */ = {isa = PBXFileReference; fileEncoding = 4; lastKnownFileType = sourcecode.c.objc; path = CasperSDK.m; sourceTree = "<group>"; };
		9079790E27DC96BB00B69B4E /* GetStateRootHashTest.m */ = {isa = PBXFileReference; fileEncoding = 4; lastKnownFileType = sourcecode.c.objc; path = GetStateRootHashTest.m; sourceTree = "<group>"; };
		9079790F27DC96BB00B69B4E /* CasperSDKObjectiveCTests.m */ = {isa = PBXFileReference; fileEncoding = 4; lastKnownFileType = sourcecode.c.objc; path = CasperSDKObjectiveCTests.m; sourceTree = "<group>"; };
		9079791327DC9F8300B69B4E /* Help.md */ = {isa = PBXFileReference; lastKnownFileType = net.daringfireball.markdown; path = Help.md; sourceTree = "<group>"; };
		9079791427DCB1CE00B69B4E /* GetPeerResultTest.m */ = {isa = PBXFileReference; lastKnownFileType = sourcecode.c.objc; path = GetPeerResultTest.m; sourceTree = "<group>"; };
		9079791727DCBCFC00B69B4E /* GetStatusResult.h */ = {isa = PBXFileReference; lastKnownFileType = sourcecode.c.h; path = GetStatusResult.h; sourceTree = "<group>"; };
		9079791827DCBD0900B69B4E /* GetStatusResult.m */ = {isa = PBXFileReference; lastKnownFileType = sourcecode.c.objc; path = GetStatusResult.m; sourceTree = "<group>"; };
		9079791A27DCBE7700B69B4E /* PeersMap.h */ = {isa = PBXFileReference; lastKnownFileType = sourcecode.c.h; path = PeersMap.h; sourceTree = "<group>"; };
		9079791B27DCBE8300B69B4E /* PeersMap.m */ = {isa = PBXFileReference; lastKnownFileType = sourcecode.c.objc; path = PeersMap.m; sourceTree = "<group>"; };
		908A6A3D27E222A100D850AD /* CLParsedTuple1.h */ = {isa = PBXFileReference; lastKnownFileType = sourcecode.c.h; path = CLParsedTuple1.h; sourceTree = "<group>"; };
		908A6A3E27E222AF00D850AD /* CLParsedTuple1.m */ = {isa = PBXFileReference; lastKnownFileType = sourcecode.c.objc; path = CLParsedTuple1.m; sourceTree = "<group>"; };
		908A6A4027E2235700D850AD /* CLParsedPU512.h */ = {isa = PBXFileReference; lastKnownFileType = sourcecode.c.h; path = CLParsedPU512.h; sourceTree = "<group>"; };
		908A6A4127E2236500D850AD /* CLParsedPU512.m */ = {isa = PBXFileReference; lastKnownFileType = sourcecode.c.objc; path = CLParsedPU512.m; sourceTree = "<group>"; };
		908A6A4327E2238300D850AD /* CLParsedPU256.h */ = {isa = PBXFileReference; lastKnownFileType = sourcecode.c.h; path = CLParsedPU256.h; sourceTree = "<group>"; };
		908A6A4427E2238E00D850AD /* CLParsedPU256.m */ = {isa = PBXFileReference; lastKnownFileType = sourcecode.c.objc; path = CLParsedPU256.m; sourceTree = "<group>"; };
		908A6A4627E2239800D850AD /* CLParsedPU64.h */ = {isa = PBXFileReference; lastKnownFileType = sourcecode.c.h; path = CLParsedPU64.h; sourceTree = "<group>"; };
		908A6A4727E223A400D850AD /* CLParsedPU64.m */ = {isa = PBXFileReference; lastKnownFileType = sourcecode.c.objc; path = CLParsedPU64.m; sourceTree = "<group>"; };
		908A6A4927E2260500D850AD /* CLParsedPInt32.h */ = {isa = PBXFileReference; lastKnownFileType = sourcecode.c.h; path = CLParsedPInt32.h; sourceTree = "<group>"; };
		908A6A4A27E2261300D850AD /* CLParsedPInt32.m */ = {isa = PBXFileReference; lastKnownFileType = sourcecode.c.objc; path = CLParsedPInt32.m; sourceTree = "<group>"; };
		908A6A4C27E227FA00D850AD /* JsonExecutionResult.h */ = {isa = PBXFileReference; lastKnownFileType = sourcecode.c.h; path = JsonExecutionResult.h; sourceTree = "<group>"; };
		908A6A4D27E2281B00D850AD /* JsonExecutionResult.m */ = {isa = PBXFileReference; lastKnownFileType = sourcecode.c.objc; path = JsonExecutionResult.m; sourceTree = "<group>"; };
		908A6A4F27E229A800D850AD /* ExecutionResult_Failure.h */ = {isa = PBXFileReference; lastKnownFileType = sourcecode.c.h; path = ExecutionResult_Failure.h; sourceTree = "<group>"; };
		908A6A5027E229C800D850AD /* ExecutionResult_Failure.m */ = {isa = PBXFileReference; lastKnownFileType = sourcecode.c.objc; path = ExecutionResult_Failure.m; sourceTree = "<group>"; };
		908A6A5227E229E500D850AD /* ExecutionResult_Success.h */ = {isa = PBXFileReference; lastKnownFileType = sourcecode.c.h; path = ExecutionResult_Success.h; sourceTree = "<group>"; };
		908A6A5327E229EF00D850AD /* ExecutionResult_Success.m */ = {isa = PBXFileReference; lastKnownFileType = sourcecode.c.objc; path = ExecutionResult_Success.m; sourceTree = "<group>"; };
		908A6A5527E22BCF00D850AD /* ExecutableDeployItem.h */ = {isa = PBXFileReference; lastKnownFileType = sourcecode.c.h; path = ExecutableDeployItem.h; sourceTree = "<group>"; };
		908A6A5627E22BD600D850AD /* ExecutableDeployItem.m */ = {isa = PBXFileReference; lastKnownFileType = sourcecode.c.objc; path = ExecutableDeployItem.m; sourceTree = "<group>"; };
		908A6A5827E234FC00D850AD /* GetDeployParams.h */ = {isa = PBXFileReference; lastKnownFileType = sourcecode.c.h; path = GetDeployParams.h; sourceTree = "<group>"; };
		908A6A5927E23A9600D850AD /* GetDeployParams.m */ = {isa = PBXFileReference; lastKnownFileType = sourcecode.c.objc; path = GetDeployParams.m; sourceTree = "<group>"; };
		908E6D3427E2BD45003C17CC /* RuntimeArgs.h */ = {isa = PBXFileReference; lastKnownFileType = sourcecode.c.h; path = RuntimeArgs.h; sourceTree = "<group>"; };
		908E6D3527E2D8F9003C17CC /* RuntimeArgs.m */ = {isa = PBXFileReference; lastKnownFileType = sourcecode.c.objc; path = RuntimeArgs.m; sourceTree = "<group>"; };
		9092A24A27DF393400D0361C /* GetBlockResult.h */ = {isa = PBXFileReference; lastKnownFileType = sourcecode.c.h; path = GetBlockResult.h; sourceTree = "<group>"; };
		9092A24B27DF393B00D0361C /* GetBlockResult.m */ = {isa = PBXFileReference; lastKnownFileType = sourcecode.c.objc; path = GetBlockResult.m; sourceTree = "<group>"; };
		9092A24D27DF397D00D0361C /* JsonBlock.h */ = {isa = PBXFileReference; lastKnownFileType = sourcecode.c.h; path = JsonBlock.h; sourceTree = "<group>"; };
		9092A24E27DF398700D0361C /* JsonBlock.m */ = {isa = PBXFileReference; lastKnownFileType = sourcecode.c.objc; path = JsonBlock.m; sourceTree = "<group>"; };
		9092A25027DF3A5A00D0361C /* JsonBlockHeader.h */ = {isa = PBXFileReference; lastKnownFileType = sourcecode.c.h; path = JsonBlockHeader.h; sourceTree = "<group>"; };
		9092A25127DF3A6100D0361C /* JsonBlockHeader.m */ = {isa = PBXFileReference; lastKnownFileType = sourcecode.c.objc; path = JsonBlockHeader.m; sourceTree = "<group>"; };
		9092A25327DF3B4F00D0361C /* JsonEraEnd.h */ = {isa = PBXFileReference; lastKnownFileType = sourcecode.c.h; path = JsonEraEnd.h; sourceTree = "<group>"; };
		9092A25427DF3B5500D0361C /* JsonEraEnd.m */ = {isa = PBXFileReference; lastKnownFileType = sourcecode.c.objc; path = JsonEraEnd.m; sourceTree = "<group>"; };
		9092A25627DF3BA400D0361C /* JsonEraReport.h */ = {isa = PBXFileReference; lastKnownFileType = sourcecode.c.h; path = JsonEraReport.h; sourceTree = "<group>"; };
		9092A25727DF3BAC00D0361C /* JsonEraReport.m */ = {isa = PBXFileReference; lastKnownFileType = sourcecode.c.objc; path = JsonEraReport.m; sourceTree = "<group>"; };
		9092A25927DF3C6D00D0361C /* JsonBlockBody.h */ = {isa = PBXFileReference; lastKnownFileType = sourcecode.c.h; path = JsonBlockBody.h; sourceTree = "<group>"; };
		9092A25A27DF3C7300D0361C /* JsonBlockBody.m */ = {isa = PBXFileReference; lastKnownFileType = sourcecode.c.objc; path = JsonBlockBody.m; sourceTree = "<group>"; };
		9092A25C27DF3CD200D0361C /* JsonProof.h */ = {isa = PBXFileReference; lastKnownFileType = sourcecode.c.h; path = JsonProof.h; sourceTree = "<group>"; };
		9092A25D27DF3CD900D0361C /* JsonProof.m */ = {isa = PBXFileReference; lastKnownFileType = sourcecode.c.objc; path = JsonProof.m; sourceTree = "<group>"; };
		9092A25F27DF3FE200D0361C /* ValidatorWeight.h */ = {isa = PBXFileReference; lastKnownFileType = sourcecode.c.h; path = ValidatorWeight.h; sourceTree = "<group>"; };
		9092A26027DF3FED00D0361C /* ValidatorWeight.m */ = {isa = PBXFileReference; lastKnownFileType = sourcecode.c.objc; path = ValidatorWeight.m; sourceTree = "<group>"; };
		9092A26227DF450200D0361C /* Reward.h */ = {isa = PBXFileReference; lastKnownFileType = sourcecode.c.h; path = Reward.h; sourceTree = "<group>"; };
		9092A26327DF450C00D0361C /* Reward.m */ = {isa = PBXFileReference; lastKnownFileType = sourcecode.c.objc; path = Reward.m; sourceTree = "<group>"; };
		9095581527D833D0001AE414 /* CasperSDKObjectiveC.framework */ = {isa = PBXFileReference; explicitFileType = wrapper.framework; includeInIndex = 0; path = CasperSDKObjectiveC.framework; sourceTree = BUILT_PRODUCTS_DIR; };
		9095581827D833D0001AE414 /* CasperSDKObjectiveC.h */ = {isa = PBXFileReference; lastKnownFileType = sourcecode.c.h; path = CasperSDKObjectiveC.h; sourceTree = "<group>"; };
		9095581927D833D0001AE414 /* CasperSDKObjectiveC.docc */ = {isa = PBXFileReference; lastKnownFileType = folder.documentationcatalog; path = CasperSDKObjectiveC.docc; sourceTree = "<group>"; };
		9095581F27D833D0001AE414 /* CasperSDKObjectiveCTests.xctest */ = {isa = PBXFileReference; explicitFileType = wrapper.cfbundle; includeInIndex = 0; path = CasperSDKObjectiveCTests.xctest; sourceTree = BUILT_PRODUCTS_DIR; };
		90955F0E27E14C0100F0FE7A /* CLValue.h */ = {isa = PBXFileReference; lastKnownFileType = sourcecode.c.h; path = CLValue.h; sourceTree = "<group>"; };
		90955F0F27E14C0E00F0FE7A /* CLValue.m */ = {isa = PBXFileReference; lastKnownFileType = sourcecode.c.objc; path = CLValue.m; sourceTree = "<group>"; };
		90955F1127E14C6100F0FE7A /* CLType.h */ = {isa = PBXFileReference; lastKnownFileType = sourcecode.c.h; path = CLType.h; sourceTree = "<group>"; };
		90955F1227E14C6900F0FE7A /* CLType.m */ = {isa = PBXFileReference; lastKnownFileType = sourcecode.c.objc; path = CLType.m; sourceTree = "<group>"; };
		90955F1427E14CC100F0FE7A /* CLTypeList.h */ = {isa = PBXFileReference; lastKnownFileType = sourcecode.c.h; path = CLTypeList.h; sourceTree = "<group>"; };
		90955F1527E14CCE00F0FE7A /* CLTypeList.m */ = {isa = PBXFileReference; lastKnownFileType = sourcecode.c.objc; path = CLTypeList.m; sourceTree = "<group>"; };
		90955F1727E14FC800F0FE7A /* CLTypeMap.h */ = {isa = PBXFileReference; lastKnownFileType = sourcecode.c.h; path = CLTypeMap.h; sourceTree = "<group>"; };
		90955F1827E14FD200F0FE7A /* CLTypeMap.m */ = {isa = PBXFileReference; lastKnownFileType = sourcecode.c.objc; path = CLTypeMap.m; sourceTree = "<group>"; };
		90955F1B27E15B3C00F0FE7A /* CLTypeOption.h */ = {isa = PBXFileReference; lastKnownFileType = sourcecode.c.h; path = CLTypeOption.h; sourceTree = "<group>"; };
		90955F1C27E15B4B00F0FE7A /* CLTypeOption.m */ = {isa = PBXFileReference; lastKnownFileType = sourcecode.c.objc; path = CLTypeOption.m; sourceTree = "<group>"; };
		90955F1F27E15C9400F0FE7A /* CLParsed.h */ = {isa = PBXFileReference; lastKnownFileType = sourcecode.c.h; path = CLParsed.h; sourceTree = "<group>"; };
		90955F2027E15CA000F0FE7A /* CLParsed.m */ = {isa = PBXFileReference; lastKnownFileType = sourcecode.c.objc; path = CLParsed.m; sourceTree = "<group>"; };
		90955F2227E15F6200F0FE7A /* CLParsedPBool.h */ = {isa = PBXFileReference; lastKnownFileType = sourcecode.c.h; path = CLParsedPBool.h; sourceTree = "<group>"; };
		90955F2327E15F6E00F0FE7A /* CLParsedPBool.m */ = {isa = PBXFileReference; lastKnownFileType = sourcecode.c.objc; path = CLParsedPBool.m; sourceTree = "<group>"; };
		90955F2527E1680000F0FE7A /* CLParsedList.h */ = {isa = PBXFileReference; lastKnownFileType = sourcecode.c.h; path = CLParsedList.h; sourceTree = "<group>"; };
		90955F2627E1680900F0FE7A /* CLParsedList.m */ = {isa = PBXFileReference; lastKnownFileType = sourcecode.c.objc; path = CLParsedList.m; sourceTree = "<group>"; };
		90955F2827E1A4FF00F0FE7A /* CLParsedPString.h */ = {isa = PBXFileReference; lastKnownFileType = sourcecode.c.h; path = CLParsedPString.h; sourceTree = "<group>"; };
		90955F2927E1A50A00F0FE7A /* CLParsedPString.m */ = {isa = PBXFileReference; lastKnownFileType = sourcecode.c.objc; path = CLParsedPString.m; sourceTree = "<group>"; };
		90955F2B27E1A56800F0FE7A /* CLParsedMap.h */ = {isa = PBXFileReference; lastKnownFileType = sourcecode.c.h; path = CLParsedMap.h; sourceTree = "<group>"; };
		90955F2C27E1A57400F0FE7A /* CLParsedMap.m */ = {isa = PBXFileReference; lastKnownFileType = sourcecode.c.objc; path = CLParsedMap.m; sourceTree = "<group>"; };
		9095D96A27DDEE6B00D58545 /* MinimalBlockInfo.h */ = {isa = PBXFileReference; lastKnownFileType = sourcecode.c.h; path = MinimalBlockInfo.h; sourceTree = "<group>"; };
		9095D96B27DDEE7A00D58545 /* MinimalBlockInfo.m */ = {isa = PBXFileReference; lastKnownFileType = sourcecode.c.objc; path = MinimalBlockInfo.m; sourceTree = "<group>"; };
		9095D96D27DDF2BB00D58545 /* ActivationPoint.h */ = {isa = PBXFileReference; lastKnownFileType = sourcecode.c.h; path = ActivationPoint.h; sourceTree = "<group>"; };
		9095D96E27DDF2CA00D58545 /* ActivationPoint.m */ = {isa = PBXFileReference; lastKnownFileType = sourcecode.c.objc; path = ActivationPoint.m; sourceTree = "<group>"; };
		9095D97027DDF58900D58545 /* NextUpgrade.h */ = {isa = PBXFileReference; lastKnownFileType = sourcecode.c.h; path = NextUpgrade.h; sourceTree = "<group>"; };
		9095D97127DDF59400D58545 /* NextUpgrade.m */ = {isa = PBXFileReference; lastKnownFileType = sourcecode.c.objc; path = NextUpgrade.m; sourceTree = "<group>"; };
		9095D97327DDFB0400D58545 /* GetStatusTest.m */ = {isa = PBXFileReference; lastKnownFileType = sourcecode.c.objc; path = GetStatusTest.m; sourceTree = "<group>"; };
		9095D97627DE0E4900D58545 /* GetBlockTransfersResult.h */ = {isa = PBXFileReference; lastKnownFileType = sourcecode.c.h; path = GetBlockTransfersResult.h; sourceTree = "<group>"; };
		9095D97727DE0E5000D58545 /* GetBlockTransfersResult.m */ = {isa = PBXFileReference; lastKnownFileType = sourcecode.c.objc; path = GetBlockTransfersResult.m; sourceTree = "<group>"; };
		9095D97927DE0F2D00D58545 /* Transfer.h */ = {isa = PBXFileReference; lastKnownFileType = sourcecode.c.h; path = Transfer.h; sourceTree = "<group>"; };
		9095D97A27DE0F3600D58545 /* Transfer.m */ = {isa = PBXFileReference; lastKnownFileType = sourcecode.c.objc; path = Transfer.m; sourceTree = "<group>"; };
		9095D97D27DE0F8900D58545 /* U128Class.h */ = {isa = PBXFileReference; lastKnownFileType = sourcecode.c.h; path = U128Class.h; sourceTree = "<group>"; };
		9095D97E27DE0F9900D58545 /* U128Class.m */ = {isa = PBXFileReference; lastKnownFileType = sourcecode.c.objc; path = U128Class.m; sourceTree = "<group>"; };
		9095D98027DE0FA300D58545 /* U256Class.h */ = {isa = PBXFileReference; lastKnownFileType = sourcecode.c.h; path = U256Class.h; sourceTree = "<group>"; };
		9095D98127DE0FAD00D58545 /* U256Class.m */ = {isa = PBXFileReference; lastKnownFileType = sourcecode.c.objc; path = U256Class.m; sourceTree = "<group>"; };
		9095D98327DE0FB700D58545 /* U512Class.h */ = {isa = PBXFileReference; lastKnownFileType = sourcecode.c.h; path = U512Class.h; sourceTree = "<group>"; };
		9095D98427DE0FC000D58545 /* U512Class.m */ = {isa = PBXFileReference; lastKnownFileType = sourcecode.c.objc; path = U512Class.m; sourceTree = "<group>"; };
		9095D98627DE110B00D58545 /* BigNumber.h */ = {isa = PBXFileReference; lastKnownFileType = sourcecode.c.h; path = BigNumber.h; sourceTree = "<group>"; };
		9095D98727DE111500D58545 /* BigNumber.m */ = {isa = PBXFileReference; lastKnownFileType = sourcecode.c.objc; path = BigNumber.m; sourceTree = "<group>"; };
		9095D98927DE3E1E00D58545 /* GetBlockTransfersResultTest.m */ = {isa = PBXFileReference; lastKnownFileType = sourcecode.c.objc; path = GetBlockTransfersResultTest.m; sourceTree = "<group>"; };
		9096E4A827E00A4B0076E634 /* GetBlockTest.m */ = {isa = PBXFileReference; lastKnownFileType = sourcecode.c.objc; path = GetBlockTest.m; sourceTree = "<group>"; };
		9096E4AB27E084800076E634 /* Utils.h */ = {isa = PBXFileReference; lastKnownFileType = sourcecode.c.h; path = Utils.h; sourceTree = "<group>"; };
		9096E4AC27E084890076E634 /* Utils.m */ = {isa = PBXFileReference; lastKnownFileType = sourcecode.c.objc; path = Utils.m; sourceTree = "<group>"; };
		90CAF5B827E4A45B00AAA913 /* ExecutionEffect.h */ = {isa = PBXFileReference; lastKnownFileType = sourcecode.c.h; path = ExecutionEffect.h; sourceTree = "<group>"; };
		90CAF5B927E4A47600AAA913 /* ExecutionEffect.m */ = {isa = PBXFileReference; lastKnownFileType = sourcecode.c.objc; path = ExecutionEffect.m; sourceTree = "<group>"; };
		90CAF5BB27E4A55400AAA913 /* Operation.h */ = {isa = PBXFileReference; lastKnownFileType = sourcecode.c.h; path = Operation.h; sourceTree = "<group>"; };
		90CAF5BC27E4A55A00AAA913 /* Operation.m */ = {isa = PBXFileReference; lastKnownFileType = sourcecode.c.objc; path = Operation.m; sourceTree = "<group>"; };
		90CAF5BE27E4A64D00AAA913 /* TransformEntry.h */ = {isa = PBXFileReference; lastKnownFileType = sourcecode.c.h; path = TransformEntry.h; sourceTree = "<group>"; };
		90CAF5BF27E4A65300AAA913 /* TransformEntry.m */ = {isa = PBXFileReference; lastKnownFileType = sourcecode.c.objc; path = TransformEntry.m; sourceTree = "<group>"; };
		90CAF5C227E4C71400AAA913 /* Transform_RawString.h */ = {isa = PBXFileReference; lastKnownFileType = sourcecode.c.h; path = Transform_RawString.h; sourceTree = "<group>"; };
		90CAF5C327E4C7E700AAA913 /* Transform_RawString.m */ = {isa = PBXFileReference; lastKnownFileType = sourcecode.c.objc; path = Transform_RawString.m; sourceTree = "<group>"; };
		90CAF5C527E4C81600AAA913 /* Transform_WriteCLValue.h */ = {isa = PBXFileReference; lastKnownFileType = sourcecode.c.h; path = Transform_WriteCLValue.h; sourceTree = "<group>"; };
		90CAF5C627E4C85500AAA913 /* Transform_WriteCLValue.m */ = {isa = PBXFileReference; lastKnownFileType = sourcecode.c.objc; path = Transform_WriteCLValue.m; sourceTree = "<group>"; };
		90CAF5C827E4CB9800AAA913 /* Transform_WriteAccount.h */ = {isa = PBXFileReference; lastKnownFileType = sourcecode.c.h; path = Transform_WriteAccount.h; sourceTree = "<group>"; };
		90CAF5C927E4CBBD00AAA913 /* Transform_WriteAccount.m */ = {isa = PBXFileReference; lastKnownFileType = sourcecode.c.objc; path = Transform_WriteAccount.m; sourceTree = "<group>"; };
		90CAF5CB27E4CDE500AAA913 /* Transform_WriteDeployInfo.h */ = {isa = PBXFileReference; lastKnownFileType = sourcecode.c.h; path = Transform_WriteDeployInfo.h; sourceTree = "<group>"; };
		90CAF5CC27E4CE0600AAA913 /* Transform_WriteDeployInfo.m */ = {isa = PBXFileReference; lastKnownFileType = sourcecode.c.objc; path = Transform_WriteDeployInfo.m; sourceTree = "<group>"; };
		90CAF5CE27E4CE6100AAA913 /* DeployInfo.h */ = {isa = PBXFileReference; lastKnownFileType = sourcecode.c.h; path = DeployInfo.h; sourceTree = "<group>"; };
		90CAF5CF27E4CF2C00AAA913 /* DeployInfo.m */ = {isa = PBXFileReference; lastKnownFileType = sourcecode.c.objc; path = DeployInfo.m; sourceTree = "<group>"; };
		90CAF5D227E4D08A00AAA913 /* SeigniorageAllocation.h */ = {isa = PBXFileReference; lastKnownFileType = sourcecode.c.h; path = SeigniorageAllocation.h; sourceTree = "<group>"; };
		90CAF5D327E4D0B500AAA913 /* SeigniorageAllocation_Validator.h */ = {isa = PBXFileReference; lastKnownFileType = sourcecode.c.h; path = SeigniorageAllocation_Validator.h; sourceTree = "<group>"; };
		90CAF5D427E4D0C600AAA913 /* SeigniorageAllocation_Delegator.h */ = {isa = PBXFileReference; lastKnownFileType = sourcecode.c.h; path = SeigniorageAllocation_Delegator.h; sourceTree = "<group>"; };
		90CAF5D527E4D24A00AAA913 /* EraInfo.h */ = {isa = PBXFileReference; lastKnownFileType = sourcecode.c.h; path = EraInfo.h; sourceTree = "<group>"; };
		90CAF5D627E4D43000AAA913 /* Transform_WriteEraInfo.h */ = {isa = PBXFileReference; lastKnownFileType = sourcecode.c.h; path = Transform_WriteEraInfo.h; sourceTree = "<group>"; };
		90CAF5D727E4D44900AAA913 /* Transform_WriteTransfer.h */ = {isa = PBXFileReference; lastKnownFileType = sourcecode.c.h; path = Transform_WriteTransfer.h; sourceTree = "<group>"; };
		90CAF5D827E4D45D00AAA913 /* Transform_WriteBid.h */ = {isa = PBXFileReference; lastKnownFileType = sourcecode.c.h; path = Transform_WriteBid.h; sourceTree = "<group>"; };
		90CAF5D927E4D46A00AAA913 /* Transform_WriteWithdraw.h */ = {isa = PBXFileReference; lastKnownFileType = sourcecode.c.h; path = Transform_WriteWithdraw.h; sourceTree = "<group>"; };
		90CAF5DA27E4D52200AAA913 /* Transform_AddNumber.h */ = {isa = PBXFileReference; lastKnownFileType = sourcecode.c.h; path = Transform_AddNumber.h; sourceTree = "<group>"; };
		90CAF5DB27E4D5B900AAA913 /* Transform_AddKeys.h */ = {isa = PBXFileReference; lastKnownFileType = sourcecode.c.h; path = Transform_AddKeys.h; sourceTree = "<group>"; };
		90CAF5DC27E4D5CD00AAA913 /* NamedKey.h */ = {isa = PBXFileReference; lastKnownFileType = sourcecode.c.h; path = NamedKey.h; sourceTree = "<group>"; };
		90CAF5DD27E4D74700AAA913 /* Transfer.h */ = {isa = PBXFileReference; lastKnownFileType = sourcecode.c.h; path = Transfer.h; sourceTree = "<group>"; };
/* End PBXFileReference section */

/* Begin PBXFrameworksBuildPhase section */
		9095581227D833D0001AE414 /* Frameworks */ = {
			isa = PBXFrameworksBuildPhase;
			buildActionMask = 2147483647;
			files = (
			);
			runOnlyForDeploymentPostprocessing = 0;
		};
		9095581C27D833D0001AE414 /* Frameworks */ = {
			isa = PBXFrameworksBuildPhase;
			buildActionMask = 2147483647;
			files = (
				9095582027D833D0001AE414 /* CasperSDKObjectiveC.framework in Frameworks */,
			);
			runOnlyForDeploymentPostprocessing = 0;
		};
/* End PBXFrameworksBuildPhase section */

/* Begin PBXGroup section */
		9076288A27E0D3CE00D00892 /* GetDeploy */ = {
			isa = PBXGroup;
			children = (
				90CAF5B727E4A08500AAA913 /* JsonExecutionResult */,
				9076288E27E0D43300D00892 /* Deploy.h */,
				9076288F27E0D43B00D00892 /* Deploy.m */,
				9076289127E0D52B00D00892 /* DeployHeader.h */,
				9076289227E0D53500D00892 /* DeployHeader.m */,
				9076289427E0D65300D00892 /* ExecutableDeployItem */,
				908A6A5827E234FC00D850AD /* GetDeployParams.h */,
				908A6A5927E23A9600D850AD /* GetDeployParams.m */,
				9076288B27E0D3E800D00892 /* GetDeployResult.h */,
				9076288C27E0D3F200D00892 /* GetDeployResult.m */,
				907628A727E0DE2100D00892 /* NamedArg.h */,
				907628A827E0DE3300D00892 /* NamedArg.m */,
			);
			path = GetDeploy;
			sourceTree = "<group>";
		};
		9076289427E0D65300D00892 /* ExecutableDeployItem */ = {
			isa = PBXGroup;
			children = (
				9076289527E0D66300D00892 /* ExecutableDeployItem_ModuleBytes.h */,
				9076289627E0D75400D00892 /* ExecutableDeployItem_ModuleBytes.m */,
				9076289827E0D7C200D00892 /* ExecutableDeployItem_StoredContractByHash.h */,
				9076289927E0D90200D00892 /* ExecutableDeployItem_StoredContractByHash.m */,
				9076289B27E0D95200D00892 /* ExecutableDeployItem_StoredContractByName.h */,
				9076289C27E0D98500D00892 /* ExecutableDeployItem_StoredContractByName.m */,
				9076289E27E0D9BF00D00892 /* ExecutableDeployItem_StoredVersionedContractByHash.h */,
				9076289F27E0D9E200D00892 /* ExecutableDeployItem_StoredVersionedContractByHash.m */,
				907628A127E0DA1100D00892 /* ExecutableDeployItem_StoredVersionedContractByName.h */,
				907628A227E0DA2E00D00892 /* ExecutableDeployItem_StoredVersionedContractByName.m */,
				907628A427E0DAE000D00892 /* ExecutableDeployItem_Transfer.h */,
				907628A527E0DAF300D00892 /* ExecutableDeployItem_Transfer.m */,
				908A6A5527E22BCF00D850AD /* ExecutableDeployItem.h */,
				908A6A5627E22BD600D850AD /* ExecutableDeployItem.m */,
				908E6D3427E2BD45003C17CC /* RuntimeArgs.h */,
				908E6D3527E2D8F9003C17CC /* RuntimeArgs.m */,
			);
			path = ExecutableDeployItem;
			sourceTree = "<group>";
		};
		9079791227DC9F5A00B69B4E /* Docs */ = {
			isa = PBXGroup;
			children = (
				9079791327DC9F8300B69B4E /* Help.md */,
			);
			path = Docs;
			sourceTree = "<group>";
		};
		9079791627DCBCE100B69B4E /* GetStatus */ = {
			isa = PBXGroup;
			children = (
				9079791727DCBCFC00B69B4E /* GetStatusResult.h */,
				9079791827DCBD0900B69B4E /* GetStatusResult.m */,
				9095D96A27DDEE6B00D58545 /* MinimalBlockInfo.h */,
				9095D96B27DDEE7A00D58545 /* MinimalBlockInfo.m */,
				9095D96D27DDF2BB00D58545 /* ActivationPoint.h */,
				9095D96E27DDF2CA00D58545 /* ActivationPoint.m */,
				9095D97027DDF58900D58545 /* NextUpgrade.h */,
				9095D97127DDF59400D58545 /* NextUpgrade.m */,
			);
			path = GetStatus;
			sourceTree = "<group>";
		};
		9092A24927DF391B00D0361C /* GetBlock */ = {
			isa = PBXGroup;
			children = (
				9092A24A27DF393400D0361C /* GetBlockResult.h */,
				9092A24B27DF393B00D0361C /* GetBlockResult.m */,
				9092A24D27DF397D00D0361C /* JsonBlock.h */,
				9092A24E27DF398700D0361C /* JsonBlock.m */,
				9092A25027DF3A5A00D0361C /* JsonBlockHeader.h */,
				9092A25127DF3A6100D0361C /* JsonBlockHeader.m */,
				9092A25327DF3B4F00D0361C /* JsonEraEnd.h */,
				9092A25427DF3B5500D0361C /* JsonEraEnd.m */,
				9092A25627DF3BA400D0361C /* JsonEraReport.h */,
				9092A25727DF3BAC00D0361C /* JsonEraReport.m */,
				9092A25927DF3C6D00D0361C /* JsonBlockBody.h */,
				9092A25A27DF3C7300D0361C /* JsonBlockBody.m */,
				9092A25C27DF3CD200D0361C /* JsonProof.h */,
				9092A25D27DF3CD900D0361C /* JsonProof.m */,
				9092A25F27DF3FE200D0361C /* ValidatorWeight.h */,
				9092A26027DF3FED00D0361C /* ValidatorWeight.m */,
				9092A26227DF450200D0361C /* Reward.h */,
				9092A26327DF450C00D0361C /* Reward.m */,
			);
			path = GetBlock;
			sourceTree = "<group>";
		};
		9095580B27D833D0001AE414 = {
			isa = PBXGroup;
			children = (
				9079791227DC9F5A00B69B4E /* Docs */,
				9095581727D833D0001AE414 /* CasperSDKObjectiveC */,
				9095582327D833D0001AE414 /* CasperSDKObjectiveCTests */,
				9095581627D833D0001AE414 /* Products */,
			);
			sourceTree = "<group>";
		};
		9095581627D833D0001AE414 /* Products */ = {
			isa = PBXGroup;
			children = (
				9095581527D833D0001AE414 /* CasperSDKObjectiveC.framework */,
				9095581F27D833D0001AE414 /* CasperSDKObjectiveCTests.xctest */,
			);
			name = Products;
			sourceTree = "<group>";
		};
		9095581727D833D0001AE414 /* CasperSDKObjectiveC */ = {
			isa = PBXGroup;
			children = (
				9079790727DC96AA00B69B4E /* CasperSDK.h */,
				9079790927DC96AA00B69B4E /* CasperSDK.m */,
				9079790827DC96AA00B69B4E /* HttpHandler.h */,
				9079790627DC96AA00B69B4E /* HttpHandler.m */,
				9095583527D8AE1A001AE414 /* Entity */,
				9095581827D833D0001AE414 /* CasperSDKObjectiveC.h */,
				9095581927D833D0001AE414 /* CasperSDKObjectiveC.docc */,
			);
			path = CasperSDKObjectiveC;
			sourceTree = "<group>";
		};
		9095582327D833D0001AE414 /* CasperSDKObjectiveCTests */ = {
			isa = PBXGroup;
			children = (
				9079790F27DC96BB00B69B4E /* CasperSDKObjectiveCTests.m */,
				9079790E27DC96BB00B69B4E /* GetStateRootHashTest.m */,
				9079791427DCB1CE00B69B4E /* GetPeerResultTest.m */,
				9095D97327DDFB0400D58545 /* GetStatusTest.m */,
				9095D98927DE3E1E00D58545 /* GetBlockTransfersResultTest.m */,
				9096E4A827E00A4B0076E634 /* GetBlockTest.m */,
				907628AA27E0E19D00D00892 /* GetDeployTest.m */,
			);
			path = CasperSDKObjectiveCTests;
			sourceTree = "<group>";
		};
		9095583527D8AE1A001AE414 /* Entity */ = {
			isa = PBXGroup;
			children = (
				90955F0D27E14BED00F0FE7A /* CLValue */,
				9076288A27E0D3CE00D00892 /* GetDeploy */,
				9096E4AA27E0846F0076E634 /* Utils */,
				9092A24927DF391B00D0361C /* GetBlock */,
				9095D97C27DE0F7200D58545 /* CommonClasses */,
				9095D97527DE0DD800D58545 /* GetBlockTransfers */,
				9079791627DCBCE100B69B4E /* GetStatus */,
				907978F827DC966100B69B4E /* BlockIdentifider.m */,
				907978FB27DC966100B69B4E /* BlockIdentifier.h */,
				907978FA27DC966100B69B4E /* CasperErrorMessage.h */,
				907978F727DC966100B69B4E /* CasperErrorMessage.m */,
				907978F927DC966100B69B4E /* ConstValues.m */,
				907978F627DC966100B69B4E /* ConstValues.h */,
				907978FC27DC966100B69B4E /* GetStateRootHash.h */,
				907978FD27DC966100B69B4E /* GetStateRootHash.m */,
				909616E527DAE4AD00F9BB95 /* GetPeerList */,
			);
			path = Entity;
			sourceTree = "<group>";
		};
		90955F0D27E14BED00F0FE7A /* CLValue */ = {
			isa = PBXGroup;
			children = (
				90955F1E27E15C7B00F0FE7A /* CLParsed */,
				90955F1A27E15B2700F0FE7A /* CLType */,
				90955F0E27E14C0100F0FE7A /* CLValue.h */,
				90955F0F27E14C0E00F0FE7A /* CLValue.m */,
			);
			path = CLValue;
			sourceTree = "<group>";
		};
		90955F1A27E15B2700F0FE7A /* CLType */ = {
			isa = PBXGroup;
			children = (
				90955F1127E14C6100F0FE7A /* CLType.h */,
				90955F1227E14C6900F0FE7A /* CLType.m */,
				90955F1427E14CC100F0FE7A /* CLTypeList.h */,
				90955F1527E14CCE00F0FE7A /* CLTypeList.m */,
				90955F1727E14FC800F0FE7A /* CLTypeMap.h */,
				90955F1827E14FD200F0FE7A /* CLTypeMap.m */,
				90955F1B27E15B3C00F0FE7A /* CLTypeOption.h */,
				90955F1C27E15B4B00F0FE7A /* CLTypeOption.m */,
			);
			path = CLType;
			sourceTree = "<group>";
		};
		90955F1E27E15C7B00F0FE7A /* CLParsed */ = {
			isa = PBXGroup;
			children = (
				90955F1F27E15C9400F0FE7A /* CLParsed.h */,
				90955F2027E15CA000F0FE7A /* CLParsed.m */,
				90955F2527E1680000F0FE7A /* CLParsedList.h */,
				90955F2627E1680900F0FE7A /* CLParsedList.m */,
				90955F2B27E1A56800F0FE7A /* CLParsedMap.h */,
				90955F2C27E1A57400F0FE7A /* CLParsedMap.m */,
				90955F2227E15F6200F0FE7A /* CLParsedPBool.h */,
				90955F2327E15F6E00F0FE7A /* CLParsedPBool.m */,
				90955F2827E1A4FF00F0FE7A /* CLParsedPString.h */,
				90955F2927E1A50A00F0FE7A /* CLParsedPString.m */,
				908A6A4627E2239800D850AD /* CLParsedPU64.h */,
				908A6A4727E223A400D850AD /* CLParsedPU64.m */,
				908A6A4327E2238300D850AD /* CLParsedPU256.h */,
				908A6A4427E2238E00D850AD /* CLParsedPU256.m */,
				908A6A4027E2235700D850AD /* CLParsedPU512.h */,
				908A6A4127E2236500D850AD /* CLParsedPU512.m */,
				908A6A3D27E222A100D850AD /* CLParsedTuple1.h */,
				908A6A3E27E222AF00D850AD /* CLParsedTuple1.m */,
				908A6A4927E2260500D850AD /* CLParsedPInt32.h */,
				908A6A4A27E2261300D850AD /* CLParsedPInt32.m */,
			);
			path = CLParsed;
			sourceTree = "<group>";
		};
		9095D97527DE0DD800D58545 /* GetBlockTransfers */ = {
			isa = PBXGroup;
			children = (
				9095D97627DE0E4900D58545 /* GetBlockTransfersResult.h */,
				9095D97727DE0E5000D58545 /* GetBlockTransfersResult.m */,
				9095D97927DE0F2D00D58545 /* Transfer.h */,
				9095D97A27DE0F3600D58545 /* Transfer.m */,
			);
			path = GetBlockTransfers;
			sourceTree = "<group>";
		};
		9095D97C27DE0F7200D58545 /* CommonClasses */ = {
			isa = PBXGroup;
			children = (
				9095D97D27DE0F8900D58545 /* U128Class.h */,
				9095D97E27DE0F9900D58545 /* U128Class.m */,
				9095D98027DE0FA300D58545 /* U256Class.h */,
				9095D98127DE0FAD00D58545 /* U256Class.m */,
				9095D98327DE0FB700D58545 /* U512Class.h */,
				9095D98427DE0FC000D58545 /* U512Class.m */,
				9095D98627DE110B00D58545 /* BigNumber.h */,
				9095D98727DE111500D58545 /* BigNumber.m */,
			);
			path = CommonClasses;
			sourceTree = "<group>";
		};
		909616E527DAE4AD00F9BB95 /* GetPeerList */ = {
			isa = PBXGroup;
			children = (
				907978EA27DC963E00B69B4E /* GetPeerList.h */,
				907978EB27DC963E00B69B4E /* GetPeerList.m */,
				907978EC27DC963E00B69B4E /* GetPeerResult.h */,
				907978ED27DC963E00B69B4E /* GetPeerResult.m */,
				907978EE27DC963E00B69B4E /* PeerEntry.h */,
				907978EF27DC963E00B69B4E /* PeerEntry.m */,
				9079791A27DCBE7700B69B4E /* PeersMap.h */,
				9079791B27DCBE8300B69B4E /* PeersMap.m */,
			);
			path = GetPeerList;
			sourceTree = "<group>";
		};
		9096E4AA27E0846F0076E634 /* Utils */ = {
			isa = PBXGroup;
			children = (
				9096E4AB27E084800076E634 /* Utils.h */,
				9096E4AC27E084890076E634 /* Utils.m */,
			);
			path = Utils;
			sourceTree = "<group>";
		};
		90CAF5B727E4A08500AAA913 /* JsonExecutionResult */ = {
			isa = PBXGroup;
			children = (
				90CAF5B827E4A45B00AAA913 /* ExecutionEffect.h */,
				90CAF5B927E4A47600AAA913 /* ExecutionEffect.m */,
				908A6A4F27E229A800D850AD /* ExecutionResult_Failure.h */,
				908A6A5027E229C800D850AD /* ExecutionResult_Failure.m */,
				908A6A5227E229E500D850AD /* ExecutionResult_Success.h */,
				908A6A5327E229EF00D850AD /* ExecutionResult_Success.m */,
				908A6A4C27E227FA00D850AD /* JsonExecutionResult.h */,
				908A6A4D27E2281B00D850AD /* JsonExecutionResult.m */,
				90CAF5BB27E4A55400AAA913 /* Operation.h */,
				90CAF5BC27E4A55A00AAA913 /* Operation.m */,
				90CAF5BE27E4A64D00AAA913 /* TransformEntry.h */,
				90CAF5BF27E4A65300AAA913 /* TransformEntry.m */,
				90CAF5C127E4AC5F00AAA913 /* TransformEnum */,
				90CAF5D127E4CFA700AAA913 /* TransformOtherObjects */,
			);
			path = JsonExecutionResult;
			sourceTree = "<group>";
		};
		90CAF5C127E4AC5F00AAA913 /* TransformEnum */ = {
			isa = PBXGroup;
			children = (
				90CAF5DB27E4D5B900AAA913 /* Transform_AddKeys.h */,
				90769BFD27E56032003552D8 /* Transform_AddKeys.m */,
				90CAF5DA27E4D52200AAA913 /* Transform_AddNumber.h */,
				90769C0127E58C64003552D8 /* Transform_AddNumber.m */,
				90769BFA27E55EA6003552D8 /* Transform_Failure.h */,
				90769BFB27E55EF9003552D8 /* Transform_Failure.m */,
				90CAF5C227E4C71400AAA913 /* Transform_RawString.h */,
				90CAF5C327E4C7E700AAA913 /* Transform_RawString.m */,
				90CAF5C827E4CB9800AAA913 /* Transform_WriteAccount.h */,
				90CAF5C927E4CBBD00AAA913 /* Transform_WriteAccount.m */,
				90CAF5D827E4D45D00AAA913 /* Transform_WriteBid.h */,
				90769C0327E5917B003552D8 /* Transform_WriteBid.m */,
				90CAF5C527E4C81600AAA913 /* Transform_WriteCLValue.h */,
				90CAF5C627E4C85500AAA913 /* Transform_WriteCLValue.m */,
				90CAF5CB27E4CDE500AAA913 /* Transform_WriteDeployInfo.h */,
				90CAF5CC27E4CE0600AAA913 /* Transform_WriteDeployInfo.m */,
				90CAF5D627E4D43000AAA913 /* Transform_WriteEraInfo.h */,
				90CAF5D727E4D44900AAA913 /* Transform_WriteTransfer.h */,
				90CAF5D927E4D46A00AAA913 /* Transform_WriteWithdraw.h */,
			);
			path = TransformEnum;
			sourceTree = "<group>";
		};
		90CAF5D127E4CFA700AAA913 /* TransformOtherObjects */ = {
			isa = PBXGroup;
			children = (
				90CAF5CE27E4CE6100AAA913 /* DeployInfo.h */,
				90CAF5CF27E4CF2C00AAA913 /* DeployInfo.m */,
				90CAF5D227E4D08A00AAA913 /* SeigniorageAllocation.h */,
				90CAF5D327E4D0B500AAA913 /* SeigniorageAllocation_Validator.h */,
				90CAF5D427E4D0C600AAA913 /* SeigniorageAllocation_Delegator.h */,
				90CAF5D527E4D24A00AAA913 /* EraInfo.h */,
				90CAF5DC27E4D5CD00AAA913 /* NamedKey.h */,
				90CAF5DD27E4D74700AAA913 /* Transfer.h */,
				90769BFF27E56173003552D8 /* NamedKey.m */,
				90769C0527E59473003552D8 /* VestingSchedule.h */,
				90769C0627E5957A003552D8 /* VestingSchedule.m */,
			);
			path = TransformOtherObjects;
			sourceTree = "<group>";
		};
/* End PBXGroup section */

/* Begin PBXHeadersBuildPhase section */
		9095581027D833D0001AE414 /* Headers */ = {
			isa = PBXHeadersBuildPhase;
			buildActionMask = 2147483647;
			files = (
				907978FE27DC966100B69B4E /* ConstValues.h in Headers */,
				9079790427DC966100B69B4E /* GetStateRootHash.h in Headers */,
				9079790B27DC96AA00B69B4E /* CasperSDK.h in Headers */,
				9095582627D833D0001AE414 /* CasperSDKObjectiveC.h in Headers */,
				907978F227DC963E00B69B4E /* GetPeerResult.h in Headers */,
				9079790227DC966100B69B4E /* CasperErrorMessage.h in Headers */,
				907978F027DC963E00B69B4E /* GetPeerList.h in Headers */,
				907978F427DC963E00B69B4E /* PeerEntry.h in Headers */,
				9079790327DC966100B69B4E /* BlockIdentifier.h in Headers */,
				9079790C27DC96AA00B69B4E /* HttpHandler.h in Headers */,
			);
			runOnlyForDeploymentPostprocessing = 0;
		};
/* End PBXHeadersBuildPhase section */

/* Begin PBXNativeTarget section */
		9095581427D833D0001AE414 /* CasperSDKObjectiveC */ = {
			isa = PBXNativeTarget;
			buildConfigurationList = 9095582927D833D0001AE414 /* Build configuration list for PBXNativeTarget "CasperSDKObjectiveC" */;
			buildPhases = (
				9095581027D833D0001AE414 /* Headers */,
				9095581127D833D0001AE414 /* Sources */,
				9095581227D833D0001AE414 /* Frameworks */,
				9095581327D833D0001AE414 /* Resources */,
			);
			buildRules = (
			);
			dependencies = (
			);
			name = CasperSDKObjectiveC;
			productName = CasperSDKObjectiveC;
			productReference = 9095581527D833D0001AE414 /* CasperSDKObjectiveC.framework */;
			productType = "com.apple.product-type.framework";
		};
		9095581E27D833D0001AE414 /* CasperSDKObjectiveCTests */ = {
			isa = PBXNativeTarget;
			buildConfigurationList = 9095582C27D833D0001AE414 /* Build configuration list for PBXNativeTarget "CasperSDKObjectiveCTests" */;
			buildPhases = (
				9095581B27D833D0001AE414 /* Sources */,
				9095581C27D833D0001AE414 /* Frameworks */,
				9095581D27D833D0001AE414 /* Resources */,
			);
			buildRules = (
			);
			dependencies = (
				9095582227D833D0001AE414 /* PBXTargetDependency */,
			);
			name = CasperSDKObjectiveCTests;
			productName = CasperSDKObjectiveCTests;
			productReference = 9095581F27D833D0001AE414 /* CasperSDKObjectiveCTests.xctest */;
			productType = "com.apple.product-type.bundle.unit-test";
		};
/* End PBXNativeTarget section */

/* Begin PBXProject section */
		9095580C27D833D0001AE414 /* Project object */ = {
			isa = PBXProject;
			attributes = {
				BuildIndependentTargetsInParallel = 1;
				LastUpgradeCheck = 1300;
				TargetAttributes = {
					9095581427D833D0001AE414 = {
						CreatedOnToolsVersion = 13.0;
					};
					9095581E27D833D0001AE414 = {
						CreatedOnToolsVersion = 13.0;
					};
				};
			};
			buildConfigurationList = 9095580F27D833D0001AE414 /* Build configuration list for PBXProject "CasperSDKObjectiveC" */;
			compatibilityVersion = "Xcode 13.0";
			developmentRegion = en;
			hasScannedForEncodings = 0;
			knownRegions = (
				en,
				Base,
			);
			mainGroup = 9095580B27D833D0001AE414;
			productRefGroup = 9095581627D833D0001AE414 /* Products */;
			projectDirPath = "";
			projectRoot = "";
			targets = (
				9095581427D833D0001AE414 /* CasperSDKObjectiveC */,
				9095581E27D833D0001AE414 /* CasperSDKObjectiveCTests */,
			);
		};
/* End PBXProject section */

/* Begin PBXResourcesBuildPhase section */
		9095581327D833D0001AE414 /* Resources */ = {
			isa = PBXResourcesBuildPhase;
			buildActionMask = 2147483647;
			files = (
			);
			runOnlyForDeploymentPostprocessing = 0;
		};
		9095581D27D833D0001AE414 /* Resources */ = {
			isa = PBXResourcesBuildPhase;
			buildActionMask = 2147483647;
			files = (
			);
			runOnlyForDeploymentPostprocessing = 0;
		};
/* End PBXResourcesBuildPhase section */

/* Begin PBXSourcesBuildPhase section */
		9095581127D833D0001AE414 /* Sources */ = {
			isa = PBXSourcesBuildPhase;
			buildActionMask = 2147483647;
			files = (
				90769BFC27E55EF9003552D8 /* Transform_Failure.m in Sources */,
				90955F1927E14FD200F0FE7A /* CLTypeMap.m in Sources */,
				908A6A4E27E2281B00D850AD /* JsonExecutionResult.m in Sources */,
				9079790D27DC96AA00B69B4E /* CasperSDK.m in Sources */,
				90955F1327E14C6900F0FE7A /* CLType.m in Sources */,
				90769C0727E5957A003552D8 /* VestingSchedule.m in Sources */,
				9095D98827DE111500D58545 /* BigNumber.m in Sources */,
				907628A327E0DA2E00D00892 /* ExecutableDeployItem_StoredVersionedContractByName.m in Sources */,
				9092A25827DF3BAC00D0361C /* JsonEraReport.m in Sources */,
				907978F527DC963E00B69B4E /* PeerEntry.m in Sources */,
				90CAF5BA27E4A47600AAA913 /* ExecutionEffect.m in Sources */,
				9079791C27DCBE8300B69B4E /* PeersMap.m in Sources */,
				9079790127DC966100B69B4E /* ConstValues.m in Sources */,
				9092A24C27DF393B00D0361C /* GetBlockResult.m in Sources */,
				90CAF5D027E4CF2C00AAA913 /* DeployInfo.m in Sources */,
				9092A24F27DF398700D0361C /* JsonBlock.m in Sources */,
				90769C0227E58C64003552D8 /* Transform_AddNumber.m in Sources */,
				9076289727E0D75400D00892 /* ExecutableDeployItem_ModuleBytes.m in Sources */,
				908A6A4827E223A400D850AD /* CLParsedPU64.m in Sources */,
				90955F2D27E1A57400F0FE7A /* CLParsedMap.m in Sources */,
				908A6A4227E2236500D850AD /* CLParsedPU512.m in Sources */,
				907628A027E0D9E200D00892 /* ExecutableDeployItem_StoredVersionedContractByHash.m in Sources */,
				9079791927DCBD0900B69B4E /* GetStatusResult.m in Sources */,
				9092A26127DF3FED00D0361C /* ValidatorWeight.m in Sources */,
				9076289027E0D43B00D00892 /* Deploy.m in Sources */,
				90955F1027E14C0E00F0FE7A /* CLValue.m in Sources */,
				90769C0027E56173003552D8 /* NamedKey.m in Sources */,
				9092A26427DF450C00D0361C /* Reward.m in Sources */,
				90CAF5BD27E4A55A00AAA913 /* Operation.m in Sources */,
				90769C0427E5917B003552D8 /* Transform_WriteBid.m in Sources */,
				90955F2A27E1A50A00F0FE7A /* CLParsedPString.m in Sources */,
				90CAF5CD27E4CE0600AAA913 /* Transform_WriteDeployInfo.m in Sources */,
				90CAF5C027E4A65300AAA913 /* TransformEntry.m in Sources */,
				908A6A5727E22BD600D850AD /* ExecutableDeployItem.m in Sources */,
				907978F127DC963E00B69B4E /* GetPeerList.m in Sources */,
				9076289D27E0D98500D00892 /* ExecutableDeployItem_StoredContractByName.m in Sources */,
				9095D97827DE0E5000D58545 /* GetBlockTransfersResult.m in Sources */,
				9092A25B27DF3C7300D0361C /* JsonBlockBody.m in Sources */,
				9076289327E0D53500D00892 /* DeployHeader.m in Sources */,
				9092A25227DF3A6100D0361C /* JsonBlockHeader.m in Sources */,
				9095D96F27DDF2CA00D58545 /* ActivationPoint.m in Sources */,
				90CAF5CA27E4CBBD00AAA913 /* Transform_WriteAccount.m in Sources */,
				90769BFE27E56032003552D8 /* Transform_AddKeys.m in Sources */,
				90955F1D27E15B4B00F0FE7A /* CLTypeOption.m in Sources */,
				90955F1627E14CCE00F0FE7A /* CLTypeList.m in Sources */,
				9092A25E27DF3CD900D0361C /* JsonProof.m in Sources */,
				9095D97F27DE0F9900D58545 /* U128Class.m in Sources */,
				90CAF5C427E4C7E700AAA913 /* Transform_RawString.m in Sources */,
				908A6A5A27E23A9600D850AD /* GetDeployParams.m in Sources */,
				908A6A5427E229EF00D850AD /* ExecutionResult_Success.m in Sources */,
				9079790A27DC96AA00B69B4E /* HttpHandler.m in Sources */,
				907978FF27DC966100B69B4E /* CasperErrorMessage.m in Sources */,
				9096E4AD27E084890076E634 /* Utils.m in Sources */,
				9095D97227DDF59400D58545 /* NextUpgrade.m in Sources */,
				907628A627E0DAF300D00892 /* ExecutableDeployItem_Transfer.m in Sources */,
				9095D98227DE0FAD00D58545 /* U256Class.m in Sources */,
				90955F2427E15F6E00F0FE7A /* CLParsedPBool.m in Sources */,
				9092A25527DF3B5500D0361C /* JsonEraEnd.m in Sources */,
				908A6A4B27E2261300D850AD /* CLParsedPInt32.m in Sources */,
				9076288D27E0D3F200D00892 /* GetDeployResult.m in Sources */,
				908E6D3627E2D8F9003C17CC /* RuntimeArgs.m in Sources */,
				907628A927E0DE3300D00892 /* NamedArg.m in Sources */,
				90955F2727E1680900F0FE7A /* CLParsedList.m in Sources */,
				9095D98527DE0FC000D58545 /* U512Class.m in Sources */,
				908A6A4527E2238E00D850AD /* CLParsedPU256.m in Sources */,
				90CAF5C727E4C85500AAA913 /* Transform_WriteCLValue.m in Sources */,
				907978F327DC963E00B69B4E /* GetPeerResult.m in Sources */,
				908A6A3F27E222AF00D850AD /* CLParsedTuple1.m in Sources */,
				9095D97B27DE0F3600D58545 /* Transfer.m in Sources */,
				9095581A27D833D0001AE414 /* CasperSDKObjectiveC.docc in Sources */,
				9079790527DC966100B69B4E /* GetStateRootHash.m in Sources */,
				9076289A27E0D90200D00892 /* ExecutableDeployItem_StoredContractByHash.m in Sources */,
				908A6A5127E229C800D850AD /* ExecutionResult_Failure.m in Sources */,
				90955F2127E15CA000F0FE7A /* CLParsed.m in Sources */,
				9095D96C27DDEE7A00D58545 /* MinimalBlockInfo.m in Sources */,
				9079790027DC966100B69B4E /* BlockIdentifider.m in Sources */,
			);
			runOnlyForDeploymentPostprocessing = 0;
		};
		9095581B27D833D0001AE414 /* Sources */ = {
			isa = PBXSourcesBuildPhase;
			buildActionMask = 2147483647;
			files = (
				9079791127DC96BB00B69B4E /* CasperSDKObjectiveCTests.m in Sources */,
				9079791527DCB1CE00B69B4E /* GetPeerResultTest.m in Sources */,
				9095D97427DDFB0400D58545 /* GetStatusTest.m in Sources */,
				9079791027DC96BB00B69B4E /* GetStateRootHashTest.m in Sources */,
				9096E4A927E00A4B0076E634 /* GetBlockTest.m in Sources */,
				907628AB27E0E19D00D00892 /* GetDeployTest.m in Sources */,
				9095D98A27DE3E1E00D58545 /* GetBlockTransfersResultTest.m in Sources */,
			);
			runOnlyForDeploymentPostprocessing = 0;
		};
/* End PBXSourcesBuildPhase section */

/* Begin PBXTargetDependency section */
		9095582227D833D0001AE414 /* PBXTargetDependency */ = {
			isa = PBXTargetDependency;
			target = 9095581427D833D0001AE414 /* CasperSDKObjectiveC */;
			targetProxy = 9095582127D833D0001AE414 /* PBXContainerItemProxy */;
		};
/* End PBXTargetDependency section */

/* Begin XCBuildConfiguration section */
		9095582727D833D0001AE414 /* Debug */ = {
			isa = XCBuildConfiguration;
			buildSettings = {
				ALWAYS_SEARCH_USER_PATHS = NO;
				CLANG_ANALYZER_NONNULL = YES;
				CLANG_ANALYZER_NUMBER_OBJECT_CONVERSION = YES_AGGRESSIVE;
				CLANG_CXX_LANGUAGE_STANDARD = "gnu++17";
				CLANG_CXX_LIBRARY = "libc++";
				CLANG_ENABLE_MODULES = YES;
				CLANG_ENABLE_OBJC_ARC = YES;
				CLANG_ENABLE_OBJC_WEAK = YES;
				CLANG_WARN_BLOCK_CAPTURE_AUTORELEASING = YES;
				CLANG_WARN_BOOL_CONVERSION = YES;
				CLANG_WARN_COMMA = YES;
				CLANG_WARN_CONSTANT_CONVERSION = YES;
				CLANG_WARN_DEPRECATED_OBJC_IMPLEMENTATIONS = YES;
				CLANG_WARN_DIRECT_OBJC_ISA_USAGE = YES_ERROR;
				CLANG_WARN_DOCUMENTATION_COMMENTS = YES;
				CLANG_WARN_EMPTY_BODY = YES;
				CLANG_WARN_ENUM_CONVERSION = YES;
				CLANG_WARN_INFINITE_RECURSION = YES;
				CLANG_WARN_INT_CONVERSION = YES;
				CLANG_WARN_NON_LITERAL_NULL_CONVERSION = YES;
				CLANG_WARN_OBJC_IMPLICIT_RETAIN_SELF = YES;
				CLANG_WARN_OBJC_LITERAL_CONVERSION = YES;
				CLANG_WARN_OBJC_ROOT_CLASS = YES_ERROR;
				CLANG_WARN_QUOTED_INCLUDE_IN_FRAMEWORK_HEADER = YES;
				CLANG_WARN_RANGE_LOOP_ANALYSIS = YES;
				CLANG_WARN_STRICT_PROTOTYPES = YES;
				CLANG_WARN_SUSPICIOUS_MOVE = YES;
				CLANG_WARN_UNGUARDED_AVAILABILITY = YES_AGGRESSIVE;
				CLANG_WARN_UNREACHABLE_CODE = YES;
				CLANG_WARN__DUPLICATE_METHOD_MATCH = YES;
				COPY_PHASE_STRIP = NO;
				CURRENT_PROJECT_VERSION = 1;
				DEBUG_INFORMATION_FORMAT = dwarf;
				ENABLE_STRICT_OBJC_MSGSEND = YES;
				ENABLE_TESTABILITY = YES;
				GCC_C_LANGUAGE_STANDARD = gnu11;
				GCC_DYNAMIC_NO_PIC = NO;
				GCC_NO_COMMON_BLOCKS = YES;
				GCC_OPTIMIZATION_LEVEL = 0;
				GCC_PREPROCESSOR_DEFINITIONS = (
					"DEBUG=1",
					"$(inherited)",
				);
				GCC_WARN_64_TO_32_BIT_CONVERSION = YES;
				GCC_WARN_ABOUT_RETURN_TYPE = YES_ERROR;
				GCC_WARN_UNDECLARED_SELECTOR = YES;
				GCC_WARN_UNINITIALIZED_AUTOS = YES_AGGRESSIVE;
				GCC_WARN_UNUSED_FUNCTION = YES;
				GCC_WARN_UNUSED_VARIABLE = YES;
				IPHONEOS_DEPLOYMENT_TARGET = 12.0;
				MTL_ENABLE_DEBUG_INFO = INCLUDE_SOURCE;
				MTL_FAST_MATH = YES;
				ONLY_ACTIVE_ARCH = YES;
				SDKROOT = iphoneos;
				VERSIONING_SYSTEM = "apple-generic";
				VERSION_INFO_PREFIX = "";
			};
			name = Debug;
		};
		9095582827D833D0001AE414 /* Release */ = {
			isa = XCBuildConfiguration;
			buildSettings = {
				ALWAYS_SEARCH_USER_PATHS = NO;
				CLANG_ANALYZER_NONNULL = YES;
				CLANG_ANALYZER_NUMBER_OBJECT_CONVERSION = YES_AGGRESSIVE;
				CLANG_CXX_LANGUAGE_STANDARD = "gnu++17";
				CLANG_CXX_LIBRARY = "libc++";
				CLANG_ENABLE_MODULES = YES;
				CLANG_ENABLE_OBJC_ARC = YES;
				CLANG_ENABLE_OBJC_WEAK = YES;
				CLANG_WARN_BLOCK_CAPTURE_AUTORELEASING = YES;
				CLANG_WARN_BOOL_CONVERSION = YES;
				CLANG_WARN_COMMA = YES;
				CLANG_WARN_CONSTANT_CONVERSION = YES;
				CLANG_WARN_DEPRECATED_OBJC_IMPLEMENTATIONS = YES;
				CLANG_WARN_DIRECT_OBJC_ISA_USAGE = YES_ERROR;
				CLANG_WARN_DOCUMENTATION_COMMENTS = YES;
				CLANG_WARN_EMPTY_BODY = YES;
				CLANG_WARN_ENUM_CONVERSION = YES;
				CLANG_WARN_INFINITE_RECURSION = YES;
				CLANG_WARN_INT_CONVERSION = YES;
				CLANG_WARN_NON_LITERAL_NULL_CONVERSION = YES;
				CLANG_WARN_OBJC_IMPLICIT_RETAIN_SELF = YES;
				CLANG_WARN_OBJC_LITERAL_CONVERSION = YES;
				CLANG_WARN_OBJC_ROOT_CLASS = YES_ERROR;
				CLANG_WARN_QUOTED_INCLUDE_IN_FRAMEWORK_HEADER = YES;
				CLANG_WARN_RANGE_LOOP_ANALYSIS = YES;
				CLANG_WARN_STRICT_PROTOTYPES = YES;
				CLANG_WARN_SUSPICIOUS_MOVE = YES;
				CLANG_WARN_UNGUARDED_AVAILABILITY = YES_AGGRESSIVE;
				CLANG_WARN_UNREACHABLE_CODE = YES;
				CLANG_WARN__DUPLICATE_METHOD_MATCH = YES;
				COPY_PHASE_STRIP = NO;
				CURRENT_PROJECT_VERSION = 1;
				DEBUG_INFORMATION_FORMAT = "dwarf-with-dsym";
				ENABLE_NS_ASSERTIONS = NO;
				ENABLE_STRICT_OBJC_MSGSEND = YES;
				GCC_C_LANGUAGE_STANDARD = gnu11;
				GCC_NO_COMMON_BLOCKS = YES;
				GCC_WARN_64_TO_32_BIT_CONVERSION = YES;
				GCC_WARN_ABOUT_RETURN_TYPE = YES_ERROR;
				GCC_WARN_UNDECLARED_SELECTOR = YES;
				GCC_WARN_UNINITIALIZED_AUTOS = YES_AGGRESSIVE;
				GCC_WARN_UNUSED_FUNCTION = YES;
				GCC_WARN_UNUSED_VARIABLE = YES;
				IPHONEOS_DEPLOYMENT_TARGET = 12.0;
				MTL_ENABLE_DEBUG_INFO = NO;
				MTL_FAST_MATH = YES;
				SDKROOT = iphoneos;
				VALIDATE_PRODUCT = YES;
				VERSIONING_SYSTEM = "apple-generic";
				VERSION_INFO_PREFIX = "";
			};
			name = Release;
		};
		9095582A27D833D0001AE414 /* Debug */ = {
			isa = XCBuildConfiguration;
			buildSettings = {
				CODE_SIGN_IDENTITY = "Apple Development";
				"CODE_SIGN_IDENTITY[sdk=macosx*]" = "-";
				CODE_SIGN_STYLE = Manual;
				CURRENT_PROJECT_VERSION = 1;
				DEFINES_MODULE = YES;
				DEVELOPMENT_TEAM = "";
				DYLIB_COMPATIBILITY_VERSION = 1;
				DYLIB_CURRENT_VERSION = 1;
				DYLIB_INSTALL_NAME_BASE = "@rpath";
				GENERATE_INFOPLIST_FILE = YES;
				INFOPLIST_KEY_NSHumanReadableCopyright = "";
				INSTALL_PATH = "$(LOCAL_LIBRARY_DIR)/Frameworks";
				IPHONEOS_DEPLOYMENT_TARGET = 12.0;
				"IPHONEOS_DEPLOYMENT_TARGET[sdk=macosx*]" = 12.0;
				LD_RUNPATH_SEARCH_PATHS = (
					"$(inherited)",
					"@executable_path/Frameworks",
					"@loader_path/Frameworks",
				);
				MACOSX_DEPLOYMENT_TARGET = 10.15;
				MARKETING_VERSION = 1.0;
				PRODUCT_BUNDLE_IDENTIFIER = com.caspersdk.CasperSDKObjectiveC;
				"PRODUCT_BUNDLE_IDENTIFIER[sdk=macosx*]" = "";
				PRODUCT_NAME = "$(TARGET_NAME:c99extidentifier)";
				PROVISIONING_PROFILE_SPECIFIER = "";
				"PROVISIONING_PROFILE_SPECIFIER[sdk=macosx*]" = "";
				SKIP_INSTALL = YES;
				SUPPORTS_MACCATALYST = YES;
				SUPPORTS_MAC_DESIGNED_FOR_IPHONE_IPAD = NO;
				SWIFT_EMIT_LOC_STRINGS = YES;
				TARGETED_DEVICE_FAMILY = "1,2,6";
			};
			name = Debug;
		};
		9095582B27D833D0001AE414 /* Release */ = {
			isa = XCBuildConfiguration;
			buildSettings = {
				CODE_SIGN_IDENTITY = "Apple Development";
				"CODE_SIGN_IDENTITY[sdk=macosx*]" = "-";
				CODE_SIGN_STYLE = Manual;
				CURRENT_PROJECT_VERSION = 1;
				DEFINES_MODULE = YES;
				DEVELOPMENT_TEAM = "";
				DYLIB_COMPATIBILITY_VERSION = 1;
				DYLIB_CURRENT_VERSION = 1;
				DYLIB_INSTALL_NAME_BASE = "@rpath";
				GENERATE_INFOPLIST_FILE = YES;
				INFOPLIST_KEY_NSHumanReadableCopyright = "";
				INSTALL_PATH = "$(LOCAL_LIBRARY_DIR)/Frameworks";
				IPHONEOS_DEPLOYMENT_TARGET = 12.0;
				"IPHONEOS_DEPLOYMENT_TARGET[sdk=macosx*]" = 12.0;
				LD_RUNPATH_SEARCH_PATHS = (
					"$(inherited)",
					"@executable_path/Frameworks",
					"@loader_path/Frameworks",
				);
				MACOSX_DEPLOYMENT_TARGET = 10.15;
				MARKETING_VERSION = 1.0;
				PRODUCT_BUNDLE_IDENTIFIER = com.caspersdk.CasperSDKObjectiveC;
				"PRODUCT_BUNDLE_IDENTIFIER[sdk=macosx*]" = "";
				PRODUCT_NAME = "$(TARGET_NAME:c99extidentifier)";
				PROVISIONING_PROFILE_SPECIFIER = "";
				"PROVISIONING_PROFILE_SPECIFIER[sdk=macosx*]" = "";
				SKIP_INSTALL = YES;
				SUPPORTS_MACCATALYST = YES;
				SUPPORTS_MAC_DESIGNED_FOR_IPHONE_IPAD = NO;
				SWIFT_EMIT_LOC_STRINGS = YES;
				TARGETED_DEVICE_FAMILY = "1,2,6";
			};
			name = Release;
		};
		9095582D27D833D0001AE414 /* Debug */ = {
			isa = XCBuildConfiguration;
			buildSettings = {
				CODE_SIGN_IDENTITY = "Apple Development";
				"CODE_SIGN_IDENTITY[sdk=macosx*]" = "-";
				CODE_SIGN_STYLE = Manual;
				CURRENT_PROJECT_VERSION = 1;
				DEVELOPMENT_TEAM = "";
				GENERATE_INFOPLIST_FILE = YES;
				LD_RUNPATH_SEARCH_PATHS = (
					"$(inherited)",
					"@executable_path/Frameworks",
					"@loader_path/Frameworks",
				);
				MACOSX_DEPLOYMENT_TARGET = 10.15;
				MARKETING_VERSION = 1.0;
				PRODUCT_BUNDLE_IDENTIFIER = com.caspersdk.CasperSDKObjectiveCTests;
				"PRODUCT_BUNDLE_IDENTIFIER[sdk=macosx*]" = "";
				PRODUCT_NAME = "$(TARGET_NAME)";
				PROVISIONING_PROFILE_SPECIFIER = "";
				"PROVISIONING_PROFILE_SPECIFIER[sdk=macosx*]" = "";
				SWIFT_EMIT_LOC_STRINGS = NO;
				TARGETED_DEVICE_FAMILY = "1,2";
			};
			name = Debug;
		};
		9095582E27D833D0001AE414 /* Release */ = {
			isa = XCBuildConfiguration;
			buildSettings = {
				CODE_SIGN_IDENTITY = "Apple Development";
				"CODE_SIGN_IDENTITY[sdk=macosx*]" = "-";
				CODE_SIGN_STYLE = Manual;
				CURRENT_PROJECT_VERSION = 1;
				DEVELOPMENT_TEAM = "";
				GENERATE_INFOPLIST_FILE = YES;
				LD_RUNPATH_SEARCH_PATHS = (
					"$(inherited)",
					"@executable_path/Frameworks",
					"@loader_path/Frameworks",
				);
				MACOSX_DEPLOYMENT_TARGET = 10.15;
				MARKETING_VERSION = 1.0;
				PRODUCT_BUNDLE_IDENTIFIER = com.caspersdk.CasperSDKObjectiveCTests;
				"PRODUCT_BUNDLE_IDENTIFIER[sdk=macosx*]" = "";
				PRODUCT_NAME = "$(TARGET_NAME)";
				PROVISIONING_PROFILE_SPECIFIER = "";
				"PROVISIONING_PROFILE_SPECIFIER[sdk=macosx*]" = "";
				SWIFT_EMIT_LOC_STRINGS = NO;
				TARGETED_DEVICE_FAMILY = "1,2";
			};
			name = Release;
		};
/* End XCBuildConfiguration section */

/* Begin XCConfigurationList section */
		9095580F27D833D0001AE414 /* Build configuration list for PBXProject "CasperSDKObjectiveC" */ = {
			isa = XCConfigurationList;
			buildConfigurations = (
				9095582727D833D0001AE414 /* Debug */,
				9095582827D833D0001AE414 /* Release */,
			);
			defaultConfigurationIsVisible = 0;
			defaultConfigurationName = Release;
		};
		9095582927D833D0001AE414 /* Build configuration list for PBXNativeTarget "CasperSDKObjectiveC" */ = {
			isa = XCConfigurationList;
			buildConfigurations = (
				9095582A27D833D0001AE414 /* Debug */,
				9095582B27D833D0001AE414 /* Release */,
			);
			defaultConfigurationIsVisible = 0;
			defaultConfigurationName = Release;
		};
		9095582C27D833D0001AE414 /* Build configuration list for PBXNativeTarget "CasperSDKObjectiveCTests" */ = {
			isa = XCConfigurationList;
			buildConfigurations = (
				9095582D27D833D0001AE414 /* Debug */,
				9095582E27D833D0001AE414 /* Release */,
			);
			defaultConfigurationIsVisible = 0;
			defaultConfigurationName = Release;
		};
/* End XCConfigurationList section */
	};
	rootObject = 9095580C27D833D0001AE414 /* Project object */;
}
