// !$*UTF8*$!
{
	archiveVersion = 1;
	classes = {
	};
	objectVersion = 55;
	objects = {

/* Begin PBXBuildFile section */
		9072960727E5DE7800D0DEFE /* Delegator.m in Sources */ = {isa = PBXBuildFile; fileRef = 9072960627E5DE7800D0DEFE /* Delegator.m */; };
		9072960A27E5E70800D0DEFE /* Bid.m in Sources */ = {isa = PBXBuildFile; fileRef = 9072960927E5E70800D0DEFE /* Bid.m */; };
		9072960C27E5ED1800D0DEFE /* EraInfo.m in Sources */ = {isa = PBXBuildFile; fileRef = 9072960B27E5ED1800D0DEFE /* EraInfo.m */; };
		9072960E27E5EF0C00D0DEFE /* SeigniorageAllocation.m in Sources */ = {isa = PBXBuildFile; fileRef = 9072960D27E5EF0C00D0DEFE /* SeigniorageAllocation.m */; };
		9072961027E5F90600D0DEFE /* Transform_WriteEraInfo.m in Sources */ = {isa = PBXBuildFile; fileRef = 9072960F27E5F90600D0DEFE /* Transform_WriteEraInfo.m */; };
		9072961227E5F9BE00D0DEFE /* Transform_WriteTransfer.m in Sources */ = {isa = PBXBuildFile; fileRef = 9072961127E5F9BE00D0DEFE /* Transform_WriteTransfer.m */; };
		9072961627E5FE6C00D0DEFE /* Transform_WriteWithdraw.m in Sources */ = {isa = PBXBuildFile; fileRef = 9072961527E5FE6C00D0DEFE /* Transform_WriteWithdraw.m */; };
		9075817127F7B2A000D5022F /* Serialization_ExecutableDeployItemTest.m in Sources */ = {isa = PBXBuildFile; fileRef = 9075817027F7B2A000D5022F /* Serialization_ExecutableDeployItemTest.m */; };
		9075817527F7B36B00D5022F /* ExecutableDeployItemSerializationHelper.m in Sources */ = {isa = PBXBuildFile; fileRef = 9075817427F7B36B00D5022F /* ExecutableDeployItemSerializationHelper.m */; };
		9075817827F7B97E00D5022F /* CLTypeSerializeHelper.m in Sources */ = {isa = PBXBuildFile; fileRef = 9075817727F7B97E00D5022F /* CLTypeSerializeHelper.m */; };
		9075817B27F8619B00D5022F /* DeploySerialize.m in Sources */ = {isa = PBXBuildFile; fileRef = 9075817A27F8619B00D5022F /* DeploySerialize.m */; };
		9075817D27F869D900D5022F /* Serialization_DeployTest.m in Sources */ = {isa = PBXBuildFile; fileRef = 9075817C27F869D900D5022F /* Serialization_DeployTest.m */; };
		9075817F27F8AD7400D5022F /* QuotientNRemainder.m in Sources */ = {isa = PBXBuildFile; fileRef = 9075817E27F8AD7400D5022F /* QuotientNRemainder.m */; };
		9076288D27E0D3F200D00892 /* GetDeployResult.m in Sources */ = {isa = PBXBuildFile; fileRef = 9076288C27E0D3F200D00892 /* GetDeployResult.m */; };
		9076289027E0D43B00D00892 /* Deploy.m in Sources */ = {isa = PBXBuildFile; fileRef = 9076288F27E0D43B00D00892 /* Deploy.m */; };
		9076289327E0D53500D00892 /* DeployHeader.m in Sources */ = {isa = PBXBuildFile; fileRef = 9076289227E0D53500D00892 /* DeployHeader.m */; };
		9076289727E0D75400D00892 /* ExecutableDeployItem_ModuleBytes.m in Sources */ = {isa = PBXBuildFile; fileRef = 9076289627E0D75400D00892 /* ExecutableDeployItem_ModuleBytes.m */; };
		9076289A27E0D90200D00892 /* ExecutableDeployItem_StoredContractByHash.m in Sources */ = {isa = PBXBuildFile; fileRef = 9076289927E0D90200D00892 /* ExecutableDeployItem_StoredContractByHash.m */; };
		9076289D27E0D98500D00892 /* ExecutableDeployItem_StoredContractByName.m in Sources */ = {isa = PBXBuildFile; fileRef = 9076289C27E0D98500D00892 /* ExecutableDeployItem_StoredContractByName.m */; };
		907628A027E0D9E200D00892 /* ExecutableDeployItem_StoredVersionedContractByHash.m in Sources */ = {isa = PBXBuildFile; fileRef = 9076289F27E0D9E200D00892 /* ExecutableDeployItem_StoredVersionedContractByHash.m */; };
		907628A327E0DA2E00D00892 /* ExecutableDeployItem_StoredVersionedContractByName.m in Sources */ = {isa = PBXBuildFile; fileRef = 907628A227E0DA2E00D00892 /* ExecutableDeployItem_StoredVersionedContractByName.m */; };
		907628A627E0DAF300D00892 /* ExecutableDeployItem_Transfer.m in Sources */ = {isa = PBXBuildFile; fileRef = 907628A527E0DAF300D00892 /* ExecutableDeployItem_Transfer.m */; };
		907628A927E0DE3300D00892 /* NamedArg.m in Sources */ = {isa = PBXBuildFile; fileRef = 907628A827E0DE3300D00892 /* NamedArg.m */; };
		907628AB27E0E19D00D00892 /* GetDeployTest.m in Sources */ = {isa = PBXBuildFile; fileRef = 907628AA27E0E19D00D00892 /* GetDeployTest.m */; };
		90769BFE27E56032003552D8 /* Transform_AddKeys.m in Sources */ = {isa = PBXBuildFile; fileRef = 90769BFD27E56032003552D8 /* Transform_AddKeys.m */; };
		90769C0027E56173003552D8 /* NamedKey.m in Sources */ = {isa = PBXBuildFile; fileRef = 90769BFF27E56173003552D8 /* NamedKey.m */; };
		90769C0427E5917B003552D8 /* Transform_WriteBid.m in Sources */ = {isa = PBXBuildFile; fileRef = 90769C0327E5917B003552D8 /* Transform_WriteBid.m */; };
		90769C0727E5957A003552D8 /* VestingSchedule.m in Sources */ = {isa = PBXBuildFile; fileRef = 90769C0627E5957A003552D8 /* VestingSchedule.m */; };
		90776BAF27E80277000CF3AF /* GetEraInfoResult.m in Sources */ = {isa = PBXBuildFile; fileRef = 90776BAE27E80277000CF3AF /* GetEraInfoResult.m */; };
		90776BB227E802CB000CF3AF /* EraSummary.m in Sources */ = {isa = PBXBuildFile; fileRef = 90776BB127E802CB000CF3AF /* EraSummary.m */; };
		90776BB527E80392000CF3AF /* StoredValue.m in Sources */ = {isa = PBXBuildFile; fileRef = 90776BB427E80392000CF3AF /* StoredValue.m */; };
		90776BB727E837A2000CF3AF /* GetEraInfoBySwitchBlockTest.m in Sources */ = {isa = PBXBuildFile; fileRef = 90776BB627E837A2000CF3AF /* GetEraInfoBySwitchBlockTest.m */; };
		907978F027DC963E00B69B4E /* GetPeerList.h in Headers */ = {isa = PBXBuildFile; fileRef = 907978EA27DC963E00B69B4E /* GetPeerList.h */; };
		907978F127DC963E00B69B4E /* GetPeerList.m in Sources */ = {isa = PBXBuildFile; fileRef = 907978EB27DC963E00B69B4E /* GetPeerList.m */; };
		907978F227DC963E00B69B4E /* GetPeerResult.h in Headers */ = {isa = PBXBuildFile; fileRef = 907978EC27DC963E00B69B4E /* GetPeerResult.h */; };
		907978F327DC963E00B69B4E /* GetPeerResult.m in Sources */ = {isa = PBXBuildFile; fileRef = 907978ED27DC963E00B69B4E /* GetPeerResult.m */; };
		907978F427DC963E00B69B4E /* PeerEntry.h in Headers */ = {isa = PBXBuildFile; fileRef = 907978EE27DC963E00B69B4E /* PeerEntry.h */; };
		907978F527DC963E00B69B4E /* PeerEntry.m in Sources */ = {isa = PBXBuildFile; fileRef = 907978EF27DC963E00B69B4E /* PeerEntry.m */; };
		907978FE27DC966100B69B4E /* ConstValues.h in Headers */ = {isa = PBXBuildFile; fileRef = 907978F627DC966100B69B4E /* ConstValues.h */; };
		907978FF27DC966100B69B4E /* CasperErrorMessage.m in Sources */ = {isa = PBXBuildFile; fileRef = 907978F727DC966100B69B4E /* CasperErrorMessage.m */; };
		9079790027DC966100B69B4E /* BlockIdentifider.m in Sources */ = {isa = PBXBuildFile; fileRef = 907978F827DC966100B69B4E /* BlockIdentifider.m */; };
		9079790127DC966100B69B4E /* ConstValues.m in Sources */ = {isa = PBXBuildFile; fileRef = 907978F927DC966100B69B4E /* ConstValues.m */; };
		9079790227DC966100B69B4E /* CasperErrorMessage.h in Headers */ = {isa = PBXBuildFile; fileRef = 907978FA27DC966100B69B4E /* CasperErrorMessage.h */; };
		9079790327DC966100B69B4E /* BlockIdentifier.h in Headers */ = {isa = PBXBuildFile; fileRef = 907978FB27DC966100B69B4E /* BlockIdentifier.h */; };
		9079790427DC966100B69B4E /* GetStateRootHash.h in Headers */ = {isa = PBXBuildFile; fileRef = 907978FC27DC966100B69B4E /* GetStateRootHash.h */; };
		9079790527DC966100B69B4E /* GetStateRootHash.m in Sources */ = {isa = PBXBuildFile; fileRef = 907978FD27DC966100B69B4E /* GetStateRootHash.m */; };
		9079790A27DC96AA00B69B4E /* HttpHandler.m in Sources */ = {isa = PBXBuildFile; fileRef = 9079790627DC96AA00B69B4E /* HttpHandler.m */; };
		9079790C27DC96AA00B69B4E /* HttpHandler.h in Headers */ = {isa = PBXBuildFile; fileRef = 9079790827DC96AA00B69B4E /* HttpHandler.h */; };
		9079791027DC96BB00B69B4E /* GetStateRootHashTest.m in Sources */ = {isa = PBXBuildFile; fileRef = 9079790E27DC96BB00B69B4E /* GetStateRootHashTest.m */; };
		9079791527DCB1CE00B69B4E /* GetPeerResultTest.m in Sources */ = {isa = PBXBuildFile; fileRef = 9079791427DCB1CE00B69B4E /* GetPeerResultTest.m */; };
		9079791927DCBD0900B69B4E /* GetStatusResult.m in Sources */ = {isa = PBXBuildFile; fileRef = 9079791827DCBD0900B69B4E /* GetStatusResult.m */; };
		9089363027E86D600075035F /* Account.m in Sources */ = {isa = PBXBuildFile; fileRef = 9089362F27E86D600075035F /* Account.m */; };
		9089363327E86F480075035F /* ActionThresholds.m in Sources */ = {isa = PBXBuildFile; fileRef = 9089363227E86F480075035F /* ActionThresholds.m */; };
		9089363627E86FAA0075035F /* AssociatedKey.m in Sources */ = {isa = PBXBuildFile; fileRef = 9089363527E86FAA0075035F /* AssociatedKey.m */; };
		9089363927E87B6D0075035F /* ContractPackage.m in Sources */ = {isa = PBXBuildFile; fileRef = 9089363827E87B6D0075035F /* ContractPackage.m */; };
		9089363C27E889F60075035F /* DisabledVersion.m in Sources */ = {isa = PBXBuildFile; fileRef = 9089363B27E889F60075035F /* DisabledVersion.m */; };
		9089363F27E88E670075035F /* Groups.m in Sources */ = {isa = PBXBuildFile; fileRef = 9089363E27E88E670075035F /* Groups.m */; };
		9089364227E890980075035F /* ContractVersion.m in Sources */ = {isa = PBXBuildFile; fileRef = 9089364127E890980075035F /* ContractVersion.m */; };
		9089364527E895BC0075035F /* Contract.m in Sources */ = {isa = PBXBuildFile; fileRef = 9089364427E895BC0075035F /* Contract.m */; };
		9089364827E8B0D10075035F /* EntryPoint.m in Sources */ = {isa = PBXBuildFile; fileRef = 9089364727E8B0D10075035F /* EntryPoint.m */; };
		9089364B27E8B2080075035F /* EntryPointAccess.m in Sources */ = {isa = PBXBuildFile; fileRef = 9089364A27E8B2080075035F /* EntryPointAccess.m */; };
		9089364E27E8B7850075035F /* Parameter.m in Sources */ = {isa = PBXBuildFile; fileRef = 9089364D27E8B7850075035F /* Parameter.m */; };
		908A6A4E27E2281B00D850AD /* JsonExecutionResult.m in Sources */ = {isa = PBXBuildFile; fileRef = 908A6A4D27E2281B00D850AD /* JsonExecutionResult.m */; };
		908A6A5727E22BD600D850AD /* ExecutableDeployItem.m in Sources */ = {isa = PBXBuildFile; fileRef = 908A6A5627E22BD600D850AD /* ExecutableDeployItem.m */; };
		908A6A5A27E23A9600D850AD /* GetDeployParams.m in Sources */ = {isa = PBXBuildFile; fileRef = 908A6A5927E23A9600D850AD /* GetDeployParams.m */; };
		908E6D3627E2D8F9003C17CC /* RuntimeArgs.m in Sources */ = {isa = PBXBuildFile; fileRef = 908E6D3527E2D8F9003C17CC /* RuntimeArgs.m */; };
		9091ABBB27E632A1002A51F1 /* UnbondingPurse.m in Sources */ = {isa = PBXBuildFile; fileRef = 9091ABBA27E632A1002A51F1 /* UnbondingPurse.m */; };
		9092A24C27DF393B00D0361C /* GetBlockResult.m in Sources */ = {isa = PBXBuildFile; fileRef = 9092A24B27DF393B00D0361C /* GetBlockResult.m */; };
		9092A24F27DF398700D0361C /* JsonBlock.m in Sources */ = {isa = PBXBuildFile; fileRef = 9092A24E27DF398700D0361C /* JsonBlock.m */; };
		9092A25227DF3A6100D0361C /* JsonBlockHeader.m in Sources */ = {isa = PBXBuildFile; fileRef = 9092A25127DF3A6100D0361C /* JsonBlockHeader.m */; };
		9092A25527DF3B5500D0361C /* JsonEraEnd.m in Sources */ = {isa = PBXBuildFile; fileRef = 9092A25427DF3B5500D0361C /* JsonEraEnd.m */; };
		9092A25827DF3BAC00D0361C /* JsonEraReport.m in Sources */ = {isa = PBXBuildFile; fileRef = 9092A25727DF3BAC00D0361C /* JsonEraReport.m */; };
		9092A25B27DF3C7300D0361C /* JsonBlockBody.m in Sources */ = {isa = PBXBuildFile; fileRef = 9092A25A27DF3C7300D0361C /* JsonBlockBody.m */; };
		9092A25E27DF3CD900D0361C /* JsonProof.m in Sources */ = {isa = PBXBuildFile; fileRef = 9092A25D27DF3CD900D0361C /* JsonProof.m */; };
		9092A26127DF3FED00D0361C /* ValidatorWeight.m in Sources */ = {isa = PBXBuildFile; fileRef = 9092A26027DF3FED00D0361C /* ValidatorWeight.m */; };
		9092A26427DF450C00D0361C /* Reward.m in Sources */ = {isa = PBXBuildFile; fileRef = 9092A26327DF450C00D0361C /* Reward.m */; };
		909424D427E974CC00351197 /* GetItemParams.m in Sources */ = {isa = PBXBuildFile; fileRef = 909424D327E974CC00351197 /* GetItemParams.m */; };
		909424D727E974F200351197 /* GetItemResult.m in Sources */ = {isa = PBXBuildFile; fileRef = 909424D627E974F200351197 /* GetItemResult.m */; };
		909424D927E97E7500351197 /* GetItemTest.m in Sources */ = {isa = PBXBuildFile; fileRef = 909424D827E97E7500351197 /* GetItemTest.m */; };
		909424DB27E9E4C500351197 /* GetDictionaryItemTest.m in Sources */ = {isa = PBXBuildFile; fileRef = 909424DA27E9E4C500351197 /* GetDictionaryItemTest.m */; };
		909424DF27E9E4F300351197 /* GetDictionaryItemParams.m in Sources */ = {isa = PBXBuildFile; fileRef = 909424DE27E9E4F300351197 /* GetDictionaryItemParams.m */; };
		909424E327E9E95F00351197 /* DictionaryIdentifier_AccountNamedKey.m in Sources */ = {isa = PBXBuildFile; fileRef = 909424E227E9E95F00351197 /* DictionaryIdentifier_AccountNamedKey.m */; };
		909424E627E9E9D300351197 /* DictionaryIdentifier_ContractNamedKey.m in Sources */ = {isa = PBXBuildFile; fileRef = 909424E527E9E9D300351197 /* DictionaryIdentifier_ContractNamedKey.m */; };
		909424E927E9EA2B00351197 /* DictionaryIdentifier_URef.m in Sources */ = {isa = PBXBuildFile; fileRef = 909424E827E9EA2B00351197 /* DictionaryIdentifier_URef.m */; };
		909424EC27E9EAD100351197 /* DictionaryIdentifier_Dictionary.m in Sources */ = {isa = PBXBuildFile; fileRef = 909424EB27E9EAD100351197 /* DictionaryIdentifier_Dictionary.m */; };
		909424EF27E9F1CF00351197 /* GetDictionaryItemResult.m in Sources */ = {isa = PBXBuildFile; fileRef = 909424EE27E9F1CF00351197 /* GetDictionaryItemResult.m */; };
		909424F327EA22C500351197 /* GetBalanceParams.m in Sources */ = {isa = PBXBuildFile; fileRef = 909424F227EA22C500351197 /* GetBalanceParams.m */; };
		909424F627EA23AF00351197 /* GetBalanceResult.m in Sources */ = {isa = PBXBuildFile; fileRef = 909424F527EA23AF00351197 /* GetBalanceResult.m */; };
		909424F827EA24E600351197 /* GetBalanceTest.m in Sources */ = {isa = PBXBuildFile; fileRef = 909424F727EA24E600351197 /* GetBalanceTest.m */; };
		909424FC27EA275E00351197 /* GetAuctionInfoResult.m in Sources */ = {isa = PBXBuildFile; fileRef = 909424FB27EA275E00351197 /* GetAuctionInfoResult.m */; };
		909424FF27EA27A000351197 /* AuctionState.m in Sources */ = {isa = PBXBuildFile; fileRef = 909424FE27EA27A000351197 /* AuctionState.m */; };
		9094250227EA284200351197 /* JsonEraValidators.m in Sources */ = {isa = PBXBuildFile; fileRef = 9094250127EA284200351197 /* JsonEraValidators.m */; };
		9094250527EA28CE00351197 /* JsonValidatorWeights.m in Sources */ = {isa = PBXBuildFile; fileRef = 9094250427EA28CE00351197 /* JsonValidatorWeights.m */; };
		9094250727EA295900351197 /* GetAuctionInfoTest.m in Sources */ = {isa = PBXBuildFile; fileRef = 9094250627EA295900351197 /* GetAuctionInfoTest.m */; };
		9095581A27D833D0001AE414 /* CasperSDKObjectiveC.docc in Sources */ = {isa = PBXBuildFile; fileRef = 9095581927D833D0001AE414 /* CasperSDKObjectiveC.docc */; };
		9095582027D833D0001AE414 /* CasperSDKObjectiveC.framework in Frameworks */ = {isa = PBXBuildFile; fileRef = 9095581527D833D0001AE414 /* CasperSDKObjectiveC.framework */; };
		90955F1027E14C0E00F0FE7A /* CLValue.m in Sources */ = {isa = PBXBuildFile; fileRef = 90955F0F27E14C0E00F0FE7A /* CLValue.m */; };
		90955F1327E14C6900F0FE7A /* CLType.m in Sources */ = {isa = PBXBuildFile; fileRef = 90955F1227E14C6900F0FE7A /* CLType.m */; };
		90955F2127E15CA000F0FE7A /* CLParsed.m in Sources */ = {isa = PBXBuildFile; fileRef = 90955F2027E15CA000F0FE7A /* CLParsed.m */; };
		9095D96C27DDEE7A00D58545 /* MinimalBlockInfo.m in Sources */ = {isa = PBXBuildFile; fileRef = 9095D96B27DDEE7A00D58545 /* MinimalBlockInfo.m */; };
		9095D96F27DDF2CA00D58545 /* ActivationPoint.m in Sources */ = {isa = PBXBuildFile; fileRef = 9095D96E27DDF2CA00D58545 /* ActivationPoint.m */; };
		9095D97227DDF59400D58545 /* NextUpgrade.m in Sources */ = {isa = PBXBuildFile; fileRef = 9095D97127DDF59400D58545 /* NextUpgrade.m */; };
		9095D97427DDFB0400D58545 /* GetStatusTest.m in Sources */ = {isa = PBXBuildFile; fileRef = 9095D97327DDFB0400D58545 /* GetStatusTest.m */; };
		9095D97827DE0E5000D58545 /* GetBlockTransfersResult.m in Sources */ = {isa = PBXBuildFile; fileRef = 9095D97727DE0E5000D58545 /* GetBlockTransfersResult.m */; };
		9095D97B27DE0F3600D58545 /* Transfer.m in Sources */ = {isa = PBXBuildFile; fileRef = 9095D97A27DE0F3600D58545 /* Transfer.m */; };
		9095D97F27DE0F9900D58545 /* U128Class.m in Sources */ = {isa = PBXBuildFile; fileRef = 9095D97E27DE0F9900D58545 /* U128Class.m */; };
		9095D98227DE0FAD00D58545 /* U256Class.m in Sources */ = {isa = PBXBuildFile; fileRef = 9095D98127DE0FAD00D58545 /* U256Class.m */; };
		9095D98527DE0FC000D58545 /* U512Class.m in Sources */ = {isa = PBXBuildFile; fileRef = 9095D98427DE0FC000D58545 /* U512Class.m */; };
		9095D98827DE111500D58545 /* BigNumber.m in Sources */ = {isa = PBXBuildFile; fileRef = 9095D98727DE111500D58545 /* BigNumber.m */; };
		9095D98A27DE3E1E00D58545 /* GetBlockTransfersResultTest.m in Sources */ = {isa = PBXBuildFile; fileRef = 9095D98927DE3E1E00D58545 /* GetBlockTransfersResultTest.m */; };
		9096E4A927E00A4B0076E634 /* GetBlockTest.m in Sources */ = {isa = PBXBuildFile; fileRef = 9096E4A827E00A4B0076E634 /* GetBlockTest.m */; };
		9096E4AD27E084890076E634 /* Utils.m in Sources */ = {isa = PBXBuildFile; fileRef = 9096E4AC27E084890076E634 /* Utils.m */; };
		9097335027F2BDF3009C18BF /* CLParseSerializeHelper.m in Sources */ = {isa = PBXBuildFile; fileRef = 9097334F27F2BDF3009C18BF /* CLParseSerializeHelper.m */; };
		9097335327F2C1EA009C18BF /* NumberSerialize.m in Sources */ = {isa = PBXBuildFile; fileRef = 9097335227F2C1EA009C18BF /* NumberSerialize.m */; };
		9097335527F2C553009C18BF /* Serialization_CLTypeTest.m in Sources */ = {isa = PBXBuildFile; fileRef = 9097335427F2C553009C18BF /* Serialization_CLTypeTest.m */; };
		9097335727F2C55F009C18BF /* Serialization_CLValueTest.m in Sources */ = {isa = PBXBuildFile; fileRef = 9097335627F2C55F009C18BF /* Serialization_CLValueTest.m */; };
		90CAF5BA27E4A47600AAA913 /* ExecutionEffect.m in Sources */ = {isa = PBXBuildFile; fileRef = 90CAF5B927E4A47600AAA913 /* ExecutionEffect.m */; };
		90CAF5BD27E4A55A00AAA913 /* Operation.m in Sources */ = {isa = PBXBuildFile; fileRef = 90CAF5BC27E4A55A00AAA913 /* Operation.m */; };
		90CAF5C027E4A65300AAA913 /* TransformEntry.m in Sources */ = {isa = PBXBuildFile; fileRef = 90CAF5BF27E4A65300AAA913 /* TransformEntry.m */; };
		90CAF5C727E4C85500AAA913 /* Transform_WriteCLValue.m in Sources */ = {isa = PBXBuildFile; fileRef = 90CAF5C627E4C85500AAA913 /* Transform_WriteCLValue.m */; };
		90CAF5CD27E4CE0600AAA913 /* Transform_WriteDeployInfo.m in Sources */ = {isa = PBXBuildFile; fileRef = 90CAF5CC27E4CE0600AAA913 /* Transform_WriteDeployInfo.m */; };
		90CAF5D027E4CF2C00AAA913 /* DeployInfo.m in Sources */ = {isa = PBXBuildFile; fileRef = 90CAF5CF27E4CF2C00AAA913 /* DeployInfo.m */; };
/* End PBXBuildFile section */

/* Begin PBXContainerItemProxy section */
		9095582127D833D0001AE414 /* PBXContainerItemProxy */ = {
			isa = PBXContainerItemProxy;
			containerPortal = 9095580C27D833D0001AE414 /* Project object */;
			proxyType = 1;
			remoteGlobalIDString = 9095581427D833D0001AE414;
			remoteInfo = CasperSDKObjectiveC;
		};
/* End PBXContainerItemProxy section */

/* Begin PBXFileReference section */
		9072960527E5DC8F00D0DEFE /* Delegator.h */ = {isa = PBXFileReference; lastKnownFileType = sourcecode.c.h; path = Delegator.h; sourceTree = "<group>"; };
		9072960627E5DE7800D0DEFE /* Delegator.m */ = {isa = PBXFileReference; lastKnownFileType = sourcecode.c.objc; path = Delegator.m; sourceTree = "<group>"; };
		9072960827E5E6FE00D0DEFE /* Bid.h */ = {isa = PBXFileReference; lastKnownFileType = sourcecode.c.h; path = Bid.h; sourceTree = "<group>"; };
		9072960927E5E70800D0DEFE /* Bid.m */ = {isa = PBXFileReference; lastKnownFileType = sourcecode.c.objc; path = Bid.m; sourceTree = "<group>"; };
		9072960B27E5ED1800D0DEFE /* EraInfo.m */ = {isa = PBXFileReference; lastKnownFileType = sourcecode.c.objc; path = EraInfo.m; sourceTree = "<group>"; };
		9072960D27E5EF0C00D0DEFE /* SeigniorageAllocation.m */ = {isa = PBXFileReference; lastKnownFileType = sourcecode.c.objc; path = SeigniorageAllocation.m; sourceTree = "<group>"; };
		9072960F27E5F90600D0DEFE /* Transform_WriteEraInfo.m */ = {isa = PBXFileReference; lastKnownFileType = sourcecode.c.objc; path = Transform_WriteEraInfo.m; sourceTree = "<group>"; };
		9072961127E5F9BE00D0DEFE /* Transform_WriteTransfer.m */ = {isa = PBXFileReference; lastKnownFileType = sourcecode.c.objc; path = Transform_WriteTransfer.m; sourceTree = "<group>"; };
		9072961527E5FE6C00D0DEFE /* Transform_WriteWithdraw.m */ = {isa = PBXFileReference; lastKnownFileType = sourcecode.c.objc; path = Transform_WriteWithdraw.m; sourceTree = "<group>"; };
		9075817027F7B2A000D5022F /* Serialization_ExecutableDeployItemTest.m */ = {isa = PBXFileReference; lastKnownFileType = sourcecode.c.objc; path = Serialization_ExecutableDeployItemTest.m; sourceTree = "<group>"; };
		9075817327F7B33100D5022F /* ExecutableDeployItemSerializationHelper.h */ = {isa = PBXFileReference; lastKnownFileType = sourcecode.c.h; path = ExecutableDeployItemSerializationHelper.h; sourceTree = "<group>"; };
		9075817427F7B36B00D5022F /* ExecutableDeployItemSerializationHelper.m */ = {isa = PBXFileReference; lastKnownFileType = sourcecode.c.objc; path = ExecutableDeployItemSerializationHelper.m; sourceTree = "<group>"; };
		9075817627F7B8F400D5022F /* CLTypeSerializeHelper.h */ = {isa = PBXFileReference; lastKnownFileType = sourcecode.c.h; path = CLTypeSerializeHelper.h; sourceTree = "<group>"; };
		9075817727F7B97E00D5022F /* CLTypeSerializeHelper.m */ = {isa = PBXFileReference; lastKnownFileType = sourcecode.c.objc; path = CLTypeSerializeHelper.m; sourceTree = "<group>"; };
		9075817927F8616300D5022F /* DeploySerialize.h */ = {isa = PBXFileReference; lastKnownFileType = sourcecode.c.h; path = DeploySerialize.h; sourceTree = "<group>"; };
		9075817A27F8619B00D5022F /* DeploySerialize.m */ = {isa = PBXFileReference; lastKnownFileType = sourcecode.c.objc; path = DeploySerialize.m; sourceTree = "<group>"; };
		9075817C27F869D900D5022F /* Serialization_DeployTest.m */ = {isa = PBXFileReference; lastKnownFileType = sourcecode.c.objc; path = Serialization_DeployTest.m; sourceTree = "<group>"; };
		9075817E27F8AD7400D5022F /* QuotientNRemainder.m */ = {isa = PBXFileReference; fileEncoding = 4; lastKnownFileType = sourcecode.c.objc; path = QuotientNRemainder.m; sourceTree = "<group>"; };
		9076288B27E0D3E800D00892 /* GetDeployResult.h */ = {isa = PBXFileReference; lastKnownFileType = sourcecode.c.h; path = GetDeployResult.h; sourceTree = "<group>"; };
		9076288C27E0D3F200D00892 /* GetDeployResult.m */ = {isa = PBXFileReference; lastKnownFileType = sourcecode.c.objc; path = GetDeployResult.m; sourceTree = "<group>"; };
		9076288E27E0D43300D00892 /* Deploy.h */ = {isa = PBXFileReference; lastKnownFileType = sourcecode.c.h; path = Deploy.h; sourceTree = "<group>"; };
		9076288F27E0D43B00D00892 /* Deploy.m */ = {isa = PBXFileReference; lastKnownFileType = sourcecode.c.objc; path = Deploy.m; sourceTree = "<group>"; };
		9076289127E0D52B00D00892 /* DeployHeader.h */ = {isa = PBXFileReference; lastKnownFileType = sourcecode.c.h; path = DeployHeader.h; sourceTree = "<group>"; };
		9076289227E0D53500D00892 /* DeployHeader.m */ = {isa = PBXFileReference; lastKnownFileType = sourcecode.c.objc; path = DeployHeader.m; sourceTree = "<group>"; };
		9076289527E0D66300D00892 /* ExecutableDeployItem_ModuleBytes.h */ = {isa = PBXFileReference; lastKnownFileType = sourcecode.c.h; path = ExecutableDeployItem_ModuleBytes.h; sourceTree = "<group>"; };
		9076289627E0D75400D00892 /* ExecutableDeployItem_ModuleBytes.m */ = {isa = PBXFileReference; lastKnownFileType = sourcecode.c.objc; path = ExecutableDeployItem_ModuleBytes.m; sourceTree = "<group>"; };
		9076289827E0D7C200D00892 /* ExecutableDeployItem_StoredContractByHash.h */ = {isa = PBXFileReference; lastKnownFileType = sourcecode.c.h; path = ExecutableDeployItem_StoredContractByHash.h; sourceTree = "<group>"; };
		9076289927E0D90200D00892 /* ExecutableDeployItem_StoredContractByHash.m */ = {isa = PBXFileReference; lastKnownFileType = sourcecode.c.objc; path = ExecutableDeployItem_StoredContractByHash.m; sourceTree = "<group>"; };
		9076289B27E0D95200D00892 /* ExecutableDeployItem_StoredContractByName.h */ = {isa = PBXFileReference; lastKnownFileType = sourcecode.c.h; path = ExecutableDeployItem_StoredContractByName.h; sourceTree = "<group>"; };
		9076289C27E0D98500D00892 /* ExecutableDeployItem_StoredContractByName.m */ = {isa = PBXFileReference; lastKnownFileType = sourcecode.c.objc; path = ExecutableDeployItem_StoredContractByName.m; sourceTree = "<group>"; };
		9076289E27E0D9BF00D00892 /* ExecutableDeployItem_StoredVersionedContractByHash.h */ = {isa = PBXFileReference; lastKnownFileType = sourcecode.c.h; path = ExecutableDeployItem_StoredVersionedContractByHash.h; sourceTree = "<group>"; };
		9076289F27E0D9E200D00892 /* ExecutableDeployItem_StoredVersionedContractByHash.m */ = {isa = PBXFileReference; lastKnownFileType = sourcecode.c.objc; path = ExecutableDeployItem_StoredVersionedContractByHash.m; sourceTree = "<group>"; };
		907628A127E0DA1100D00892 /* ExecutableDeployItem_StoredVersionedContractByName.h */ = {isa = PBXFileReference; lastKnownFileType = sourcecode.c.h; path = ExecutableDeployItem_StoredVersionedContractByName.h; sourceTree = "<group>"; };
		907628A227E0DA2E00D00892 /* ExecutableDeployItem_StoredVersionedContractByName.m */ = {isa = PBXFileReference; lastKnownFileType = sourcecode.c.objc; path = ExecutableDeployItem_StoredVersionedContractByName.m; sourceTree = "<group>"; };
		907628A427E0DAE000D00892 /* ExecutableDeployItem_Transfer.h */ = {isa = PBXFileReference; lastKnownFileType = sourcecode.c.h; path = ExecutableDeployItem_Transfer.h; sourceTree = "<group>"; };
		907628A527E0DAF300D00892 /* ExecutableDeployItem_Transfer.m */ = {isa = PBXFileReference; lastKnownFileType = sourcecode.c.objc; path = ExecutableDeployItem_Transfer.m; sourceTree = "<group>"; };
		907628A727E0DE2100D00892 /* NamedArg.h */ = {isa = PBXFileReference; lastKnownFileType = sourcecode.c.h; path = NamedArg.h; sourceTree = "<group>"; };
		907628A827E0DE3300D00892 /* NamedArg.m */ = {isa = PBXFileReference; lastKnownFileType = sourcecode.c.objc; path = NamedArg.m; sourceTree = "<group>"; };
		907628AA27E0E19D00D00892 /* GetDeployTest.m */ = {isa = PBXFileReference; lastKnownFileType = sourcecode.c.objc; path = GetDeployTest.m; sourceTree = "<group>"; };
		90769BFD27E56032003552D8 /* Transform_AddKeys.m */ = {isa = PBXFileReference; lastKnownFileType = sourcecode.c.objc; path = Transform_AddKeys.m; sourceTree = "<group>"; };
		90769BFF27E56173003552D8 /* NamedKey.m */ = {isa = PBXFileReference; lastKnownFileType = sourcecode.c.objc; path = NamedKey.m; sourceTree = "<group>"; };
		90769C0327E5917B003552D8 /* Transform_WriteBid.m */ = {isa = PBXFileReference; lastKnownFileType = sourcecode.c.objc; path = Transform_WriteBid.m; sourceTree = "<group>"; };
		90769C0527E59473003552D8 /* VestingSchedule.h */ = {isa = PBXFileReference; lastKnownFileType = sourcecode.c.h; path = VestingSchedule.h; sourceTree = "<group>"; };
		90769C0627E5957A003552D8 /* VestingSchedule.m */ = {isa = PBXFileReference; lastKnownFileType = sourcecode.c.objc; path = VestingSchedule.m; sourceTree = "<group>"; };
		90776BAD27E80271000CF3AF /* GetEraInfoResult.h */ = {isa = PBXFileReference; lastKnownFileType = sourcecode.c.h; path = GetEraInfoResult.h; sourceTree = "<group>"; };
		90776BAE27E80277000CF3AF /* GetEraInfoResult.m */ = {isa = PBXFileReference; lastKnownFileType = sourcecode.c.objc; path = GetEraInfoResult.m; sourceTree = "<group>"; };
		90776BB027E802BF000CF3AF /* EraSummary.h */ = {isa = PBXFileReference; lastKnownFileType = sourcecode.c.h; path = EraSummary.h; sourceTree = "<group>"; };
		90776BB127E802CB000CF3AF /* EraSummary.m */ = {isa = PBXFileReference; lastKnownFileType = sourcecode.c.objc; path = EraSummary.m; sourceTree = "<group>"; };
		90776BB327E8038D000CF3AF /* StoredValue.h */ = {isa = PBXFileReference; lastKnownFileType = sourcecode.c.h; path = StoredValue.h; sourceTree = "<group>"; };
		90776BB427E80392000CF3AF /* StoredValue.m */ = {isa = PBXFileReference; lastKnownFileType = sourcecode.c.objc; path = StoredValue.m; sourceTree = "<group>"; };
		90776BB627E837A2000CF3AF /* GetEraInfoBySwitchBlockTest.m */ = {isa = PBXFileReference; lastKnownFileType = sourcecode.c.objc; path = GetEraInfoBySwitchBlockTest.m; sourceTree = "<group>"; };
		907978EA27DC963E00B69B4E /* GetPeerList.h */ = {isa = PBXFileReference; fileEncoding = 4; lastKnownFileType = sourcecode.c.h; path = GetPeerList.h; sourceTree = "<group>"; };
		907978EB27DC963E00B69B4E /* GetPeerList.m */ = {isa = PBXFileReference; fileEncoding = 4; lastKnownFileType = sourcecode.c.objc; path = GetPeerList.m; sourceTree = "<group>"; };
		907978EC27DC963E00B69B4E /* GetPeerResult.h */ = {isa = PBXFileReference; fileEncoding = 4; lastKnownFileType = sourcecode.c.h; path = GetPeerResult.h; sourceTree = "<group>"; };
		907978ED27DC963E00B69B4E /* GetPeerResult.m */ = {isa = PBXFileReference; fileEncoding = 4; lastKnownFileType = sourcecode.c.objc; path = GetPeerResult.m; sourceTree = "<group>"; };
		907978EE27DC963E00B69B4E /* PeerEntry.h */ = {isa = PBXFileReference; fileEncoding = 4; lastKnownFileType = sourcecode.c.h; path = PeerEntry.h; sourceTree = "<group>"; };
		907978EF27DC963E00B69B4E /* PeerEntry.m */ = {isa = PBXFileReference; fileEncoding = 4; lastKnownFileType = sourcecode.c.objc; path = PeerEntry.m; sourceTree = "<group>"; };
		907978F627DC966100B69B4E /* ConstValues.h */ = {isa = PBXFileReference; fileEncoding = 4; lastKnownFileType = sourcecode.c.h; path = ConstValues.h; sourceTree = "<group>"; };
		907978F727DC966100B69B4E /* CasperErrorMessage.m */ = {isa = PBXFileReference; fileEncoding = 4; lastKnownFileType = sourcecode.c.objc; path = CasperErrorMessage.m; sourceTree = "<group>"; };
		907978F827DC966100B69B4E /* BlockIdentifider.m */ = {isa = PBXFileReference; fileEncoding = 4; lastKnownFileType = sourcecode.c.objc; path = BlockIdentifider.m; sourceTree = "<group>"; };
		907978F927DC966100B69B4E /* ConstValues.m */ = {isa = PBXFileReference; fileEncoding = 4; lastKnownFileType = sourcecode.c.objc; path = ConstValues.m; sourceTree = "<group>"; };
		907978FA27DC966100B69B4E /* CasperErrorMessage.h */ = {isa = PBXFileReference; fileEncoding = 4; lastKnownFileType = sourcecode.c.h; path = CasperErrorMessage.h; sourceTree = "<group>"; };
		907978FB27DC966100B69B4E /* BlockIdentifier.h */ = {isa = PBXFileReference; fileEncoding = 4; lastKnownFileType = sourcecode.c.h; path = BlockIdentifier.h; sourceTree = "<group>"; };
		907978FC27DC966100B69B4E /* GetStateRootHash.h */ = {isa = PBXFileReference; fileEncoding = 4; lastKnownFileType = sourcecode.c.h; path = GetStateRootHash.h; sourceTree = "<group>"; };
		907978FD27DC966100B69B4E /* GetStateRootHash.m */ = {isa = PBXFileReference; fileEncoding = 4; lastKnownFileType = sourcecode.c.objc; path = GetStateRootHash.m; sourceTree = "<group>"; };
		9079790627DC96AA00B69B4E /* HttpHandler.m */ = {isa = PBXFileReference; fileEncoding = 4; lastKnownFileType = sourcecode.c.objc; path = HttpHandler.m; sourceTree = "<group>"; };
		9079790827DC96AA00B69B4E /* HttpHandler.h */ = {isa = PBXFileReference; fileEncoding = 4; lastKnownFileType = sourcecode.c.h; path = HttpHandler.h; sourceTree = "<group>"; };
		9079790E27DC96BB00B69B4E /* GetStateRootHashTest.m */ = {isa = PBXFileReference; fileEncoding = 4; lastKnownFileType = sourcecode.c.objc; path = GetStateRootHashTest.m; sourceTree = "<group>"; };
		9079791327DC9F8300B69B4E /* Help.md */ = {isa = PBXFileReference; lastKnownFileType = net.daringfireball.markdown; path = Help.md; sourceTree = "<group>"; };
		9079791427DCB1CE00B69B4E /* GetPeerResultTest.m */ = {isa = PBXFileReference; lastKnownFileType = sourcecode.c.objc; path = GetPeerResultTest.m; sourceTree = "<group>"; };
		9079791727DCBCFC00B69B4E /* GetStatusResult.h */ = {isa = PBXFileReference; lastKnownFileType = sourcecode.c.h; path = GetStatusResult.h; sourceTree = "<group>"; };
		9079791827DCBD0900B69B4E /* GetStatusResult.m */ = {isa = PBXFileReference; lastKnownFileType = sourcecode.c.objc; path = GetStatusResult.m; sourceTree = "<group>"; };
		9089362E27E86D560075035F /* Account.h */ = {isa = PBXFileReference; lastKnownFileType = sourcecode.c.h; path = Account.h; sourceTree = "<group>"; };
		9089362F27E86D600075035F /* Account.m */ = {isa = PBXFileReference; lastKnownFileType = sourcecode.c.objc; path = Account.m; sourceTree = "<group>"; };
		9089363127E86F420075035F /* ActionThresholds.h */ = {isa = PBXFileReference; lastKnownFileType = sourcecode.c.h; path = ActionThresholds.h; sourceTree = "<group>"; };
		9089363227E86F480075035F /* ActionThresholds.m */ = {isa = PBXFileReference; lastKnownFileType = sourcecode.c.objc; path = ActionThresholds.m; sourceTree = "<group>"; };
		9089363427E86FA20075035F /* AssociatedKey.h */ = {isa = PBXFileReference; lastKnownFileType = sourcecode.c.h; path = AssociatedKey.h; sourceTree = "<group>"; };
		9089363527E86FAA0075035F /* AssociatedKey.m */ = {isa = PBXFileReference; lastKnownFileType = sourcecode.c.objc; path = AssociatedKey.m; sourceTree = "<group>"; };
		9089363727E87A5A0075035F /* ContractPackage.h */ = {isa = PBXFileReference; lastKnownFileType = sourcecode.c.h; path = ContractPackage.h; sourceTree = "<group>"; };
		9089363827E87B6D0075035F /* ContractPackage.m */ = {isa = PBXFileReference; lastKnownFileType = sourcecode.c.objc; path = ContractPackage.m; sourceTree = "<group>"; };
		9089363A27E87C100075035F /* DisabledVersion.h */ = {isa = PBXFileReference; lastKnownFileType = sourcecode.c.h; path = DisabledVersion.h; sourceTree = "<group>"; };
		9089363B27E889F60075035F /* DisabledVersion.m */ = {isa = PBXFileReference; lastKnownFileType = sourcecode.c.objc; path = DisabledVersion.m; sourceTree = "<group>"; };
		9089363D27E88E5F0075035F /* Groups.h */ = {isa = PBXFileReference; lastKnownFileType = sourcecode.c.h; path = Groups.h; sourceTree = "<group>"; };
		9089363E27E88E670075035F /* Groups.m */ = {isa = PBXFileReference; lastKnownFileType = sourcecode.c.objc; path = Groups.m; sourceTree = "<group>"; };
		9089364027E890860075035F /* ContractVersion.h */ = {isa = PBXFileReference; lastKnownFileType = sourcecode.c.h; path = ContractVersion.h; sourceTree = "<group>"; };
		9089364127E890980075035F /* ContractVersion.m */ = {isa = PBXFileReference; lastKnownFileType = sourcecode.c.objc; path = ContractVersion.m; sourceTree = "<group>"; };
		9089364327E895B00075035F /* Contract.h */ = {isa = PBXFileReference; lastKnownFileType = sourcecode.c.h; path = Contract.h; sourceTree = "<group>"; };
		9089364427E895BC0075035F /* Contract.m */ = {isa = PBXFileReference; lastKnownFileType = sourcecode.c.objc; path = Contract.m; sourceTree = "<group>"; };
		9089364627E8B0C40075035F /* EntryPoint.h */ = {isa = PBXFileReference; lastKnownFileType = sourcecode.c.h; path = EntryPoint.h; sourceTree = "<group>"; };
		9089364727E8B0D10075035F /* EntryPoint.m */ = {isa = PBXFileReference; lastKnownFileType = sourcecode.c.objc; path = EntryPoint.m; sourceTree = "<group>"; };
		9089364927E8B2000075035F /* EntryPointAccess.h */ = {isa = PBXFileReference; lastKnownFileType = sourcecode.c.h; path = EntryPointAccess.h; sourceTree = "<group>"; };
		9089364A27E8B2080075035F /* EntryPointAccess.m */ = {isa = PBXFileReference; lastKnownFileType = sourcecode.c.objc; path = EntryPointAccess.m; sourceTree = "<group>"; };
		9089364C27E8B77E0075035F /* Parameter.h */ = {isa = PBXFileReference; lastKnownFileType = sourcecode.c.h; path = Parameter.h; sourceTree = "<group>"; };
		9089364D27E8B7850075035F /* Parameter.m */ = {isa = PBXFileReference; lastKnownFileType = sourcecode.c.objc; path = Parameter.m; sourceTree = "<group>"; };
		908A6A4C27E227FA00D850AD /* JsonExecutionResult.h */ = {isa = PBXFileReference; lastKnownFileType = sourcecode.c.h; path = JsonExecutionResult.h; sourceTree = "<group>"; };
		908A6A4D27E2281B00D850AD /* JsonExecutionResult.m */ = {isa = PBXFileReference; lastKnownFileType = sourcecode.c.objc; path = JsonExecutionResult.m; sourceTree = "<group>"; };
		908A6A5527E22BCF00D850AD /* ExecutableDeployItem.h */ = {isa = PBXFileReference; lastKnownFileType = sourcecode.c.h; path = ExecutableDeployItem.h; sourceTree = "<group>"; };
		908A6A5627E22BD600D850AD /* ExecutableDeployItem.m */ = {isa = PBXFileReference; lastKnownFileType = sourcecode.c.objc; path = ExecutableDeployItem.m; sourceTree = "<group>"; };
		908A6A5827E234FC00D850AD /* GetDeployParams.h */ = {isa = PBXFileReference; lastKnownFileType = sourcecode.c.h; path = GetDeployParams.h; sourceTree = "<group>"; };
		908A6A5927E23A9600D850AD /* GetDeployParams.m */ = {isa = PBXFileReference; lastKnownFileType = sourcecode.c.objc; path = GetDeployParams.m; sourceTree = "<group>"; };
		908E6D3427E2BD45003C17CC /* RuntimeArgs.h */ = {isa = PBXFileReference; lastKnownFileType = sourcecode.c.h; path = RuntimeArgs.h; sourceTree = "<group>"; };
		908E6D3527E2D8F9003C17CC /* RuntimeArgs.m */ = {isa = PBXFileReference; lastKnownFileType = sourcecode.c.objc; path = RuntimeArgs.m; sourceTree = "<group>"; };
		9091ABB927E6329A002A51F1 /* UnbondingPurse.h */ = {isa = PBXFileReference; lastKnownFileType = sourcecode.c.h; path = UnbondingPurse.h; sourceTree = "<group>"; };
		9091ABBA27E632A1002A51F1 /* UnbondingPurse.m */ = {isa = PBXFileReference; lastKnownFileType = sourcecode.c.objc; path = UnbondingPurse.m; sourceTree = "<group>"; };
		9092A24A27DF393400D0361C /* GetBlockResult.h */ = {isa = PBXFileReference; lastKnownFileType = sourcecode.c.h; path = GetBlockResult.h; sourceTree = "<group>"; };
		9092A24B27DF393B00D0361C /* GetBlockResult.m */ = {isa = PBXFileReference; lastKnownFileType = sourcecode.c.objc; path = GetBlockResult.m; sourceTree = "<group>"; };
		9092A24D27DF397D00D0361C /* JsonBlock.h */ = {isa = PBXFileReference; lastKnownFileType = sourcecode.c.h; path = JsonBlock.h; sourceTree = "<group>"; };
		9092A24E27DF398700D0361C /* JsonBlock.m */ = {isa = PBXFileReference; lastKnownFileType = sourcecode.c.objc; path = JsonBlock.m; sourceTree = "<group>"; };
		9092A25027DF3A5A00D0361C /* JsonBlockHeader.h */ = {isa = PBXFileReference; lastKnownFileType = sourcecode.c.h; path = JsonBlockHeader.h; sourceTree = "<group>"; };
		9092A25127DF3A6100D0361C /* JsonBlockHeader.m */ = {isa = PBXFileReference; lastKnownFileType = sourcecode.c.objc; path = JsonBlockHeader.m; sourceTree = "<group>"; };
		9092A25327DF3B4F00D0361C /* JsonEraEnd.h */ = {isa = PBXFileReference; lastKnownFileType = sourcecode.c.h; path = JsonEraEnd.h; sourceTree = "<group>"; };
		9092A25427DF3B5500D0361C /* JsonEraEnd.m */ = {isa = PBXFileReference; lastKnownFileType = sourcecode.c.objc; path = JsonEraEnd.m; sourceTree = "<group>"; };
		9092A25627DF3BA400D0361C /* JsonEraReport.h */ = {isa = PBXFileReference; lastKnownFileType = sourcecode.c.h; path = JsonEraReport.h; sourceTree = "<group>"; };
		9092A25727DF3BAC00D0361C /* JsonEraReport.m */ = {isa = PBXFileReference; lastKnownFileType = sourcecode.c.objc; path = JsonEraReport.m; sourceTree = "<group>"; };
		9092A25927DF3C6D00D0361C /* JsonBlockBody.h */ = {isa = PBXFileReference; lastKnownFileType = sourcecode.c.h; path = JsonBlockBody.h; sourceTree = "<group>"; };
		9092A25A27DF3C7300D0361C /* JsonBlockBody.m */ = {isa = PBXFileReference; lastKnownFileType = sourcecode.c.objc; path = JsonBlockBody.m; sourceTree = "<group>"; };
		9092A25C27DF3CD200D0361C /* JsonProof.h */ = {isa = PBXFileReference; lastKnownFileType = sourcecode.c.h; path = JsonProof.h; sourceTree = "<group>"; };
		9092A25D27DF3CD900D0361C /* JsonProof.m */ = {isa = PBXFileReference; lastKnownFileType = sourcecode.c.objc; path = JsonProof.m; sourceTree = "<group>"; };
		9092A25F27DF3FE200D0361C /* ValidatorWeight.h */ = {isa = PBXFileReference; lastKnownFileType = sourcecode.c.h; path = ValidatorWeight.h; sourceTree = "<group>"; };
		9092A26027DF3FED00D0361C /* ValidatorWeight.m */ = {isa = PBXFileReference; lastKnownFileType = sourcecode.c.objc; path = ValidatorWeight.m; sourceTree = "<group>"; };
		9092A26227DF450200D0361C /* Reward.h */ = {isa = PBXFileReference; lastKnownFileType = sourcecode.c.h; path = Reward.h; sourceTree = "<group>"; };
		9092A26327DF450C00D0361C /* Reward.m */ = {isa = PBXFileReference; lastKnownFileType = sourcecode.c.objc; path = Reward.m; sourceTree = "<group>"; };
		909424D227E974BE00351197 /* GetItemParams.h */ = {isa = PBXFileReference; lastKnownFileType = sourcecode.c.h; path = GetItemParams.h; sourceTree = "<group>"; };
		909424D327E974CC00351197 /* GetItemParams.m */ = {isa = PBXFileReference; lastKnownFileType = sourcecode.c.objc; path = GetItemParams.m; sourceTree = "<group>"; };
		909424D527E974DF00351197 /* GetItemResult.h */ = {isa = PBXFileReference; lastKnownFileType = sourcecode.c.h; path = GetItemResult.h; sourceTree = "<group>"; };
		909424D627E974F200351197 /* GetItemResult.m */ = {isa = PBXFileReference; lastKnownFileType = sourcecode.c.objc; path = GetItemResult.m; sourceTree = "<group>"; };
		909424D827E97E7500351197 /* GetItemTest.m */ = {isa = PBXFileReference; lastKnownFileType = sourcecode.c.objc; path = GetItemTest.m; sourceTree = "<group>"; };
		909424DA27E9E4C500351197 /* GetDictionaryItemTest.m */ = {isa = PBXFileReference; lastKnownFileType = sourcecode.c.objc; path = GetDictionaryItemTest.m; sourceTree = "<group>"; };
		909424DD27E9E4EC00351197 /* GetDictionaryItemParams.h */ = {isa = PBXFileReference; lastKnownFileType = sourcecode.c.h; path = GetDictionaryItemParams.h; sourceTree = "<group>"; };
		909424DE27E9E4F300351197 /* GetDictionaryItemParams.m */ = {isa = PBXFileReference; lastKnownFileType = sourcecode.c.objc; path = GetDictionaryItemParams.m; sourceTree = "<group>"; };
		909424E127E9E94600351197 /* DictionaryIdentifier_AccountNamedKey.h */ = {isa = PBXFileReference; lastKnownFileType = sourcecode.c.h; path = DictionaryIdentifier_AccountNamedKey.h; sourceTree = "<group>"; };
		909424E227E9E95F00351197 /* DictionaryIdentifier_AccountNamedKey.m */ = {isa = PBXFileReference; lastKnownFileType = sourcecode.c.objc; path = DictionaryIdentifier_AccountNamedKey.m; sourceTree = "<group>"; };
		909424E427E9E9B700351197 /* DictionaryIdentifier_ContractNamedKey.h */ = {isa = PBXFileReference; lastKnownFileType = sourcecode.c.h; path = DictionaryIdentifier_ContractNamedKey.h; sourceTree = "<group>"; };
		909424E527E9E9D300351197 /* DictionaryIdentifier_ContractNamedKey.m */ = {isa = PBXFileReference; lastKnownFileType = sourcecode.c.objc; path = DictionaryIdentifier_ContractNamedKey.m; sourceTree = "<group>"; };
		909424E727E9EA2400351197 /* DictionaryIdentifier_URef.h */ = {isa = PBXFileReference; lastKnownFileType = sourcecode.c.h; path = DictionaryIdentifier_URef.h; sourceTree = "<group>"; };
		909424E827E9EA2B00351197 /* DictionaryIdentifier_URef.m */ = {isa = PBXFileReference; lastKnownFileType = sourcecode.c.objc; path = DictionaryIdentifier_URef.m; sourceTree = "<group>"; };
		909424EA27E9EAB800351197 /* DictionaryIdentifier_Dictionary.h */ = {isa = PBXFileReference; lastKnownFileType = sourcecode.c.h; path = DictionaryIdentifier_Dictionary.h; sourceTree = "<group>"; };
		909424EB27E9EAD100351197 /* DictionaryIdentifier_Dictionary.m */ = {isa = PBXFileReference; lastKnownFileType = sourcecode.c.objc; path = DictionaryIdentifier_Dictionary.m; sourceTree = "<group>"; };
		909424ED27E9F1C900351197 /* GetDictionaryItemResult.h */ = {isa = PBXFileReference; lastKnownFileType = sourcecode.c.h; path = GetDictionaryItemResult.h; sourceTree = "<group>"; };
		909424EE27E9F1CF00351197 /* GetDictionaryItemResult.m */ = {isa = PBXFileReference; lastKnownFileType = sourcecode.c.objc; path = GetDictionaryItemResult.m; sourceTree = "<group>"; };
		909424F127EA22BE00351197 /* GetBalanceParams.h */ = {isa = PBXFileReference; lastKnownFileType = sourcecode.c.h; path = GetBalanceParams.h; sourceTree = "<group>"; };
		909424F227EA22C500351197 /* GetBalanceParams.m */ = {isa = PBXFileReference; lastKnownFileType = sourcecode.c.objc; path = GetBalanceParams.m; sourceTree = "<group>"; };
		909424F427EA23A400351197 /* GetBalanceResult.h */ = {isa = PBXFileReference; lastKnownFileType = sourcecode.c.h; path = GetBalanceResult.h; sourceTree = "<group>"; };
		909424F527EA23AF00351197 /* GetBalanceResult.m */ = {isa = PBXFileReference; lastKnownFileType = sourcecode.c.objc; path = GetBalanceResult.m; sourceTree = "<group>"; };
		909424F727EA24E600351197 /* GetBalanceTest.m */ = {isa = PBXFileReference; lastKnownFileType = sourcecode.c.objc; path = GetBalanceTest.m; sourceTree = "<group>"; };
		909424FA27EA275700351197 /* GetAuctionInfoResult.h */ = {isa = PBXFileReference; lastKnownFileType = sourcecode.c.h; path = GetAuctionInfoResult.h; sourceTree = "<group>"; };
		909424FB27EA275E00351197 /* GetAuctionInfoResult.m */ = {isa = PBXFileReference; lastKnownFileType = sourcecode.c.objc; path = GetAuctionInfoResult.m; sourceTree = "<group>"; };
		909424FD27EA279A00351197 /* AuctionState.h */ = {isa = PBXFileReference; lastKnownFileType = sourcecode.c.h; path = AuctionState.h; sourceTree = "<group>"; };
		909424FE27EA27A000351197 /* AuctionState.m */ = {isa = PBXFileReference; lastKnownFileType = sourcecode.c.objc; path = AuctionState.m; sourceTree = "<group>"; };
		9094250027EA283C00351197 /* JsonEraValidators.h */ = {isa = PBXFileReference; lastKnownFileType = sourcecode.c.h; path = JsonEraValidators.h; sourceTree = "<group>"; };
		9094250127EA284200351197 /* JsonEraValidators.m */ = {isa = PBXFileReference; lastKnownFileType = sourcecode.c.objc; path = JsonEraValidators.m; sourceTree = "<group>"; };
		9094250327EA28C100351197 /* JsonValidatorWeights.h */ = {isa = PBXFileReference; lastKnownFileType = sourcecode.c.h; path = JsonValidatorWeights.h; sourceTree = "<group>"; };
		9094250427EA28CE00351197 /* JsonValidatorWeights.m */ = {isa = PBXFileReference; lastKnownFileType = sourcecode.c.objc; path = JsonValidatorWeights.m; sourceTree = "<group>"; };
		9094250627EA295900351197 /* GetAuctionInfoTest.m */ = {isa = PBXFileReference; lastKnownFileType = sourcecode.c.objc; path = GetAuctionInfoTest.m; sourceTree = "<group>"; };
		9095581527D833D0001AE414 /* CasperSDKObjectiveC.framework */ = {isa = PBXFileReference; explicitFileType = wrapper.framework; includeInIndex = 0; path = CasperSDKObjectiveC.framework; sourceTree = BUILT_PRODUCTS_DIR; };
		9095581927D833D0001AE414 /* CasperSDKObjectiveC.docc */ = {isa = PBXFileReference; lastKnownFileType = folder.documentationcatalog; path = CasperSDKObjectiveC.docc; sourceTree = "<group>"; };
		9095581F27D833D0001AE414 /* CasperSDKObjectiveCTests.xctest */ = {isa = PBXFileReference; explicitFileType = wrapper.cfbundle; includeInIndex = 0; path = CasperSDKObjectiveCTests.xctest; sourceTree = BUILT_PRODUCTS_DIR; };
		90955F0E27E14C0100F0FE7A /* CLValue.h */ = {isa = PBXFileReference; lastKnownFileType = sourcecode.c.h; path = CLValue.h; sourceTree = "<group>"; };
		90955F0F27E14C0E00F0FE7A /* CLValue.m */ = {isa = PBXFileReference; lastKnownFileType = sourcecode.c.objc; path = CLValue.m; sourceTree = "<group>"; };
		90955F1127E14C6100F0FE7A /* CLType.h */ = {isa = PBXFileReference; lastKnownFileType = sourcecode.c.h; path = CLType.h; sourceTree = "<group>"; };
		90955F1227E14C6900F0FE7A /* CLType.m */ = {isa = PBXFileReference; lastKnownFileType = sourcecode.c.objc; path = CLType.m; sourceTree = "<group>"; };
		90955F1F27E15C9400F0FE7A /* CLParsed.h */ = {isa = PBXFileReference; lastKnownFileType = sourcecode.c.h; path = CLParsed.h; sourceTree = "<group>"; };
		90955F2027E15CA000F0FE7A /* CLParsed.m */ = {isa = PBXFileReference; lastKnownFileType = sourcecode.c.objc; path = CLParsed.m; sourceTree = "<group>"; };
		9095D96A27DDEE6B00D58545 /* MinimalBlockInfo.h */ = {isa = PBXFileReference; lastKnownFileType = sourcecode.c.h; path = MinimalBlockInfo.h; sourceTree = "<group>"; };
		9095D96B27DDEE7A00D58545 /* MinimalBlockInfo.m */ = {isa = PBXFileReference; lastKnownFileType = sourcecode.c.objc; path = MinimalBlockInfo.m; sourceTree = "<group>"; };
		9095D96D27DDF2BB00D58545 /* ActivationPoint.h */ = {isa = PBXFileReference; lastKnownFileType = sourcecode.c.h; path = ActivationPoint.h; sourceTree = "<group>"; };
		9095D96E27DDF2CA00D58545 /* ActivationPoint.m */ = {isa = PBXFileReference; lastKnownFileType = sourcecode.c.objc; path = ActivationPoint.m; sourceTree = "<group>"; };
		9095D97027DDF58900D58545 /* NextUpgrade.h */ = {isa = PBXFileReference; lastKnownFileType = sourcecode.c.h; path = NextUpgrade.h; sourceTree = "<group>"; };
		9095D97127DDF59400D58545 /* NextUpgrade.m */ = {isa = PBXFileReference; lastKnownFileType = sourcecode.c.objc; path = NextUpgrade.m; sourceTree = "<group>"; };
		9095D97327DDFB0400D58545 /* GetStatusTest.m */ = {isa = PBXFileReference; lastKnownFileType = sourcecode.c.objc; path = GetStatusTest.m; sourceTree = "<group>"; };
		9095D97627DE0E4900D58545 /* GetBlockTransfersResult.h */ = {isa = PBXFileReference; lastKnownFileType = sourcecode.c.h; path = GetBlockTransfersResult.h; sourceTree = "<group>"; };
		9095D97727DE0E5000D58545 /* GetBlockTransfersResult.m */ = {isa = PBXFileReference; lastKnownFileType = sourcecode.c.objc; path = GetBlockTransfersResult.m; sourceTree = "<group>"; };
		9095D97927DE0F2D00D58545 /* Transfer.h */ = {isa = PBXFileReference; lastKnownFileType = sourcecode.c.h; path = Transfer.h; sourceTree = "<group>"; };
		9095D97A27DE0F3600D58545 /* Transfer.m */ = {isa = PBXFileReference; lastKnownFileType = sourcecode.c.objc; path = Transfer.m; sourceTree = "<group>"; };
		9095D97D27DE0F8900D58545 /* U128Class.h */ = {isa = PBXFileReference; lastKnownFileType = sourcecode.c.h; path = U128Class.h; sourceTree = "<group>"; };
		9095D97E27DE0F9900D58545 /* U128Class.m */ = {isa = PBXFileReference; lastKnownFileType = sourcecode.c.objc; path = U128Class.m; sourceTree = "<group>"; };
		9095D98027DE0FA300D58545 /* U256Class.h */ = {isa = PBXFileReference; lastKnownFileType = sourcecode.c.h; path = U256Class.h; sourceTree = "<group>"; };
		9095D98127DE0FAD00D58545 /* U256Class.m */ = {isa = PBXFileReference; lastKnownFileType = sourcecode.c.objc; path = U256Class.m; sourceTree = "<group>"; };
		9095D98327DE0FB700D58545 /* U512Class.h */ = {isa = PBXFileReference; lastKnownFileType = sourcecode.c.h; path = U512Class.h; sourceTree = "<group>"; };
		9095D98427DE0FC000D58545 /* U512Class.m */ = {isa = PBXFileReference; lastKnownFileType = sourcecode.c.objc; path = U512Class.m; sourceTree = "<group>"; };
		9095D98627DE110B00D58545 /* BigNumber.h */ = {isa = PBXFileReference; lastKnownFileType = sourcecode.c.h; path = BigNumber.h; sourceTree = "<group>"; };
		9095D98727DE111500D58545 /* BigNumber.m */ = {isa = PBXFileReference; lastKnownFileType = sourcecode.c.objc; path = BigNumber.m; sourceTree = "<group>"; };
		9095D98927DE3E1E00D58545 /* GetBlockTransfersResultTest.m */ = {isa = PBXFileReference; lastKnownFileType = sourcecode.c.objc; path = GetBlockTransfersResultTest.m; sourceTree = "<group>"; };
		9096E4A827E00A4B0076E634 /* GetBlockTest.m */ = {isa = PBXFileReference; lastKnownFileType = sourcecode.c.objc; path = GetBlockTest.m; sourceTree = "<group>"; };
		9096E4AB27E084800076E634 /* Utils.h */ = {isa = PBXFileReference; lastKnownFileType = sourcecode.c.h; path = Utils.h; sourceTree = "<group>"; };
		9096E4AC27E084890076E634 /* Utils.m */ = {isa = PBXFileReference; lastKnownFileType = sourcecode.c.objc; path = Utils.m; sourceTree = "<group>"; };
		9097334E27F2BDCF009C18BF /* CLParseSerializeHelper.h */ = {isa = PBXFileReference; lastKnownFileType = sourcecode.c.h; path = CLParseSerializeHelper.h; sourceTree = "<group>"; };
		9097334F27F2BDF3009C18BF /* CLParseSerializeHelper.m */ = {isa = PBXFileReference; lastKnownFileType = sourcecode.c.objc; path = CLParseSerializeHelper.m; sourceTree = "<group>"; };
		9097335127F2C1CA009C18BF /* NumberSerialize.h */ = {isa = PBXFileReference; lastKnownFileType = sourcecode.c.h; path = NumberSerialize.h; sourceTree = "<group>"; };
		9097335227F2C1EA009C18BF /* NumberSerialize.m */ = {isa = PBXFileReference; lastKnownFileType = sourcecode.c.objc; path = NumberSerialize.m; sourceTree = "<group>"; };
		9097335427F2C553009C18BF /* Serialization_CLTypeTest.m */ = {isa = PBXFileReference; lastKnownFileType = sourcecode.c.objc; path = Serialization_CLTypeTest.m; sourceTree = "<group>"; };
		9097335627F2C55F009C18BF /* Serialization_CLValueTest.m */ = {isa = PBXFileReference; lastKnownFileType = sourcecode.c.objc; path = Serialization_CLValueTest.m; sourceTree = "<group>"; };
		90A8CCF327F4607400852F43 /* QuotientNRemainder.h */ = {isa = PBXFileReference; lastKnownFileType = sourcecode.c.h; path = QuotientNRemainder.h; sourceTree = "<group>"; };
		90CAF5B827E4A45B00AAA913 /* ExecutionEffect.h */ = {isa = PBXFileReference; lastKnownFileType = sourcecode.c.h; path = ExecutionEffect.h; sourceTree = "<group>"; };
		90CAF5B927E4A47600AAA913 /* ExecutionEffect.m */ = {isa = PBXFileReference; lastKnownFileType = sourcecode.c.objc; path = ExecutionEffect.m; sourceTree = "<group>"; };
		90CAF5BB27E4A55400AAA913 /* Operation.h */ = {isa = PBXFileReference; lastKnownFileType = sourcecode.c.h; path = Operation.h; sourceTree = "<group>"; };
		90CAF5BC27E4A55A00AAA913 /* Operation.m */ = {isa = PBXFileReference; lastKnownFileType = sourcecode.c.objc; path = Operation.m; sourceTree = "<group>"; };
		90CAF5BE27E4A64D00AAA913 /* TransformEntry.h */ = {isa = PBXFileReference; lastKnownFileType = sourcecode.c.h; path = TransformEntry.h; sourceTree = "<group>"; };
		90CAF5BF27E4A65300AAA913 /* TransformEntry.m */ = {isa = PBXFileReference; lastKnownFileType = sourcecode.c.objc; path = TransformEntry.m; sourceTree = "<group>"; };
		90CAF5C527E4C81600AAA913 /* Transform_WriteCLValue.h */ = {isa = PBXFileReference; lastKnownFileType = sourcecode.c.h; path = Transform_WriteCLValue.h; sourceTree = "<group>"; };
		90CAF5C627E4C85500AAA913 /* Transform_WriteCLValue.m */ = {isa = PBXFileReference; lastKnownFileType = sourcecode.c.objc; path = Transform_WriteCLValue.m; sourceTree = "<group>"; };
		90CAF5CB27E4CDE500AAA913 /* Transform_WriteDeployInfo.h */ = {isa = PBXFileReference; lastKnownFileType = sourcecode.c.h; path = Transform_WriteDeployInfo.h; sourceTree = "<group>"; };
		90CAF5CC27E4CE0600AAA913 /* Transform_WriteDeployInfo.m */ = {isa = PBXFileReference; lastKnownFileType = sourcecode.c.objc; path = Transform_WriteDeployInfo.m; sourceTree = "<group>"; };
		90CAF5CE27E4CE6100AAA913 /* DeployInfo.h */ = {isa = PBXFileReference; lastKnownFileType = sourcecode.c.h; path = DeployInfo.h; sourceTree = "<group>"; };
		90CAF5CF27E4CF2C00AAA913 /* DeployInfo.m */ = {isa = PBXFileReference; lastKnownFileType = sourcecode.c.objc; path = DeployInfo.m; sourceTree = "<group>"; };
		90CAF5D227E4D08A00AAA913 /* SeigniorageAllocation.h */ = {isa = PBXFileReference; lastKnownFileType = sourcecode.c.h; path = SeigniorageAllocation.h; sourceTree = "<group>"; };
		90CAF5D527E4D24A00AAA913 /* EraInfo.h */ = {isa = PBXFileReference; lastKnownFileType = sourcecode.c.h; path = EraInfo.h; sourceTree = "<group>"; };
		90CAF5D627E4D43000AAA913 /* Transform_WriteEraInfo.h */ = {isa = PBXFileReference; lastKnownFileType = sourcecode.c.h; path = Transform_WriteEraInfo.h; sourceTree = "<group>"; };
		90CAF5D727E4D44900AAA913 /* Transform_WriteTransfer.h */ = {isa = PBXFileReference; lastKnownFileType = sourcecode.c.h; path = Transform_WriteTransfer.h; sourceTree = "<group>"; };
		90CAF5D827E4D45D00AAA913 /* Transform_WriteBid.h */ = {isa = PBXFileReference; lastKnownFileType = sourcecode.c.h; path = Transform_WriteBid.h; sourceTree = "<group>"; };
		90CAF5D927E4D46A00AAA913 /* Transform_WriteWithdraw.h */ = {isa = PBXFileReference; lastKnownFileType = sourcecode.c.h; path = Transform_WriteWithdraw.h; sourceTree = "<group>"; };
		90CAF5DB27E4D5B900AAA913 /* Transform_AddKeys.h */ = {isa = PBXFileReference; lastKnownFileType = sourcecode.c.h; path = Transform_AddKeys.h; sourceTree = "<group>"; };
		90CAF5DC27E4D5CD00AAA913 /* NamedKey.h */ = {isa = PBXFileReference; lastKnownFileType = sourcecode.c.h; path = NamedKey.h; sourceTree = "<group>"; };
/* End PBXFileReference section */

/* Begin PBXFrameworksBuildPhase section */
		9095581227D833D0001AE414 /* Frameworks */ = {
			isa = PBXFrameworksBuildPhase;
			buildActionMask = 2147483647;
			files = (
			);
			runOnlyForDeploymentPostprocessing = 0;
		};
		9095581C27D833D0001AE414 /* Frameworks */ = {
			isa = PBXFrameworksBuildPhase;
			buildActionMask = 2147483647;
			files = (
				9095582027D833D0001AE414 /* CasperSDKObjectiveC.framework in Frameworks */,
			);
			runOnlyForDeploymentPostprocessing = 0;
		};
/* End PBXFrameworksBuildPhase section */

/* Begin PBXGroup section */
		9075817227F7B2DB00D5022F /* Serialization */ = {
			isa = PBXGroup;
			children = (
				9075817627F7B8F400D5022F /* CLTypeSerializeHelper.h */,
				9075817727F7B97E00D5022F /* CLTypeSerializeHelper.m */,
				9097334E27F2BDCF009C18BF /* CLParseSerializeHelper.h */,
				9097334F27F2BDF3009C18BF /* CLParseSerializeHelper.m */,
				9097335127F2C1CA009C18BF /* NumberSerialize.h */,
				9097335227F2C1EA009C18BF /* NumberSerialize.m */,
				9075817327F7B33100D5022F /* ExecutableDeployItemSerializationHelper.h */,
				9075817427F7B36B00D5022F /* ExecutableDeployItemSerializationHelper.m */,
				9075817927F8616300D5022F /* DeploySerialize.h */,
				9075817A27F8619B00D5022F /* DeploySerialize.m */,
			);
			path = Serialization;
			sourceTree = "<group>";
		};
		9076288A27E0D3CE00D00892 /* GetDeploy */ = {
			isa = PBXGroup;
			children = (
				90CAF5B727E4A08500AAA913 /* JsonExecutionResult */,
				9076288E27E0D43300D00892 /* Deploy.h */,
				9076288F27E0D43B00D00892 /* Deploy.m */,
				9076289127E0D52B00D00892 /* DeployHeader.h */,
				9076289227E0D53500D00892 /* DeployHeader.m */,
				9076289427E0D65300D00892 /* ExecutableDeployItem */,
				908A6A5827E234FC00D850AD /* GetDeployParams.h */,
				908A6A5927E23A9600D850AD /* GetDeployParams.m */,
				9076288B27E0D3E800D00892 /* GetDeployResult.h */,
				9076288C27E0D3F200D00892 /* GetDeployResult.m */,
				907628A727E0DE2100D00892 /* NamedArg.h */,
				907628A827E0DE3300D00892 /* NamedArg.m */,
			);
			path = GetDeploy;
			sourceTree = "<group>";
		};
		9076289427E0D65300D00892 /* ExecutableDeployItem */ = {
			isa = PBXGroup;
			children = (
				9076289527E0D66300D00892 /* ExecutableDeployItem_ModuleBytes.h */,
				9076289627E0D75400D00892 /* ExecutableDeployItem_ModuleBytes.m */,
				9076289827E0D7C200D00892 /* ExecutableDeployItem_StoredContractByHash.h */,
				9076289927E0D90200D00892 /* ExecutableDeployItem_StoredContractByHash.m */,
				9076289B27E0D95200D00892 /* ExecutableDeployItem_StoredContractByName.h */,
				9076289C27E0D98500D00892 /* ExecutableDeployItem_StoredContractByName.m */,
				9076289E27E0D9BF00D00892 /* ExecutableDeployItem_StoredVersionedContractByHash.h */,
				9076289F27E0D9E200D00892 /* ExecutableDeployItem_StoredVersionedContractByHash.m */,
				907628A127E0DA1100D00892 /* ExecutableDeployItem_StoredVersionedContractByName.h */,
				907628A227E0DA2E00D00892 /* ExecutableDeployItem_StoredVersionedContractByName.m */,
				907628A427E0DAE000D00892 /* ExecutableDeployItem_Transfer.h */,
				907628A527E0DAF300D00892 /* ExecutableDeployItem_Transfer.m */,
				908A6A5527E22BCF00D850AD /* ExecutableDeployItem.h */,
				908A6A5627E22BD600D850AD /* ExecutableDeployItem.m */,
				908E6D3427E2BD45003C17CC /* RuntimeArgs.h */,
				908E6D3527E2D8F9003C17CC /* RuntimeArgs.m */,
			);
			path = ExecutableDeployItem;
			sourceTree = "<group>";
		};
		90776BAC27E80245000CF3AF /* GetEraInfo */ = {
			isa = PBXGroup;
			children = (
				9089362D27E86D3D0075035F /* StoredValueEnumClasses */,
				90776BAD27E80271000CF3AF /* GetEraInfoResult.h */,
				90776BAE27E80277000CF3AF /* GetEraInfoResult.m */,
				90776BB027E802BF000CF3AF /* EraSummary.h */,
				90776BB127E802CB000CF3AF /* EraSummary.m */,
				90776BB327E8038D000CF3AF /* StoredValue.h */,
				90776BB427E80392000CF3AF /* StoredValue.m */,
			);
			path = GetEraInfo;
			sourceTree = "<group>";
		};
		9079791227DC9F5A00B69B4E /* Docs */ = {
			isa = PBXGroup;
			children = (
				9079791327DC9F8300B69B4E /* Help.md */,
			);
			path = Docs;
			sourceTree = "<group>";
		};
		9079791627DCBCE100B69B4E /* GetStatus */ = {
			isa = PBXGroup;
			children = (
				9079791727DCBCFC00B69B4E /* GetStatusResult.h */,
				9079791827DCBD0900B69B4E /* GetStatusResult.m */,
				9095D96A27DDEE6B00D58545 /* MinimalBlockInfo.h */,
				9095D96B27DDEE7A00D58545 /* MinimalBlockInfo.m */,
				9095D96D27DDF2BB00D58545 /* ActivationPoint.h */,
				9095D96E27DDF2CA00D58545 /* ActivationPoint.m */,
				9095D97027DDF58900D58545 /* NextUpgrade.h */,
				9095D97127DDF59400D58545 /* NextUpgrade.m */,
			);
			path = GetStatus;
			sourceTree = "<group>";
		};
		9089362D27E86D3D0075035F /* StoredValueEnumClasses */ = {
			isa = PBXGroup;
			children = (
				9089362E27E86D560075035F /* Account.h */,
				9089362F27E86D600075035F /* Account.m */,
				9089363127E86F420075035F /* ActionThresholds.h */,
				9089363227E86F480075035F /* ActionThresholds.m */,
				9089363427E86FA20075035F /* AssociatedKey.h */,
				9089363527E86FAA0075035F /* AssociatedKey.m */,
				9089363727E87A5A0075035F /* ContractPackage.h */,
				9089363827E87B6D0075035F /* ContractPackage.m */,
				9089363A27E87C100075035F /* DisabledVersion.h */,
				9089363B27E889F60075035F /* DisabledVersion.m */,
				9089363D27E88E5F0075035F /* Groups.h */,
				9089363E27E88E670075035F /* Groups.m */,
				9089364027E890860075035F /* ContractVersion.h */,
				9089364127E890980075035F /* ContractVersion.m */,
				9089364327E895B00075035F /* Contract.h */,
				9089364427E895BC0075035F /* Contract.m */,
				9089364627E8B0C40075035F /* EntryPoint.h */,
				9089364727E8B0D10075035F /* EntryPoint.m */,
				9089364927E8B2000075035F /* EntryPointAccess.h */,
				9089364A27E8B2080075035F /* EntryPointAccess.m */,
				9089364C27E8B77E0075035F /* Parameter.h */,
				9089364D27E8B7850075035F /* Parameter.m */,
			);
			path = StoredValueEnumClasses;
			sourceTree = "<group>";
		};
		9092A24927DF391B00D0361C /* GetBlock */ = {
			isa = PBXGroup;
			children = (
				9092A24A27DF393400D0361C /* GetBlockResult.h */,
				9092A24B27DF393B00D0361C /* GetBlockResult.m */,
				9092A24D27DF397D00D0361C /* JsonBlock.h */,
				9092A24E27DF398700D0361C /* JsonBlock.m */,
				9092A25027DF3A5A00D0361C /* JsonBlockHeader.h */,
				9092A25127DF3A6100D0361C /* JsonBlockHeader.m */,
				9092A25327DF3B4F00D0361C /* JsonEraEnd.h */,
				9092A25427DF3B5500D0361C /* JsonEraEnd.m */,
				9092A25627DF3BA400D0361C /* JsonEraReport.h */,
				9092A25727DF3BAC00D0361C /* JsonEraReport.m */,
				9092A25927DF3C6D00D0361C /* JsonBlockBody.h */,
				9092A25A27DF3C7300D0361C /* JsonBlockBody.m */,
				9092A25C27DF3CD200D0361C /* JsonProof.h */,
				9092A25D27DF3CD900D0361C /* JsonProof.m */,
				9092A25F27DF3FE200D0361C /* ValidatorWeight.h */,
				9092A26027DF3FED00D0361C /* ValidatorWeight.m */,
				9092A26227DF450200D0361C /* Reward.h */,
				9092A26327DF450C00D0361C /* Reward.m */,
			);
			path = GetBlock;
			sourceTree = "<group>";
		};
		9092BAC727EAB89300CBF99F /* GetStateRootHash */ = {
			isa = PBXGroup;
			children = (
				907978FC27DC966100B69B4E /* GetStateRootHash.h */,
				907978FD27DC966100B69B4E /* GetStateRootHash.m */,
			);
			path = GetStateRootHash;
			sourceTree = "<group>";
		};
		9092BAC827EAB8AB00CBF99F /* OtherClasses */ = {
			isa = PBXGroup;
			children = (
				907978F827DC966100B69B4E /* BlockIdentifider.m */,
				907978FB27DC966100B69B4E /* BlockIdentifier.h */,
				907978FA27DC966100B69B4E /* CasperErrorMessage.h */,
				907978F727DC966100B69B4E /* CasperErrorMessage.m */,
				907978F927DC966100B69B4E /* ConstValues.m */,
				907978F627DC966100B69B4E /* ConstValues.h */,
			);
			path = OtherClasses;
			sourceTree = "<group>";
		};
		909424D127E974A200351197 /* GetItem */ = {
			isa = PBXGroup;
			children = (
				909424D227E974BE00351197 /* GetItemParams.h */,
				909424D327E974CC00351197 /* GetItemParams.m */,
				909424D527E974DF00351197 /* GetItemResult.h */,
				909424D627E974F200351197 /* GetItemResult.m */,
			);
			path = GetItem;
			sourceTree = "<group>";
		};
		909424DC27E9E4DF00351197 /* GetDictionaryItem */ = {
			isa = PBXGroup;
			children = (
				909424E027E9E91200351197 /* DictionaryIdentifierEnum */,
				909424DD27E9E4EC00351197 /* GetDictionaryItemParams.h */,
				909424DE27E9E4F300351197 /* GetDictionaryItemParams.m */,
				909424ED27E9F1C900351197 /* GetDictionaryItemResult.h */,
				909424EE27E9F1CF00351197 /* GetDictionaryItemResult.m */,
			);
			path = GetDictionaryItem;
			sourceTree = "<group>";
		};
		909424E027E9E91200351197 /* DictionaryIdentifierEnum */ = {
			isa = PBXGroup;
			children = (
				909424E127E9E94600351197 /* DictionaryIdentifier_AccountNamedKey.h */,
				909424E227E9E95F00351197 /* DictionaryIdentifier_AccountNamedKey.m */,
				909424E427E9E9B700351197 /* DictionaryIdentifier_ContractNamedKey.h */,
				909424E527E9E9D300351197 /* DictionaryIdentifier_ContractNamedKey.m */,
				909424E727E9EA2400351197 /* DictionaryIdentifier_URef.h */,
				909424E827E9EA2B00351197 /* DictionaryIdentifier_URef.m */,
				909424EA27E9EAB800351197 /* DictionaryIdentifier_Dictionary.h */,
				909424EB27E9EAD100351197 /* DictionaryIdentifier_Dictionary.m */,
			);
			path = DictionaryIdentifierEnum;
			sourceTree = "<group>";
		};
		909424F027EA22B200351197 /* GetBalance */ = {
			isa = PBXGroup;
			children = (
				909424F127EA22BE00351197 /* GetBalanceParams.h */,
				909424F227EA22C500351197 /* GetBalanceParams.m */,
				909424F427EA23A400351197 /* GetBalanceResult.h */,
				909424F527EA23AF00351197 /* GetBalanceResult.m */,
			);
			path = GetBalance;
			sourceTree = "<group>";
		};
		909424F927EA274A00351197 /* GetAuctionInfo */ = {
			isa = PBXGroup;
			children = (
				909424FA27EA275700351197 /* GetAuctionInfoResult.h */,
				909424FB27EA275E00351197 /* GetAuctionInfoResult.m */,
				909424FD27EA279A00351197 /* AuctionState.h */,
				909424FE27EA27A000351197 /* AuctionState.m */,
				9094250027EA283C00351197 /* JsonEraValidators.h */,
				9094250127EA284200351197 /* JsonEraValidators.m */,
				9094250327EA28C100351197 /* JsonValidatorWeights.h */,
				9094250427EA28CE00351197 /* JsonValidatorWeights.m */,
			);
			path = GetAuctionInfo;
			sourceTree = "<group>";
		};
		9095580B27D833D0001AE414 = {
			isa = PBXGroup;
			children = (
				9079791227DC9F5A00B69B4E /* Docs */,
				9095581727D833D0001AE414 /* CasperSDKObjectiveC */,
				9095582327D833D0001AE414 /* CasperSDKObjectiveCTests */,
				9095581627D833D0001AE414 /* Products */,
			);
			sourceTree = "<group>";
		};
		9095581627D833D0001AE414 /* Products */ = {
			isa = PBXGroup;
			children = (
				9095581527D833D0001AE414 /* CasperSDKObjectiveC.framework */,
				9095581F27D833D0001AE414 /* CasperSDKObjectiveCTests.xctest */,
			);
			name = Products;
			sourceTree = "<group>";
		};
		9095581727D833D0001AE414 /* CasperSDKObjectiveC */ = {
			isa = PBXGroup;
			children = (
				9079790827DC96AA00B69B4E /* HttpHandler.h */,
				9079790627DC96AA00B69B4E /* HttpHandler.m */,
				9095583527D8AE1A001AE414 /* Entity */,
				9095581927D833D0001AE414 /* CasperSDKObjectiveC.docc */,
			);
			path = CasperSDKObjectiveC;
			sourceTree = "<group>";
		};
		9095582327D833D0001AE414 /* CasperSDKObjectiveCTests */ = {
			isa = PBXGroup;
			children = (
				9079790E27DC96BB00B69B4E /* GetStateRootHashTest.m */,
				9079791427DCB1CE00B69B4E /* GetPeerResultTest.m */,
				9095D97327DDFB0400D58545 /* GetStatusTest.m */,
				9095D98927DE3E1E00D58545 /* GetBlockTransfersResultTest.m */,
				9096E4A827E00A4B0076E634 /* GetBlockTest.m */,
				907628AA27E0E19D00D00892 /* GetDeployTest.m */,
				90776BB627E837A2000CF3AF /* GetEraInfoBySwitchBlockTest.m */,
				909424D827E97E7500351197 /* GetItemTest.m */,
				909424DA27E9E4C500351197 /* GetDictionaryItemTest.m */,
				909424F727EA24E600351197 /* GetBalanceTest.m */,
				9094250627EA295900351197 /* GetAuctionInfoTest.m */,
				9097335427F2C553009C18BF /* Serialization_CLTypeTest.m */,
				9097335627F2C55F009C18BF /* Serialization_CLValueTest.m */,
				9075817027F7B2A000D5022F /* Serialization_ExecutableDeployItemTest.m */,
				9075817C27F869D900D5022F /* Serialization_DeployTest.m */,
			);
			path = CasperSDKObjectiveCTests;
			sourceTree = "<group>";
		};
		9095583527D8AE1A001AE414 /* Entity */ = {
			isa = PBXGroup;
			children = (
				9075817227F7B2DB00D5022F /* Serialization */,
				9092BAC827EAB8AB00CBF99F /* OtherClasses */,
				9092BAC727EAB89300CBF99F /* GetStateRootHash */,
				909424F927EA274A00351197 /* GetAuctionInfo */,
				909424F027EA22B200351197 /* GetBalance */,
				909424DC27E9E4DF00351197 /* GetDictionaryItem */,
				909424D127E974A200351197 /* GetItem */,
				90776BAC27E80245000CF3AF /* GetEraInfo */,
				90955F0D27E14BED00F0FE7A /* CLValue */,
				9076288A27E0D3CE00D00892 /* GetDeploy */,
				9096E4AA27E0846F0076E634 /* Utils */,
				9092A24927DF391B00D0361C /* GetBlock */,
				9095D97C27DE0F7200D58545 /* CommonClasses */,
				9095D97527DE0DD800D58545 /* GetBlockTransfers */,
				9079791627DCBCE100B69B4E /* GetStatus */,
				909616E527DAE4AD00F9BB95 /* GetPeerList */,
			);
			path = Entity;
			sourceTree = "<group>";
		};
		90955F0D27E14BED00F0FE7A /* CLValue */ = {
			isa = PBXGroup;
			children = (
				90955F1E27E15C7B00F0FE7A /* CLParsed */,
				90955F1A27E15B2700F0FE7A /* CLType */,
				90955F0E27E14C0100F0FE7A /* CLValue.h */,
				90955F0F27E14C0E00F0FE7A /* CLValue.m */,
			);
			path = CLValue;
			sourceTree = "<group>";
		};
		90955F1A27E15B2700F0FE7A /* CLType */ = {
			isa = PBXGroup;
			children = (
				90955F1127E14C6100F0FE7A /* CLType.h */,
				90955F1227E14C6900F0FE7A /* CLType.m */,
			);
			path = CLType;
			sourceTree = "<group>";
		};
		90955F1E27E15C7B00F0FE7A /* CLParsed */ = {
			isa = PBXGroup;
			children = (
				90955F1F27E15C9400F0FE7A /* CLParsed.h */,
				90955F2027E15CA000F0FE7A /* CLParsed.m */,
				90A8CCF327F4607400852F43 /* QuotientNRemainder.h */,
				9075817E27F8AD7400D5022F /* QuotientNRemainder.m */,
			);
			path = CLParsed;
			sourceTree = "<group>";
		};
		9095D97527DE0DD800D58545 /* GetBlockTransfers */ = {
			isa = PBXGroup;
			children = (
				9095D97627DE0E4900D58545 /* GetBlockTransfersResult.h */,
				9095D97727DE0E5000D58545 /* GetBlockTransfersResult.m */,
				9095D97927DE0F2D00D58545 /* Transfer.h */,
				9095D97A27DE0F3600D58545 /* Transfer.m */,
			);
			path = GetBlockTransfers;
			sourceTree = "<group>";
		};
		9095D97C27DE0F7200D58545 /* CommonClasses */ = {
			isa = PBXGroup;
			children = (
				9095D97D27DE0F8900D58545 /* U128Class.h */,
				9095D97E27DE0F9900D58545 /* U128Class.m */,
				9095D98027DE0FA300D58545 /* U256Class.h */,
				9095D98127DE0FAD00D58545 /* U256Class.m */,
				9095D98327DE0FB700D58545 /* U512Class.h */,
				9095D98427DE0FC000D58545 /* U512Class.m */,
				9095D98627DE110B00D58545 /* BigNumber.h */,
				9095D98727DE111500D58545 /* BigNumber.m */,
			);
			path = CommonClasses;
			sourceTree = "<group>";
		};
		909616E527DAE4AD00F9BB95 /* GetPeerList */ = {
			isa = PBXGroup;
			children = (
				907978EA27DC963E00B69B4E /* GetPeerList.h */,
				907978EB27DC963E00B69B4E /* GetPeerList.m */,
				907978EC27DC963E00B69B4E /* GetPeerResult.h */,
				907978ED27DC963E00B69B4E /* GetPeerResult.m */,
				907978EE27DC963E00B69B4E /* PeerEntry.h */,
				907978EF27DC963E00B69B4E /* PeerEntry.m */,
			);
			path = GetPeerList;
			sourceTree = "<group>";
		};
		9096E4AA27E0846F0076E634 /* Utils */ = {
			isa = PBXGroup;
			children = (
				9096E4AB27E084800076E634 /* Utils.h */,
				9096E4AC27E084890076E634 /* Utils.m */,
			);
			path = Utils;
			sourceTree = "<group>";
		};
		90CAF5B727E4A08500AAA913 /* JsonExecutionResult */ = {
			isa = PBXGroup;
			children = (
				90CAF5B827E4A45B00AAA913 /* ExecutionEffect.h */,
				90CAF5B927E4A47600AAA913 /* ExecutionEffect.m */,
				908A6A4C27E227FA00D850AD /* JsonExecutionResult.h */,
				908A6A4D27E2281B00D850AD /* JsonExecutionResult.m */,
				90CAF5BB27E4A55400AAA913 /* Operation.h */,
				90CAF5BC27E4A55A00AAA913 /* Operation.m */,
				90CAF5BE27E4A64D00AAA913 /* TransformEntry.h */,
				90CAF5BF27E4A65300AAA913 /* TransformEntry.m */,
				90CAF5C127E4AC5F00AAA913 /* TransformEnum */,
				90CAF5D127E4CFA700AAA913 /* TransformOtherObjects */,
			);
			path = JsonExecutionResult;
			sourceTree = "<group>";
		};
		90CAF5C127E4AC5F00AAA913 /* TransformEnum */ = {
			isa = PBXGroup;
			children = (
				90CAF5DB27E4D5B900AAA913 /* Transform_AddKeys.h */,
				90769BFD27E56032003552D8 /* Transform_AddKeys.m */,
				90CAF5D827E4D45D00AAA913 /* Transform_WriteBid.h */,
				90769C0327E5917B003552D8 /* Transform_WriteBid.m */,
				90CAF5C527E4C81600AAA913 /* Transform_WriteCLValue.h */,
				90CAF5C627E4C85500AAA913 /* Transform_WriteCLValue.m */,
				90CAF5CB27E4CDE500AAA913 /* Transform_WriteDeployInfo.h */,
				90CAF5CC27E4CE0600AAA913 /* Transform_WriteDeployInfo.m */,
				90CAF5D627E4D43000AAA913 /* Transform_WriteEraInfo.h */,
				9072960F27E5F90600D0DEFE /* Transform_WriteEraInfo.m */,
				90CAF5D727E4D44900AAA913 /* Transform_WriteTransfer.h */,
				9072961127E5F9BE00D0DEFE /* Transform_WriteTransfer.m */,
				90CAF5D927E4D46A00AAA913 /* Transform_WriteWithdraw.h */,
				9072961527E5FE6C00D0DEFE /* Transform_WriteWithdraw.m */,
			);
			path = TransformEnum;
			sourceTree = "<group>";
		};
		90CAF5D127E4CFA700AAA913 /* TransformOtherObjects */ = {
			isa = PBXGroup;
			children = (
				9072960527E5DC8F00D0DEFE /* Delegator.h */,
				9072960627E5DE7800D0DEFE /* Delegator.m */,
				90CAF5CE27E4CE6100AAA913 /* DeployInfo.h */,
				90CAF5CF27E4CF2C00AAA913 /* DeployInfo.m */,
				90CAF5D227E4D08A00AAA913 /* SeigniorageAllocation.h */,
				9072960D27E5EF0C00D0DEFE /* SeigniorageAllocation.m */,
				90CAF5D527E4D24A00AAA913 /* EraInfo.h */,
				9072960B27E5ED1800D0DEFE /* EraInfo.m */,
				90CAF5DC27E4D5CD00AAA913 /* NamedKey.h */,
				90769BFF27E56173003552D8 /* NamedKey.m */,
				90769C0527E59473003552D8 /* VestingSchedule.h */,
				90769C0627E5957A003552D8 /* VestingSchedule.m */,
				9072960827E5E6FE00D0DEFE /* Bid.h */,
				9072960927E5E70800D0DEFE /* Bid.m */,
				9091ABB927E6329A002A51F1 /* UnbondingPurse.h */,
				9091ABBA27E632A1002A51F1 /* UnbondingPurse.m */,
			);
			path = TransformOtherObjects;
			sourceTree = "<group>";
		};
/* End PBXGroup section */

/* Begin PBXHeadersBuildPhase section */
		9095581027D833D0001AE414 /* Headers */ = {
			isa = PBXHeadersBuildPhase;
			buildActionMask = 2147483647;
			files = (
				907978FE27DC966100B69B4E /* ConstValues.h in Headers */,
				9079790427DC966100B69B4E /* GetStateRootHash.h in Headers */,
				907978F227DC963E00B69B4E /* GetPeerResult.h in Headers */,
				9079790227DC966100B69B4E /* CasperErrorMessage.h in Headers */,
				907978F027DC963E00B69B4E /* GetPeerList.h in Headers */,
				907978F427DC963E00B69B4E /* PeerEntry.h in Headers */,
				9079790327DC966100B69B4E /* BlockIdentifier.h in Headers */,
				9079790C27DC96AA00B69B4E /* HttpHandler.h in Headers */,
			);
			runOnlyForDeploymentPostprocessing = 0;
		};
/* End PBXHeadersBuildPhase section */

/* Begin PBXNativeTarget section */
		9095581427D833D0001AE414 /* CasperSDKObjectiveC */ = {
			isa = PBXNativeTarget;
			buildConfigurationList = 9095582927D833D0001AE414 /* Build configuration list for PBXNativeTarget "CasperSDKObjectiveC" */;
			buildPhases = (
				9095581027D833D0001AE414 /* Headers */,
				9095581127D833D0001AE414 /* Sources */,
				9095581227D833D0001AE414 /* Frameworks */,
				9095581327D833D0001AE414 /* Resources */,
			);
			buildRules = (
			);
			dependencies = (
			);
			name = CasperSDKObjectiveC;
			productName = CasperSDKObjectiveC;
			productReference = 9095581527D833D0001AE414 /* CasperSDKObjectiveC.framework */;
			productType = "com.apple.product-type.framework";
		};
		9095581E27D833D0001AE414 /* CasperSDKObjectiveCTests */ = {
			isa = PBXNativeTarget;
			buildConfigurationList = 9095582C27D833D0001AE414 /* Build configuration list for PBXNativeTarget "CasperSDKObjectiveCTests" */;
			buildPhases = (
				9095581B27D833D0001AE414 /* Sources */,
				9095581C27D833D0001AE414 /* Frameworks */,
				9095581D27D833D0001AE414 /* Resources */,
			);
			buildRules = (
			);
			dependencies = (
				9095582227D833D0001AE414 /* PBXTargetDependency */,
			);
			name = CasperSDKObjectiveCTests;
			productName = CasperSDKObjectiveCTests;
			productReference = 9095581F27D833D0001AE414 /* CasperSDKObjectiveCTests.xctest */;
			productType = "com.apple.product-type.bundle.unit-test";
		};
/* End PBXNativeTarget section */

/* Begin PBXProject section */
		9095580C27D833D0001AE414 /* Project object */ = {
			isa = PBXProject;
			attributes = {
				BuildIndependentTargetsInParallel = 1;
				LastUpgradeCheck = 1300;
				TargetAttributes = {
					9095581427D833D0001AE414 = {
						CreatedOnToolsVersion = 13.0;
					};
					9095581E27D833D0001AE414 = {
						CreatedOnToolsVersion = 13.0;
					};
				};
			};
			buildConfigurationList = 9095580F27D833D0001AE414 /* Build configuration list for PBXProject "CasperSDKObjectiveC" */;
			compatibilityVersion = "Xcode 13.0";
			developmentRegion = en;
			hasScannedForEncodings = 0;
			knownRegions = (
				en,
				Base,
			);
			mainGroup = 9095580B27D833D0001AE414;
			productRefGroup = 9095581627D833D0001AE414 /* Products */;
			projectDirPath = "";
			projectRoot = "";
			targets = (
				9095581427D833D0001AE414 /* CasperSDKObjectiveC */,
				9095581E27D833D0001AE414 /* CasperSDKObjectiveCTests */,
			);
		};
/* End PBXProject section */

/* Begin PBXResourcesBuildPhase section */
		9095581327D833D0001AE414 /* Resources */ = {
			isa = PBXResourcesBuildPhase;
			buildActionMask = 2147483647;
			files = (
			);
			runOnlyForDeploymentPostprocessing = 0;
		};
		9095581D27D833D0001AE414 /* Resources */ = {
			isa = PBXResourcesBuildPhase;
			buildActionMask = 2147483647;
			files = (
			);
			runOnlyForDeploymentPostprocessing = 0;
		};
/* End PBXResourcesBuildPhase section */

/* Begin PBXSourcesBuildPhase section */
		9095581127D833D0001AE414 /* Sources */ = {
			isa = PBXSourcesBuildPhase;
			buildActionMask = 2147483647;
			files = (
				90776BAF27E80277000CF3AF /* GetEraInfoResult.m in Sources */,
				9075817B27F8619B00D5022F /* DeploySerialize.m in Sources */,
				9091ABBB27E632A1002A51F1 /* UnbondingPurse.m in Sources */,
				908A6A4E27E2281B00D850AD /* JsonExecutionResult.m in Sources */,
				9089363027E86D600075035F /* Account.m in Sources */,
				9097335027F2BDF3009C18BF /* CLParseSerializeHelper.m in Sources */,
				909424E627E9E9D300351197 /* DictionaryIdentifier_ContractNamedKey.m in Sources */,
				90955F1327E14C6900F0FE7A /* CLType.m in Sources */,
				90776BB527E80392000CF3AF /* StoredValue.m in Sources */,
				90769C0727E5957A003552D8 /* VestingSchedule.m in Sources */,
				9075817527F7B36B00D5022F /* ExecutableDeployItemSerializationHelper.m in Sources */,
				9095D98827DE111500D58545 /* BigNumber.m in Sources */,
				907628A327E0DA2E00D00892 /* ExecutableDeployItem_StoredVersionedContractByName.m in Sources */,
				9089363F27E88E670075035F /* Groups.m in Sources */,
				9075817F27F8AD7400D5022F /* QuotientNRemainder.m in Sources */,
				9092A25827DF3BAC00D0361C /* JsonEraReport.m in Sources */,
				907978F527DC963E00B69B4E /* PeerEntry.m in Sources */,
				909424FC27EA275E00351197 /* GetAuctionInfoResult.m in Sources */,
				90CAF5BA27E4A47600AAA913 /* ExecutionEffect.m in Sources */,
				9079790127DC966100B69B4E /* ConstValues.m in Sources */,
				9092A24C27DF393B00D0361C /* GetBlockResult.m in Sources */,
				9089364B27E8B2080075035F /* EntryPointAccess.m in Sources */,
				9075817827F7B97E00D5022F /* CLTypeSerializeHelper.m in Sources */,
				909424F327EA22C500351197 /* GetBalanceParams.m in Sources */,
				90CAF5D027E4CF2C00AAA913 /* DeployInfo.m in Sources */,
				9092A24F27DF398700D0361C /* JsonBlock.m in Sources */,
				9094250227EA284200351197 /* JsonEraValidators.m in Sources */,
				9076289727E0D75400D00892 /* ExecutableDeployItem_ModuleBytes.m in Sources */,
				909424E327E9E95F00351197 /* DictionaryIdentifier_AccountNamedKey.m in Sources */,
				907628A027E0D9E200D00892 /* ExecutableDeployItem_StoredVersionedContractByHash.m in Sources */,
				9079791927DCBD0900B69B4E /* GetStatusResult.m in Sources */,
				9092A26127DF3FED00D0361C /* ValidatorWeight.m in Sources */,
				9076289027E0D43B00D00892 /* Deploy.m in Sources */,
				90955F1027E14C0E00F0FE7A /* CLValue.m in Sources */,
				90769C0027E56173003552D8 /* NamedKey.m in Sources */,
				9092A26427DF450C00D0361C /* Reward.m in Sources */,
				9089363C27E889F60075035F /* DisabledVersion.m in Sources */,
				9089364227E890980075035F /* ContractVersion.m in Sources */,
				90CAF5BD27E4A55A00AAA913 /* Operation.m in Sources */,
				90769C0427E5917B003552D8 /* Transform_WriteBid.m in Sources */,
				90CAF5CD27E4CE0600AAA913 /* Transform_WriteDeployInfo.m in Sources */,
				9072960727E5DE7800D0DEFE /* Delegator.m in Sources */,
				909424FF27EA27A000351197 /* AuctionState.m in Sources */,
				9072960A27E5E70800D0DEFE /* Bid.m in Sources */,
				90CAF5C027E4A65300AAA913 /* TransformEntry.m in Sources */,
				908A6A5727E22BD600D850AD /* ExecutableDeployItem.m in Sources */,
				907978F127DC963E00B69B4E /* GetPeerList.m in Sources */,
				909424EC27E9EAD100351197 /* DictionaryIdentifier_Dictionary.m in Sources */,
				909424D727E974F200351197 /* GetItemResult.m in Sources */,
				9072960E27E5EF0C00D0DEFE /* SeigniorageAllocation.m in Sources */,
				9076289D27E0D98500D00892 /* ExecutableDeployItem_StoredContractByName.m in Sources */,
				9095D97827DE0E5000D58545 /* GetBlockTransfersResult.m in Sources */,
				9092A25B27DF3C7300D0361C /* JsonBlockBody.m in Sources */,
				9076289327E0D53500D00892 /* DeployHeader.m in Sources */,
				9092A25227DF3A6100D0361C /* JsonBlockHeader.m in Sources */,
				9072961627E5FE6C00D0DEFE /* Transform_WriteWithdraw.m in Sources */,
				909424EF27E9F1CF00351197 /* GetDictionaryItemResult.m in Sources */,
				9095D96F27DDF2CA00D58545 /* ActivationPoint.m in Sources */,
				90776BB227E802CB000CF3AF /* EraSummary.m in Sources */,
				90769BFE27E56032003552D8 /* Transform_AddKeys.m in Sources */,
				9089363627E86FAA0075035F /* AssociatedKey.m in Sources */,
				9092A25E27DF3CD900D0361C /* JsonProof.m in Sources */,
				9095D97F27DE0F9900D58545 /* U128Class.m in Sources */,
				908A6A5A27E23A9600D850AD /* GetDeployParams.m in Sources */,
				9072960C27E5ED1800D0DEFE /* EraInfo.m in Sources */,
				9079790A27DC96AA00B69B4E /* HttpHandler.m in Sources */,
				907978FF27DC966100B69B4E /* CasperErrorMessage.m in Sources */,
				9096E4AD27E084890076E634 /* Utils.m in Sources */,
				9089364527E895BC0075035F /* Contract.m in Sources */,
				9095D97227DDF59400D58545 /* NextUpgrade.m in Sources */,
				907628A627E0DAF300D00892 /* ExecutableDeployItem_Transfer.m in Sources */,
				9095D98227DE0FAD00D58545 /* U256Class.m in Sources */,
				909424F627EA23AF00351197 /* GetBalanceResult.m in Sources */,
				909424E927E9EA2B00351197 /* DictionaryIdentifier_URef.m in Sources */,
				9089363327E86F480075035F /* ActionThresholds.m in Sources */,
				9092A25527DF3B5500D0361C /* JsonEraEnd.m in Sources */,
				909424D427E974CC00351197 /* GetItemParams.m in Sources */,
				9072961227E5F9BE00D0DEFE /* Transform_WriteTransfer.m in Sources */,
				9089363927E87B6D0075035F /* ContractPackage.m in Sources */,
				9076288D27E0D3F200D00892 /* GetDeployResult.m in Sources */,
				908E6D3627E2D8F9003C17CC /* RuntimeArgs.m in Sources */,
				907628A927E0DE3300D00892 /* NamedArg.m in Sources */,
				9089364E27E8B7850075035F /* Parameter.m in Sources */,
				9095D98527DE0FC000D58545 /* U512Class.m in Sources */,
				90CAF5C727E4C85500AAA913 /* Transform_WriteCLValue.m in Sources */,
				9089364827E8B0D10075035F /* EntryPoint.m in Sources */,
				907978F327DC963E00B69B4E /* GetPeerResult.m in Sources */,
				9094250527EA28CE00351197 /* JsonValidatorWeights.m in Sources */,
				9095D97B27DE0F3600D58545 /* Transfer.m in Sources */,
				9095581A27D833D0001AE414 /* CasperSDKObjectiveC.docc in Sources */,
				9079790527DC966100B69B4E /* GetStateRootHash.m in Sources */,
				9076289A27E0D90200D00892 /* ExecutableDeployItem_StoredContractByHash.m in Sources */,
				90955F2127E15CA000F0FE7A /* CLParsed.m in Sources */,
				9095D96C27DDEE7A00D58545 /* MinimalBlockInfo.m in Sources */,
				9097335327F2C1EA009C18BF /* NumberSerialize.m in Sources */,
				909424DF27E9E4F300351197 /* GetDictionaryItemParams.m in Sources */,
				9072961027E5F90600D0DEFE /* Transform_WriteEraInfo.m in Sources */,
				9079790027DC966100B69B4E /* BlockIdentifider.m in Sources */,
			);
			runOnlyForDeploymentPostprocessing = 0;
		};
		9095581B27D833D0001AE414 /* Sources */ = {
			isa = PBXSourcesBuildPhase;
			buildActionMask = 2147483647;
			files = (
				909424D927E97E7500351197 /* GetItemTest.m in Sources */,
				909424DB27E9E4C500351197 /* GetDictionaryItemTest.m in Sources */,
				909424F827EA24E600351197 /* GetBalanceTest.m in Sources */,
				9079791527DCB1CE00B69B4E /* GetPeerResultTest.m in Sources */,
				9095D97427DDFB0400D58545 /* GetStatusTest.m in Sources */,
				9075817127F7B2A000D5022F /* Serialization_ExecutableDeployItemTest.m in Sources */,
				9079791027DC96BB00B69B4E /* GetStateRootHashTest.m in Sources */,
				90776BB727E837A2000CF3AF /* GetEraInfoBySwitchBlockTest.m in Sources */,
				9075817D27F869D900D5022F /* Serialization_DeployTest.m in Sources */,
				9097335727F2C55F009C18BF /* Serialization_CLValueTest.m in Sources */,
				9096E4A927E00A4B0076E634 /* GetBlockTest.m in Sources */,
				907628AB27E0E19D00D00892 /* GetDeployTest.m in Sources */,
				9094250727EA295900351197 /* GetAuctionInfoTest.m in Sources */,
				9095D98A27DE3E1E00D58545 /* GetBlockTransfersResultTest.m in Sources */,
				9097335527F2C553009C18BF /* Serialization_CLTypeTest.m in Sources */,
			);
			runOnlyForDeploymentPostprocessing = 0;
		};
/* End PBXSourcesBuildPhase section */

/* Begin PBXTargetDependency section */
		9095582227D833D0001AE414 /* PBXTargetDependency */ = {
			isa = PBXTargetDependency;
			target = 9095581427D833D0001AE414 /* CasperSDKObjectiveC */;
			targetProxy = 9095582127D833D0001AE414 /* PBXContainerItemProxy */;
		};
/* End PBXTargetDependency section */

/* Begin XCBuildConfiguration section */
		9095582727D833D0001AE414 /* Debug */ = {
			isa = XCBuildConfiguration;
			buildSettings = {
				ALWAYS_SEARCH_USER_PATHS = NO;
				CLANG_ANALYZER_NONNULL = YES;
				CLANG_ANALYZER_NUMBER_OBJECT_CONVERSION = YES_AGGRESSIVE;
				CLANG_CXX_LANGUAGE_STANDARD = "gnu++17";
				CLANG_CXX_LIBRARY = "libc++";
				CLANG_ENABLE_MODULES = YES;
				CLANG_ENABLE_OBJC_ARC = YES;
				CLANG_ENABLE_OBJC_WEAK = YES;
				CLANG_WARN_BLOCK_CAPTURE_AUTORELEASING = YES;
				CLANG_WARN_BOOL_CONVERSION = YES;
				CLANG_WARN_COMMA = YES;
				CLANG_WARN_CONSTANT_CONVERSION = YES;
				CLANG_WARN_DEPRECATED_OBJC_IMPLEMENTATIONS = YES;
				CLANG_WARN_DIRECT_OBJC_ISA_USAGE = YES_ERROR;
				CLANG_WARN_DOCUMENTATION_COMMENTS = YES;
				CLANG_WARN_EMPTY_BODY = YES;
				CLANG_WARN_ENUM_CONVERSION = YES;
				CLANG_WARN_INFINITE_RECURSION = YES;
				CLANG_WARN_INT_CONVERSION = YES;
				CLANG_WARN_NON_LITERAL_NULL_CONVERSION = YES;
				CLANG_WARN_OBJC_IMPLICIT_RETAIN_SELF = YES;
				CLANG_WARN_OBJC_LITERAL_CONVERSION = YES;
				CLANG_WARN_OBJC_ROOT_CLASS = YES_ERROR;
				CLANG_WARN_QUOTED_INCLUDE_IN_FRAMEWORK_HEADER = YES;
				CLANG_WARN_RANGE_LOOP_ANALYSIS = YES;
				CLANG_WARN_STRICT_PROTOTYPES = YES;
				CLANG_WARN_SUSPICIOUS_MOVE = YES;
				CLANG_WARN_UNGUARDED_AVAILABILITY = YES_AGGRESSIVE;
				CLANG_WARN_UNREACHABLE_CODE = YES;
				CLANG_WARN__DUPLICATE_METHOD_MATCH = YES;
				COPY_PHASE_STRIP = NO;
				CURRENT_PROJECT_VERSION = 1;
				DEBUG_INFORMATION_FORMAT = dwarf;
				ENABLE_STRICT_OBJC_MSGSEND = YES;
				ENABLE_TESTABILITY = YES;
				GCC_C_LANGUAGE_STANDARD = gnu11;
				GCC_DYNAMIC_NO_PIC = NO;
				GCC_NO_COMMON_BLOCKS = YES;
				GCC_OPTIMIZATION_LEVEL = 0;
				GCC_PREPROCESSOR_DEFINITIONS = (
					"DEBUG=1",
					"$(inherited)",
				);
				GCC_WARN_64_TO_32_BIT_CONVERSION = YES;
				GCC_WARN_ABOUT_RETURN_TYPE = YES_ERROR;
				GCC_WARN_UNDECLARED_SELECTOR = YES;
				GCC_WARN_UNINITIALIZED_AUTOS = YES_AGGRESSIVE;
				GCC_WARN_UNUSED_FUNCTION = YES;
				GCC_WARN_UNUSED_VARIABLE = YES;
				IPHONEOS_DEPLOYMENT_TARGET = 12.0;
				MTL_ENABLE_DEBUG_INFO = INCLUDE_SOURCE;
				MTL_FAST_MATH = YES;
				ONLY_ACTIVE_ARCH = YES;
				SDKROOT = iphoneos;
				VERSIONING_SYSTEM = "apple-generic";
				VERSION_INFO_PREFIX = "";
			};
			name = Debug;
		};
		9095582827D833D0001AE414 /* Release */ = {
			isa = XCBuildConfiguration;
			buildSettings = {
				ALWAYS_SEARCH_USER_PATHS = NO;
				CLANG_ANALYZER_NONNULL = YES;
				CLANG_ANALYZER_NUMBER_OBJECT_CONVERSION = YES_AGGRESSIVE;
				CLANG_CXX_LANGUAGE_STANDARD = "gnu++17";
				CLANG_CXX_LIBRARY = "libc++";
				CLANG_ENABLE_MODULES = YES;
				CLANG_ENABLE_OBJC_ARC = YES;
				CLANG_ENABLE_OBJC_WEAK = YES;
				CLANG_WARN_BLOCK_CAPTURE_AUTORELEASING = YES;
				CLANG_WARN_BOOL_CONVERSION = YES;
				CLANG_WARN_COMMA = YES;
				CLANG_WARN_CONSTANT_CONVERSION = YES;
				CLANG_WARN_DEPRECATED_OBJC_IMPLEMENTATIONS = YES;
				CLANG_WARN_DIRECT_OBJC_ISA_USAGE = YES_ERROR;
				CLANG_WARN_DOCUMENTATION_COMMENTS = YES;
				CLANG_WARN_EMPTY_BODY = YES;
				CLANG_WARN_ENUM_CONVERSION = YES;
				CLANG_WARN_INFINITE_RECURSION = YES;
				CLANG_WARN_INT_CONVERSION = YES;
				CLANG_WARN_NON_LITERAL_NULL_CONVERSION = YES;
				CLANG_WARN_OBJC_IMPLICIT_RETAIN_SELF = YES;
				CLANG_WARN_OBJC_LITERAL_CONVERSION = YES;
				CLANG_WARN_OBJC_ROOT_CLASS = YES_ERROR;
				CLANG_WARN_QUOTED_INCLUDE_IN_FRAMEWORK_HEADER = YES;
				CLANG_WARN_RANGE_LOOP_ANALYSIS = YES;
				CLANG_WARN_STRICT_PROTOTYPES = YES;
				CLANG_WARN_SUSPICIOUS_MOVE = YES;
				CLANG_WARN_UNGUARDED_AVAILABILITY = YES_AGGRESSIVE;
				CLANG_WARN_UNREACHABLE_CODE = YES;
				CLANG_WARN__DUPLICATE_METHOD_MATCH = YES;
				COPY_PHASE_STRIP = NO;
				CURRENT_PROJECT_VERSION = 1;
				DEBUG_INFORMATION_FORMAT = "dwarf-with-dsym";
				ENABLE_NS_ASSERTIONS = NO;
				ENABLE_STRICT_OBJC_MSGSEND = YES;
				GCC_C_LANGUAGE_STANDARD = gnu11;
				GCC_NO_COMMON_BLOCKS = YES;
				GCC_WARN_64_TO_32_BIT_CONVERSION = YES;
				GCC_WARN_ABOUT_RETURN_TYPE = YES_ERROR;
				GCC_WARN_UNDECLARED_SELECTOR = YES;
				GCC_WARN_UNINITIALIZED_AUTOS = YES_AGGRESSIVE;
				GCC_WARN_UNUSED_FUNCTION = YES;
				GCC_WARN_UNUSED_VARIABLE = YES;
				IPHONEOS_DEPLOYMENT_TARGET = 12.0;
				MTL_ENABLE_DEBUG_INFO = NO;
				MTL_FAST_MATH = YES;
				SDKROOT = iphoneos;
				VALIDATE_PRODUCT = YES;
				VERSIONING_SYSTEM = "apple-generic";
				VERSION_INFO_PREFIX = "";
			};
			name = Release;
		};
		9095582A27D833D0001AE414 /* Debug */ = {
			isa = XCBuildConfiguration;
			buildSettings = {
				CODE_SIGN_IDENTITY = "Apple Development";
				"CODE_SIGN_IDENTITY[sdk=macosx*]" = "-";
				CODE_SIGN_STYLE = Manual;
				CURRENT_PROJECT_VERSION = 1;
				DEFINES_MODULE = YES;
				DEVELOPMENT_TEAM = "";
				DYLIB_COMPATIBILITY_VERSION = 1;
				DYLIB_CURRENT_VERSION = 1;
				DYLIB_INSTALL_NAME_BASE = "@rpath";
				GENERATE_INFOPLIST_FILE = YES;
				INFOPLIST_KEY_NSHumanReadableCopyright = "";
				INSTALL_PATH = "$(LOCAL_LIBRARY_DIR)/Frameworks";
				IPHONEOS_DEPLOYMENT_TARGET = 12.0;
				"IPHONEOS_DEPLOYMENT_TARGET[sdk=macosx*]" = 12.0;
				LD_RUNPATH_SEARCH_PATHS = (
					"$(inherited)",
					"@executable_path/Frameworks",
					"@loader_path/Frameworks",
				);
				MACOSX_DEPLOYMENT_TARGET = 10.15;
				MARKETING_VERSION = 1.0;
				PRODUCT_BUNDLE_IDENTIFIER = com.caspersdk.CasperSDKObjectiveC;
				"PRODUCT_BUNDLE_IDENTIFIER[sdk=macosx*]" = "";
				PRODUCT_NAME = "$(TARGET_NAME:c99extidentifier)";
				PROVISIONING_PROFILE_SPECIFIER = "";
				"PROVISIONING_PROFILE_SPECIFIER[sdk=macosx*]" = "";
				SKIP_INSTALL = YES;
				SUPPORTS_MACCATALYST = YES;
				SUPPORTS_MAC_DESIGNED_FOR_IPHONE_IPAD = NO;
				SWIFT_EMIT_LOC_STRINGS = YES;
				TARGETED_DEVICE_FAMILY = "1,2,6";
			};
			name = Debug;
		};
		9095582B27D833D0001AE414 /* Release */ = {
			isa = XCBuildConfiguration;
			buildSettings = {
				CODE_SIGN_IDENTITY = "Apple Development";
				"CODE_SIGN_IDENTITY[sdk=macosx*]" = "-";
				CODE_SIGN_STYLE = Manual;
				CURRENT_PROJECT_VERSION = 1;
				DEFINES_MODULE = YES;
				DEVELOPMENT_TEAM = "";
				DYLIB_COMPATIBILITY_VERSION = 1;
				DYLIB_CURRENT_VERSION = 1;
				DYLIB_INSTALL_NAME_BASE = "@rpath";
				GENERATE_INFOPLIST_FILE = YES;
				INFOPLIST_KEY_NSHumanReadableCopyright = "";
				INSTALL_PATH = "$(LOCAL_LIBRARY_DIR)/Frameworks";
				IPHONEOS_DEPLOYMENT_TARGET = 12.0;
				"IPHONEOS_DEPLOYMENT_TARGET[sdk=macosx*]" = 12.0;
				LD_RUNPATH_SEARCH_PATHS = (
					"$(inherited)",
					"@executable_path/Frameworks",
					"@loader_path/Frameworks",
				);
				MACOSX_DEPLOYMENT_TARGET = 10.15;
				MARKETING_VERSION = 1.0;
				PRODUCT_BUNDLE_IDENTIFIER = com.caspersdk.CasperSDKObjectiveC;
				"PRODUCT_BUNDLE_IDENTIFIER[sdk=macosx*]" = "";
				PRODUCT_NAME = "$(TARGET_NAME:c99extidentifier)";
				PROVISIONING_PROFILE_SPECIFIER = "";
				"PROVISIONING_PROFILE_SPECIFIER[sdk=macosx*]" = "";
				SKIP_INSTALL = YES;
				SUPPORTS_MACCATALYST = YES;
				SUPPORTS_MAC_DESIGNED_FOR_IPHONE_IPAD = NO;
				SWIFT_EMIT_LOC_STRINGS = YES;
				TARGETED_DEVICE_FAMILY = "1,2,6";
			};
			name = Release;
		};
		9095582D27D833D0001AE414 /* Debug */ = {
			isa = XCBuildConfiguration;
			buildSettings = {
				CODE_SIGN_IDENTITY = "Apple Development";
				"CODE_SIGN_IDENTITY[sdk=macosx*]" = "-";
				CODE_SIGN_STYLE = Manual;
				CURRENT_PROJECT_VERSION = 1;
				DEVELOPMENT_TEAM = "";
				GENERATE_INFOPLIST_FILE = YES;
				LD_RUNPATH_SEARCH_PATHS = (
					"$(inherited)",
					"@executable_path/Frameworks",
					"@loader_path/Frameworks",
				);
				MACOSX_DEPLOYMENT_TARGET = 10.15;
				MARKETING_VERSION = 1.0;
				PRODUCT_BUNDLE_IDENTIFIER = com.caspersdk.CasperSDKObjectiveCTests;
				"PRODUCT_BUNDLE_IDENTIFIER[sdk=macosx*]" = "";
				PRODUCT_NAME = "$(TARGET_NAME)";
				PROVISIONING_PROFILE_SPECIFIER = "";
				"PROVISIONING_PROFILE_SPECIFIER[sdk=macosx*]" = "";
				SWIFT_EMIT_LOC_STRINGS = NO;
				TARGETED_DEVICE_FAMILY = "1,2";
			};
			name = Debug;
		};
		9095582E27D833D0001AE414 /* Release */ = {
			isa = XCBuildConfiguration;
			buildSettings = {
				CODE_SIGN_IDENTITY = "Apple Development";
				"CODE_SIGN_IDENTITY[sdk=macosx*]" = "-";
				CODE_SIGN_STYLE = Manual;
				CURRENT_PROJECT_VERSION = 1;
				DEVELOPMENT_TEAM = "";
				GENERATE_INFOPLIST_FILE = YES;
				LD_RUNPATH_SEARCH_PATHS = (
					"$(inherited)",
					"@executable_path/Frameworks",
					"@loader_path/Frameworks",
				);
				MACOSX_DEPLOYMENT_TARGET = 10.15;
				MARKETING_VERSION = 1.0;
				PRODUCT_BUNDLE_IDENTIFIER = com.caspersdk.CasperSDKObjectiveCTests;
				"PRODUCT_BUNDLE_IDENTIFIER[sdk=macosx*]" = "";
				PRODUCT_NAME = "$(TARGET_NAME)";
				PROVISIONING_PROFILE_SPECIFIER = "";
				"PROVISIONING_PROFILE_SPECIFIER[sdk=macosx*]" = "";
				SWIFT_EMIT_LOC_STRINGS = NO;
				TARGETED_DEVICE_FAMILY = "1,2";
			};
			name = Release;
		};
/* End XCBuildConfiguration section */

/* Begin XCConfigurationList section */
		9095580F27D833D0001AE414 /* Build configuration list for PBXProject "CasperSDKObjectiveC" */ = {
			isa = XCConfigurationList;
			buildConfigurations = (
				9095582727D833D0001AE414 /* Debug */,
				9095582827D833D0001AE414 /* Release */,
			);
			defaultConfigurationIsVisible = 0;
			defaultConfigurationName = Release;
		};
		9095582927D833D0001AE414 /* Build configuration list for PBXNativeTarget "CasperSDKObjectiveC" */ = {
			isa = XCConfigurationList;
			buildConfigurations = (
				9095582A27D833D0001AE414 /* Debug */,
				9095582B27D833D0001AE414 /* Release */,
			);
			defaultConfigurationIsVisible = 0;
			defaultConfigurationName = Release;
		};
		9095582C27D833D0001AE414 /* Build configuration list for PBXNativeTarget "CasperSDKObjectiveCTests" */ = {
			isa = XCConfigurationList;
			buildConfigurations = (
				9095582D27D833D0001AE414 /* Debug */,
				9095582E27D833D0001AE414 /* Release */,
			);
			defaultConfigurationIsVisible = 0;
			defaultConfigurationName = Release;
		};
/* End XCConfigurationList section */
	};
	rootObject = 9095580C27D833D0001AE414 /* Project object */;
}
